// !$*UTF8*$!
{
	archiveVersion = 1;
	classes = {
	};
	objectVersion = 46;
	objects = {

/* Begin PBXBuildFile section */
		4AA4281818F93AA0005296ED /* HTTPResponseProxy.m in Sources */ = {isa = PBXBuildFile; fileRef = 4AA427E018F93AA0005296ED /* HTTPResponseProxy.m */; };
		4AA4281918F93AA0005296ED /* Route.m in Sources */ = {isa = PBXBuildFile; fileRef = 4AA427E218F93AA0005296ED /* Route.m */; };
		4AA4281A18F93AA0005296ED /* RouteRequest.m in Sources */ = {isa = PBXBuildFile; fileRef = 4AA427E418F93AA0005296ED /* RouteRequest.m */; };
		4AA4281B18F93AA0005296ED /* RouteResponse.m in Sources */ = {isa = PBXBuildFile; fileRef = 4AA427E618F93AA0005296ED /* RouteResponse.m */; };
		4AA4281C18F93AA0005296ED /* RoutingConnection.m in Sources */ = {isa = PBXBuildFile; fileRef = 4AA427E818F93AA0005296ED /* RoutingConnection.m */; };
		4AA4281D18F93AA0005296ED /* RoutingHTTPServer.m in Sources */ = {isa = PBXBuildFile; fileRef = 4AA427EA18F93AA0005296ED /* RoutingHTTPServer.m */; };
		4AA4281E18F93AA0005296ED /* HTTPAuthenticationRequest.m in Sources */ = {isa = PBXBuildFile; fileRef = 4AA427ED18F93AA0005296ED /* HTTPAuthenticationRequest.m */; };
		4AA4281F18F93AA0005296ED /* HTTPServer.m in Sources */ = {isa = PBXBuildFile; fileRef = 4AA427EF18F93AA0005296ED /* HTTPServer.m */; };
		4AA4282018F93AA0005296ED /* HTTPConnection.m in Sources */ = {isa = PBXBuildFile; fileRef = 4AA427F118F93AA0005296ED /* HTTPConnection.m */; };
		4AA4282118F93AA0005296ED /* HTTPMessage.m in Sources */ = {isa = PBXBuildFile; fileRef = 4AA427F318F93AA0005296ED /* HTTPMessage.m */; };
		4AA4282218F93AA0005296ED /* WebSocket.m in Sources */ = {isa = PBXBuildFile; fileRef = 4AA427F618F93AA0005296ED /* WebSocket.m */; };
		4AA4282318F93AA0005296ED /* DDData.m in Sources */ = {isa = PBXBuildFile; fileRef = 4AA427F818F93AA0005296ED /* DDData.m */; };
		4AA4282418F93AA0005296ED /* DDNumber.m in Sources */ = {isa = PBXBuildFile; fileRef = 4AA427FA18F93AA0005296ED /* DDNumber.m */; };
		4AA4282518F93AA0005296ED /* DDRange.m in Sources */ = {isa = PBXBuildFile; fileRef = 4AA427FC18F93AA0005296ED /* DDRange.m */; };
		4AA4282618F93AA0005296ED /* HTTPAsyncFileResponse.m in Sources */ = {isa = PBXBuildFile; fileRef = 4AA427FE18F93AA0005296ED /* HTTPAsyncFileResponse.m */; };
		4AA4282718F93AA0005296ED /* HTTPDataResponse.m in Sources */ = {isa = PBXBuildFile; fileRef = 4AA4280018F93AA0005296ED /* HTTPDataResponse.m */; };
		4AA4282818F93AA0005296ED /* HTTPDynamicFileResponse.m in Sources */ = {isa = PBXBuildFile; fileRef = 4AA4280218F93AA0005296ED /* HTTPDynamicFileResponse.m */; };
		4AA4282918F93AA0005296ED /* HTTPFileResponse.m in Sources */ = {isa = PBXBuildFile; fileRef = 4AA4280418F93AA0005296ED /* HTTPFileResponse.m */; };
		4AA4282A18F93AA0005296ED /* HTTPRedirectResponse.m in Sources */ = {isa = PBXBuildFile; fileRef = 4AA4280618F93AA0005296ED /* HTTPRedirectResponse.m */; };
		4AA4282B18F93AA0005296ED /* GCDAsyncSocket.m in Sources */ = {isa = PBXBuildFile; fileRef = 4AA4280818F93AA0005296ED /* GCDAsyncSocket.m */; };
		4AA4282C18F93AA0005296ED /* DDLog.m in Sources */ = {isa = PBXBuildFile; fileRef = 4AA4280A18F93AA0005296ED /* DDLog.m */; };
		4AA4282D18F93AA0005296ED /* DDASLLogger.m in Sources */ = {isa = PBXBuildFile; fileRef = 4AA4280C18F93AA0005296ED /* DDASLLogger.m */; };
		4AA4282E18F93AA0005296ED /* DDTTYLogger.m in Sources */ = {isa = PBXBuildFile; fileRef = 4AA4280E18F93AA0005296ED /* DDTTYLogger.m */; };
		4AA4282F18F93AA0005296ED /* DDFileLogger.m in Sources */ = {isa = PBXBuildFile; fileRef = 4AA4281018F93AA0005296ED /* DDFileLogger.m */; };
		4AA4283018F93AA0005296ED /* DDAbstractDatabaseLogger.m in Sources */ = {isa = PBXBuildFile; fileRef = 4AA4281218F93AA0005296ED /* DDAbstractDatabaseLogger.m */; };
		4AA4283118F93AA0005296ED /* ContextFilterLogFormatter.m in Sources */ = {isa = PBXBuildFile; fileRef = 4AA4281418F93AA0005296ED /* ContextFilterLogFormatter.m */; };
		4AA4283218F93AA0005296ED /* DispatchQueueLogFormatter.m in Sources */ = {isa = PBXBuildFile; fileRef = 4AA4281618F93AA0005296ED /* DispatchQueueLogFormatter.m */; };
		4AA4283318F93AA0005296ED /* README.txt in Resources */ = {isa = PBXBuildFile; fileRef = 4AA4281718F93AA0005296ED /* README.txt */; };
		4AA74F0E18EBF8C5004D13C7 /* Foundation.framework in Frameworks */ = {isa = PBXBuildFile; fileRef = 4AA74F0D18EBF8C5004D13C7 /* Foundation.framework */; };
		4AA74F1018EBF8C5004D13C7 /* CoreGraphics.framework in Frameworks */ = {isa = PBXBuildFile; fileRef = 4AA74F0F18EBF8C5004D13C7 /* CoreGraphics.framework */; };
		4AA74F1218EBF8C5004D13C7 /* UIKit.framework in Frameworks */ = {isa = PBXBuildFile; fileRef = 4AA74F1118EBF8C5004D13C7 /* UIKit.framework */; };
		4AA74F1818EBF8C5004D13C7 /* InfoPlist.strings in Resources */ = {isa = PBXBuildFile; fileRef = 4AA74F1618EBF8C5004D13C7 /* InfoPlist.strings */; };
		4AA74F1A18EBF8C5004D13C7 /* main.m in Sources */ = {isa = PBXBuildFile; fileRef = 4AA74F1918EBF8C5004D13C7 /* main.m */; };
		4AA74F1E18EBF8C5004D13C7 /* VLAppDelegate.m in Sources */ = {isa = PBXBuildFile; fileRef = 4AA74F1D18EBF8C5004D13C7 /* VLAppDelegate.m */; };
		4AA74F2118EBF8C5004D13C7 /* Main_iPhone.storyboard in Resources */ = {isa = PBXBuildFile; fileRef = 4AA74F1F18EBF8C5004D13C7 /* Main_iPhone.storyboard */; };
		4AA74F2418EBF8C5004D13C7 /* Main_iPad.storyboard in Resources */ = {isa = PBXBuildFile; fileRef = 4AA74F2218EBF8C5004D13C7 /* Main_iPad.storyboard */; };
		4AA74F2718EBF8C5004D13C7 /* VLViewController.m in Sources */ = {isa = PBXBuildFile; fileRef = 4AA74F2618EBF8C5004D13C7 /* VLViewController.m */; };
		4AA74F2918EBF8C5004D13C7 /* Images.xcassets in Resources */ = {isa = PBXBuildFile; fileRef = 4AA74F2818EBF8C5004D13C7 /* Images.xcassets */; };
		4AA74F3018EBF8C6004D13C7 /* XCTest.framework in Frameworks */ = {isa = PBXBuildFile; fileRef = 4AA74F2F18EBF8C6004D13C7 /* XCTest.framework */; };
		4AA74F3118EBF8C6004D13C7 /* Foundation.framework in Frameworks */ = {isa = PBXBuildFile; fileRef = 4AA74F0D18EBF8C5004D13C7 /* Foundation.framework */; };
		4AA74F3218EBF8C6004D13C7 /* UIKit.framework in Frameworks */ = {isa = PBXBuildFile; fileRef = 4AA74F1118EBF8C5004D13C7 /* UIKit.framework */; };
		4AA74F3A18EBF8C6004D13C7 /* InfoPlist.strings in Resources */ = {isa = PBXBuildFile; fileRef = 4AA74F3818EBF8C6004D13C7 /* InfoPlist.strings */; };
		4AA74F3C18EBF8C6004D13C7 /* DataBindingTests.m in Sources */ = {isa = PBXBuildFile; fileRef = 4AA74F3B18EBF8C6004D13C7 /* DataBindingTests.m */; };
		4AA74F4718EC1754004D13C7 /* DejalActivityView.m in Sources */ = {isa = PBXBuildFile; fileRef = 4AA74F4618EC1754004D13C7 /* DejalActivityView.m */; };
		4AA74F4A18EC2068004D13C7 /* VLMultiButtonViewController.m in Sources */ = {isa = PBXBuildFile; fileRef = 4AA74F4918EC2068004D13C7 /* VLMultiButtonViewController.m */; };
		4AA74F4D18EC2128004D13C7 /* WaitOperation.m in Sources */ = {isa = PBXBuildFile; fileRef = 4AA74F4C18EC2128004D13C7 /* WaitOperation.m */; };
		4AA74F5018EC3988004D13C7 /* VLFetchDataViewController.m in Sources */ = {isa = PBXBuildFile; fileRef = 4AA74F4F18EC3988004D13C7 /* VLFetchDataViewController.m */; };
		4AA74F5318EC3ABF004D13C7 /* VLTableViewController.m in Sources */ = {isa = PBXBuildFile; fileRef = 4AA74F5218EC3ABF004D13C7 /* VLTableViewController.m */; };
		4AA74F5618EC3B3A004D13C7 /* UIView+VLPropertyBinding.m in Sources */ = {isa = PBXBuildFile; fileRef = 4AA74F5518EC3B3A004D13C7 /* UIView+VLPropertyBinding.m */; };
		4AA74F5918EC3B6C004D13C7 /* UITableViewCell+contentData.m in Sources */ = {isa = PBXBuildFile; fileRef = 4AA74F5818EC3B6C004D13C7 /* UITableViewCell+contentData.m */; };
		4AA74F5D18EC41F3004D13C7 /* Report.m in Sources */ = {isa = PBXBuildFile; fileRef = 4AA74F5C18EC41F3004D13C7 /* Report.m */; };
		4AA74F6018EC4490004D13C7 /* Reporter.m in Sources */ = {isa = PBXBuildFile; fileRef = 4AA74F5F18EC4490004D13C7 /* Reporter.m */; };
		4AA74F6318EC45B7004D13C7 /* Chapter.m in Sources */ = {isa = PBXBuildFile; fileRef = 4AA74F6218EC45B7004D13C7 /* Chapter.m */; };
		4AA74F6618EC46F1004D13C7 /* UserGroup.m in Sources */ = {isa = PBXBuildFile; fileRef = 4AA74F6518EC46F1004D13C7 /* UserGroup.m */; };
		4AA74F6918EC4735004D13C7 /* User.m in Sources */ = {isa = PBXBuildFile; fileRef = 4AA74F6818EC4735004D13C7 /* User.m */; };
		4AA74F6C18EC4981004D13C7 /* Account.m in Sources */ = {isa = PBXBuildFile; fileRef = 4AA74F6B18EC4981004D13C7 /* Account.m */; };
		4AA74F7118EC4C21004D13C7 /* Jastor.m in Sources */ = {isa = PBXBuildFile; fileRef = 4AA74F6E18EC4C21004D13C7 /* Jastor.m */; };
		4AA74F7218EC4C21004D13C7 /* JastorRuntimeHelper.m in Sources */ = {isa = PBXBuildFile; fileRef = 4AA74F7018EC4C21004D13C7 /* JastorRuntimeHelper.m */; };
		4AA74F7618EC563D004D13C7 /* WebService.m in Sources */ = {isa = PBXBuildFile; fileRef = 4AA74F7518EC563D004D13C7 /* WebService.m */; };
		4AA74F7F18EC5891004D13C7 /* UIImageView+ByName.m in Sources */ = {isa = PBXBuildFile; fileRef = 4AA74F7E18EC5891004D13C7 /* UIImageView+ByName.m */; };
		4AA74FD718EC5CE0004D13C7 /* CFNetwork.framework in Frameworks */ = {isa = PBXBuildFile; fileRef = 4AA74FD618EC5CE0004D13C7 /* CFNetwork.framework */; };
		4AA74FDC18ED4F5D004D13C7 /* Web in Resources */ = {isa = PBXBuildFile; fileRef = 4AA74FDB18ED4F5D004D13C7 /* Web */; };
		4AA74FF118ED55D2004D13C7 /* AFHTTPClient.m in Sources */ = {isa = PBXBuildFile; fileRef = 4AA74FDF18ED55D2004D13C7 /* AFHTTPClient.m */; };
		4AA74FF218ED55D2004D13C7 /* AFHTTPRequestOperation.m in Sources */ = {isa = PBXBuildFile; fileRef = 4AA74FE118ED55D2004D13C7 /* AFHTTPRequestOperation.m */; };
		4AA74FF318ED55D2004D13C7 /* AFImageRequestOperation.m in Sources */ = {isa = PBXBuildFile; fileRef = 4AA74FE318ED55D2004D13C7 /* AFImageRequestOperation.m */; };
		4AA74FF418ED55D2004D13C7 /* AFJSONRequestOperation.m in Sources */ = {isa = PBXBuildFile; fileRef = 4AA74FE518ED55D2004D13C7 /* AFJSONRequestOperation.m */; };
		4AA74FF518ED55D2004D13C7 /* AFNetworkActivityIndicatorManager.m in Sources */ = {isa = PBXBuildFile; fileRef = 4AA74FE718ED55D2004D13C7 /* AFNetworkActivityIndicatorManager.m */; };
		4AA74FF618ED55D2004D13C7 /* AFPropertyListRequestOperation.m in Sources */ = {isa = PBXBuildFile; fileRef = 4AA74FEA18ED55D2004D13C7 /* AFPropertyListRequestOperation.m */; };
		4AA74FF718ED55D2004D13C7 /* AFURLConnectionOperation.m in Sources */ = {isa = PBXBuildFile; fileRef = 4AA74FEC18ED55D2004D13C7 /* AFURLConnectionOperation.m */; };
		4AA74FF818ED55D2004D13C7 /* AFXMLRequestOperation.m in Sources */ = {isa = PBXBuildFile; fileRef = 4AA74FEE18ED55D2004D13C7 /* AFXMLRequestOperation.m */; };
		4AA74FF918ED55D2004D13C7 /* UIImageView+AFNetworking.m in Sources */ = {isa = PBXBuildFile; fileRef = 4AA74FF018ED55D2004D13C7 /* UIImageView+AFNetworking.m */; };
		4AA74FFB18ED61E9004D13C7 /* SystemConfiguration.framework in Frameworks */ = {isa = PBXBuildFile; fileRef = 4AA74FFA18ED61E9004D13C7 /* SystemConfiguration.framework */; };
		4AA74FFD18ED61F3004D13C7 /* Security.framework in Frameworks */ = {isa = PBXBuildFile; fileRef = 4AA74FFC18ED61F3004D13C7 /* Security.framework */; };
		4AA7500018ED904C004D13C7 /* VLCreateUserViewController.m in Sources */ = {isa = PBXBuildFile; fileRef = 4AA74FFF18ED904C004D13C7 /* VLCreateUserViewController.m */; };
/* End PBXBuildFile section */

/* Begin PBXContainerItemProxy section */
		4AA74F3318EBF8C6004D13C7 /* PBXContainerItemProxy */ = {
			isa = PBXContainerItemProxy;
			containerPortal = 4AA74F0218EBF8C5004D13C7 /* Project object */;
			proxyType = 1;
			remoteGlobalIDString = 4AA74F0918EBF8C5004D13C7;
			remoteInfo = DataBinding;
		};
/* End PBXContainerItemProxy section */

/* Begin PBXFileReference section */
		4AA427DF18F93AA0005296ED /* HTTPResponseProxy.h */ = {isa = PBXFileReference; fileEncoding = 4; lastKnownFileType = sourcecode.c.h; path = HTTPResponseProxy.h; sourceTree = "<group>"; };
		4AA427E018F93AA0005296ED /* HTTPResponseProxy.m */ = {isa = PBXFileReference; fileEncoding = 4; lastKnownFileType = sourcecode.c.objc; path = HTTPResponseProxy.m; sourceTree = "<group>"; };
		4AA427E118F93AA0005296ED /* Route.h */ = {isa = PBXFileReference; fileEncoding = 4; lastKnownFileType = sourcecode.c.h; path = Route.h; sourceTree = "<group>"; };
		4AA427E218F93AA0005296ED /* Route.m */ = {isa = PBXFileReference; fileEncoding = 4; lastKnownFileType = sourcecode.c.objc; path = Route.m; sourceTree = "<group>"; };
		4AA427E318F93AA0005296ED /* RouteRequest.h */ = {isa = PBXFileReference; fileEncoding = 4; lastKnownFileType = sourcecode.c.h; path = RouteRequest.h; sourceTree = "<group>"; };
		4AA427E418F93AA0005296ED /* RouteRequest.m */ = {isa = PBXFileReference; fileEncoding = 4; lastKnownFileType = sourcecode.c.objc; path = RouteRequest.m; sourceTree = "<group>"; };
		4AA427E518F93AA0005296ED /* RouteResponse.h */ = {isa = PBXFileReference; fileEncoding = 4; lastKnownFileType = sourcecode.c.h; path = RouteResponse.h; sourceTree = "<group>"; };
		4AA427E618F93AA0005296ED /* RouteResponse.m */ = {isa = PBXFileReference; fileEncoding = 4; lastKnownFileType = sourcecode.c.objc; path = RouteResponse.m; sourceTree = "<group>"; };
		4AA427E718F93AA0005296ED /* RoutingConnection.h */ = {isa = PBXFileReference; fileEncoding = 4; lastKnownFileType = sourcecode.c.h; path = RoutingConnection.h; sourceTree = "<group>"; };
		4AA427E818F93AA0005296ED /* RoutingConnection.m */ = {isa = PBXFileReference; fileEncoding = 4; lastKnownFileType = sourcecode.c.objc; path = RoutingConnection.m; sourceTree = "<group>"; };
		4AA427E918F93AA0005296ED /* RoutingHTTPServer.h */ = {isa = PBXFileReference; fileEncoding = 4; lastKnownFileType = sourcecode.c.h; path = RoutingHTTPServer.h; sourceTree = "<group>"; };
		4AA427EA18F93AA0005296ED /* RoutingHTTPServer.m */ = {isa = PBXFileReference; fileEncoding = 4; lastKnownFileType = sourcecode.c.objc; path = RoutingHTTPServer.m; sourceTree = "<group>"; };
		4AA427EB18F93AA0005296ED /* HTTPLogging.h */ = {isa = PBXFileReference; fileEncoding = 4; lastKnownFileType = sourcecode.c.h; path = HTTPLogging.h; sourceTree = "<group>"; };
		4AA427EC18F93AA0005296ED /* HTTPAuthenticationRequest.h */ = {isa = PBXFileReference; fileEncoding = 4; lastKnownFileType = sourcecode.c.h; path = HTTPAuthenticationRequest.h; sourceTree = "<group>"; };
		4AA427ED18F93AA0005296ED /* HTTPAuthenticationRequest.m */ = {isa = PBXFileReference; fileEncoding = 4; lastKnownFileType = sourcecode.c.objc; path = HTTPAuthenticationRequest.m; sourceTree = "<group>"; };
		4AA427EE18F93AA0005296ED /* HTTPServer.h */ = {isa = PBXFileReference; fileEncoding = 4; lastKnownFileType = sourcecode.c.h; path = HTTPServer.h; sourceTree = "<group>"; };
		4AA427EF18F93AA0005296ED /* HTTPServer.m */ = {isa = PBXFileReference; fileEncoding = 4; lastKnownFileType = sourcecode.c.objc; path = HTTPServer.m; sourceTree = "<group>"; };
		4AA427F018F93AA0005296ED /* HTTPConnection.h */ = {isa = PBXFileReference; fileEncoding = 4; lastKnownFileType = sourcecode.c.h; path = HTTPConnection.h; sourceTree = "<group>"; };
		4AA427F118F93AA0005296ED /* HTTPConnection.m */ = {isa = PBXFileReference; fileEncoding = 4; lastKnownFileType = sourcecode.c.objc; path = HTTPConnection.m; sourceTree = "<group>"; };
		4AA427F218F93AA0005296ED /* HTTPMessage.h */ = {isa = PBXFileReference; fileEncoding = 4; lastKnownFileType = sourcecode.c.h; path = HTTPMessage.h; sourceTree = "<group>"; };
		4AA427F318F93AA0005296ED /* HTTPMessage.m */ = {isa = PBXFileReference; fileEncoding = 4; lastKnownFileType = sourcecode.c.objc; path = HTTPMessage.m; sourceTree = "<group>"; };
		4AA427F418F93AA0005296ED /* HTTPResponse.h */ = {isa = PBXFileReference; fileEncoding = 4; lastKnownFileType = sourcecode.c.h; path = HTTPResponse.h; sourceTree = "<group>"; };
		4AA427F518F93AA0005296ED /* WebSocket.h */ = {isa = PBXFileReference; fileEncoding = 4; lastKnownFileType = sourcecode.c.h; path = WebSocket.h; sourceTree = "<group>"; };
		4AA427F618F93AA0005296ED /* WebSocket.m */ = {isa = PBXFileReference; fileEncoding = 4; lastKnownFileType = sourcecode.c.objc; path = WebSocket.m; sourceTree = "<group>"; };
		4AA427F718F93AA0005296ED /* DDData.h */ = {isa = PBXFileReference; fileEncoding = 4; lastKnownFileType = sourcecode.c.h; path = DDData.h; sourceTree = "<group>"; };
		4AA427F818F93AA0005296ED /* DDData.m */ = {isa = PBXFileReference; fileEncoding = 4; lastKnownFileType = sourcecode.c.objc; path = DDData.m; sourceTree = "<group>"; };
		4AA427F918F93AA0005296ED /* DDNumber.h */ = {isa = PBXFileReference; fileEncoding = 4; lastKnownFileType = sourcecode.c.h; path = DDNumber.h; sourceTree = "<group>"; };
		4AA427FA18F93AA0005296ED /* DDNumber.m */ = {isa = PBXFileReference; fileEncoding = 4; lastKnownFileType = sourcecode.c.objc; path = DDNumber.m; sourceTree = "<group>"; };
		4AA427FB18F93AA0005296ED /* DDRange.h */ = {isa = PBXFileReference; fileEncoding = 4; lastKnownFileType = sourcecode.c.h; path = DDRange.h; sourceTree = "<group>"; };
		4AA427FC18F93AA0005296ED /* DDRange.m */ = {isa = PBXFileReference; fileEncoding = 4; lastKnownFileType = sourcecode.c.objc; path = DDRange.m; sourceTree = "<group>"; };
		4AA427FD18F93AA0005296ED /* HTTPAsyncFileResponse.h */ = {isa = PBXFileReference; fileEncoding = 4; lastKnownFileType = sourcecode.c.h; path = HTTPAsyncFileResponse.h; sourceTree = "<group>"; };
		4AA427FE18F93AA0005296ED /* HTTPAsyncFileResponse.m */ = {isa = PBXFileReference; fileEncoding = 4; lastKnownFileType = sourcecode.c.objc; path = HTTPAsyncFileResponse.m; sourceTree = "<group>"; };
		4AA427FF18F93AA0005296ED /* HTTPDataResponse.h */ = {isa = PBXFileReference; fileEncoding = 4; lastKnownFileType = sourcecode.c.h; path = HTTPDataResponse.h; sourceTree = "<group>"; };
		4AA4280018F93AA0005296ED /* HTTPDataResponse.m */ = {isa = PBXFileReference; fileEncoding = 4; lastKnownFileType = sourcecode.c.objc; path = HTTPDataResponse.m; sourceTree = "<group>"; };
		4AA4280118F93AA0005296ED /* HTTPDynamicFileResponse.h */ = {isa = PBXFileReference; fileEncoding = 4; lastKnownFileType = sourcecode.c.h; path = HTTPDynamicFileResponse.h; sourceTree = "<group>"; };
		4AA4280218F93AA0005296ED /* HTTPDynamicFileResponse.m */ = {isa = PBXFileReference; fileEncoding = 4; lastKnownFileType = sourcecode.c.objc; path = HTTPDynamicFileResponse.m; sourceTree = "<group>"; };
		4AA4280318F93AA0005296ED /* HTTPFileResponse.h */ = {isa = PBXFileReference; fileEncoding = 4; lastKnownFileType = sourcecode.c.h; path = HTTPFileResponse.h; sourceTree = "<group>"; };
		4AA4280418F93AA0005296ED /* HTTPFileResponse.m */ = {isa = PBXFileReference; fileEncoding = 4; lastKnownFileType = sourcecode.c.objc; path = HTTPFileResponse.m; sourceTree = "<group>"; };
		4AA4280518F93AA0005296ED /* HTTPRedirectResponse.h */ = {isa = PBXFileReference; fileEncoding = 4; lastKnownFileType = sourcecode.c.h; path = HTTPRedirectResponse.h; sourceTree = "<group>"; };
		4AA4280618F93AA0005296ED /* HTTPRedirectResponse.m */ = {isa = PBXFileReference; fileEncoding = 4; lastKnownFileType = sourcecode.c.objc; path = HTTPRedirectResponse.m; sourceTree = "<group>"; };
		4AA4280718F93AA0005296ED /* GCDAsyncSocket.h */ = {isa = PBXFileReference; fileEncoding = 4; lastKnownFileType = sourcecode.c.h; path = GCDAsyncSocket.h; sourceTree = "<group>"; };
		4AA4280818F93AA0005296ED /* GCDAsyncSocket.m */ = {isa = PBXFileReference; fileEncoding = 4; lastKnownFileType = sourcecode.c.objc; path = GCDAsyncSocket.m; sourceTree = "<group>"; };
		4AA4280918F93AA0005296ED /* DDLog.h */ = {isa = PBXFileReference; fileEncoding = 4; lastKnownFileType = sourcecode.c.h; path = DDLog.h; sourceTree = "<group>"; };
		4AA4280A18F93AA0005296ED /* DDLog.m */ = {isa = PBXFileReference; fileEncoding = 4; lastKnownFileType = sourcecode.c.objc; path = DDLog.m; sourceTree = "<group>"; };
		4AA4280B18F93AA0005296ED /* DDASLLogger.h */ = {isa = PBXFileReference; fileEncoding = 4; lastKnownFileType = sourcecode.c.h; path = DDASLLogger.h; sourceTree = "<group>"; };
		4AA4280C18F93AA0005296ED /* DDASLLogger.m */ = {isa = PBXFileReference; fileEncoding = 4; lastKnownFileType = sourcecode.c.objc; path = DDASLLogger.m; sourceTree = "<group>"; };
		4AA4280D18F93AA0005296ED /* DDTTYLogger.h */ = {isa = PBXFileReference; fileEncoding = 4; lastKnownFileType = sourcecode.c.h; path = DDTTYLogger.h; sourceTree = "<group>"; };
		4AA4280E18F93AA0005296ED /* DDTTYLogger.m */ = {isa = PBXFileReference; fileEncoding = 4; lastKnownFileType = sourcecode.c.objc; path = DDTTYLogger.m; sourceTree = "<group>"; };
		4AA4280F18F93AA0005296ED /* DDFileLogger.h */ = {isa = PBXFileReference; fileEncoding = 4; lastKnownFileType = sourcecode.c.h; path = DDFileLogger.h; sourceTree = "<group>"; };
		4AA4281018F93AA0005296ED /* DDFileLogger.m */ = {isa = PBXFileReference; fileEncoding = 4; lastKnownFileType = sourcecode.c.objc; path = DDFileLogger.m; sourceTree = "<group>"; };
		4AA4281118F93AA0005296ED /* DDAbstractDatabaseLogger.h */ = {isa = PBXFileReference; fileEncoding = 4; lastKnownFileType = sourcecode.c.h; path = DDAbstractDatabaseLogger.h; sourceTree = "<group>"; };
		4AA4281218F93AA0005296ED /* DDAbstractDatabaseLogger.m */ = {isa = PBXFileReference; fileEncoding = 4; lastKnownFileType = sourcecode.c.objc; path = DDAbstractDatabaseLogger.m; sourceTree = "<group>"; };
		4AA4281318F93AA0005296ED /* ContextFilterLogFormatter.h */ = {isa = PBXFileReference; fileEncoding = 4; lastKnownFileType = sourcecode.c.h; path = ContextFilterLogFormatter.h; sourceTree = "<group>"; };
		4AA4281418F93AA0005296ED /* ContextFilterLogFormatter.m */ = {isa = PBXFileReference; fileEncoding = 4; lastKnownFileType = sourcecode.c.objc; path = ContextFilterLogFormatter.m; sourceTree = "<group>"; };
		4AA4281518F93AA0005296ED /* DispatchQueueLogFormatter.h */ = {isa = PBXFileReference; fileEncoding = 4; lastKnownFileType = sourcecode.c.h; path = DispatchQueueLogFormatter.h; sourceTree = "<group>"; };
		4AA4281618F93AA0005296ED /* DispatchQueueLogFormatter.m */ = {isa = PBXFileReference; fileEncoding = 4; lastKnownFileType = sourcecode.c.objc; path = DispatchQueueLogFormatter.m; sourceTree = "<group>"; };
		4AA4281718F93AA0005296ED /* README.txt */ = {isa = PBXFileReference; fileEncoding = 4; lastKnownFileType = text; path = README.txt; sourceTree = "<group>"; };
		4AA74F0A18EBF8C5004D13C7 /* DataBinding.app */ = {isa = PBXFileReference; explicitFileType = wrapper.application; includeInIndex = 0; path = DataBinding.app; sourceTree = BUILT_PRODUCTS_DIR; };
		4AA74F0D18EBF8C5004D13C7 /* Foundation.framework */ = {isa = PBXFileReference; lastKnownFileType = wrapper.framework; name = Foundation.framework; path = System/Library/Frameworks/Foundation.framework; sourceTree = SDKROOT; };
		4AA74F0F18EBF8C5004D13C7 /* CoreGraphics.framework */ = {isa = PBXFileReference; lastKnownFileType = wrapper.framework; name = CoreGraphics.framework; path = System/Library/Frameworks/CoreGraphics.framework; sourceTree = SDKROOT; };
		4AA74F1118EBF8C5004D13C7 /* UIKit.framework */ = {isa = PBXFileReference; lastKnownFileType = wrapper.framework; name = UIKit.framework; path = System/Library/Frameworks/UIKit.framework; sourceTree = SDKROOT; };
		4AA74F1518EBF8C5004D13C7 /* DataBinding-Info.plist */ = {isa = PBXFileReference; lastKnownFileType = text.plist.xml; path = "DataBinding-Info.plist"; sourceTree = "<group>"; };
		4AA74F1718EBF8C5004D13C7 /* en */ = {isa = PBXFileReference; lastKnownFileType = text.plist.strings; name = en; path = en.lproj/InfoPlist.strings; sourceTree = "<group>"; };
		4AA74F1918EBF8C5004D13C7 /* main.m */ = {isa = PBXFileReference; lastKnownFileType = sourcecode.c.objc; path = main.m; sourceTree = "<group>"; };
		4AA74F1B18EBF8C5004D13C7 /* DataBinding-Prefix.pch */ = {isa = PBXFileReference; lastKnownFileType = sourcecode.c.h; path = "DataBinding-Prefix.pch"; sourceTree = "<group>"; };
		4AA74F1C18EBF8C5004D13C7 /* VLAppDelegate.h */ = {isa = PBXFileReference; lastKnownFileType = sourcecode.c.h; path = VLAppDelegate.h; sourceTree = "<group>"; };
		4AA74F1D18EBF8C5004D13C7 /* VLAppDelegate.m */ = {isa = PBXFileReference; lastKnownFileType = sourcecode.c.objc; path = VLAppDelegate.m; sourceTree = "<group>"; };
		4AA74F2018EBF8C5004D13C7 /* Base */ = {isa = PBXFileReference; lastKnownFileType = file.storyboard; name = Base; path = Base.lproj/Main_iPhone.storyboard; sourceTree = "<group>"; };
		4AA74F2318EBF8C5004D13C7 /* Base */ = {isa = PBXFileReference; lastKnownFileType = file.storyboard; name = Base; path = Base.lproj/Main_iPad.storyboard; sourceTree = "<group>"; };
		4AA74F2518EBF8C5004D13C7 /* VLViewController.h */ = {isa = PBXFileReference; lastKnownFileType = sourcecode.c.h; path = VLViewController.h; sourceTree = "<group>"; };
		4AA74F2618EBF8C5004D13C7 /* VLViewController.m */ = {isa = PBXFileReference; lastKnownFileType = sourcecode.c.objc; path = VLViewController.m; sourceTree = "<group>"; };
		4AA74F2818EBF8C5004D13C7 /* Images.xcassets */ = {isa = PBXFileReference; lastKnownFileType = folder.assetcatalog; path = Images.xcassets; sourceTree = "<group>"; };
		4AA74F2E18EBF8C6004D13C7 /* DataBindingTests.xctest */ = {isa = PBXFileReference; explicitFileType = wrapper.cfbundle; includeInIndex = 0; path = DataBindingTests.xctest; sourceTree = BUILT_PRODUCTS_DIR; };
		4AA74F2F18EBF8C6004D13C7 /* XCTest.framework */ = {isa = PBXFileReference; lastKnownFileType = wrapper.framework; name = XCTest.framework; path = Library/Frameworks/XCTest.framework; sourceTree = DEVELOPER_DIR; };
		4AA74F3718EBF8C6004D13C7 /* DataBindingTests-Info.plist */ = {isa = PBXFileReference; lastKnownFileType = text.plist.xml; path = "DataBindingTests-Info.plist"; sourceTree = "<group>"; };
		4AA74F3918EBF8C6004D13C7 /* en */ = {isa = PBXFileReference; lastKnownFileType = text.plist.strings; name = en; path = en.lproj/InfoPlist.strings; sourceTree = "<group>"; };
		4AA74F3B18EBF8C6004D13C7 /* DataBindingTests.m */ = {isa = PBXFileReference; lastKnownFileType = sourcecode.c.objc; path = DataBindingTests.m; sourceTree = "<group>"; };
		4AA74F4518EC1754004D13C7 /* DejalActivityView.h */ = {isa = PBXFileReference; fileEncoding = 4; lastKnownFileType = sourcecode.c.h; path = DejalActivityView.h; sourceTree = "<group>"; };
		4AA74F4618EC1754004D13C7 /* DejalActivityView.m */ = {isa = PBXFileReference; fileEncoding = 4; lastKnownFileType = sourcecode.c.objc; path = DejalActivityView.m; sourceTree = "<group>"; };
		4AA74F4818EC2068004D13C7 /* VLMultiButtonViewController.h */ = {isa = PBXFileReference; fileEncoding = 4; lastKnownFileType = sourcecode.c.h; path = VLMultiButtonViewController.h; sourceTree = "<group>"; };
		4AA74F4918EC2068004D13C7 /* VLMultiButtonViewController.m */ = {isa = PBXFileReference; fileEncoding = 4; lastKnownFileType = sourcecode.c.objc; path = VLMultiButtonViewController.m; sourceTree = "<group>"; };
		4AA74F4B18EC2128004D13C7 /* WaitOperation.h */ = {isa = PBXFileReference; fileEncoding = 4; lastKnownFileType = sourcecode.c.h; path = WaitOperation.h; sourceTree = "<group>"; };
		4AA74F4C18EC2128004D13C7 /* WaitOperation.m */ = {isa = PBXFileReference; fileEncoding = 4; lastKnownFileType = sourcecode.c.objc; path = WaitOperation.m; sourceTree = "<group>"; };
		4AA74F4E18EC3988004D13C7 /* VLFetchDataViewController.h */ = {isa = PBXFileReference; fileEncoding = 4; lastKnownFileType = sourcecode.c.h; path = VLFetchDataViewController.h; sourceTree = "<group>"; };
		4AA74F4F18EC3988004D13C7 /* VLFetchDataViewController.m */ = {isa = PBXFileReference; fileEncoding = 4; lastKnownFileType = sourcecode.c.objc; path = VLFetchDataViewController.m; sourceTree = "<group>"; };
		4AA74F5118EC3ABF004D13C7 /* VLTableViewController.h */ = {isa = PBXFileReference; fileEncoding = 4; lastKnownFileType = sourcecode.c.h; path = VLTableViewController.h; sourceTree = "<group>"; };
		4AA74F5218EC3ABF004D13C7 /* VLTableViewController.m */ = {isa = PBXFileReference; fileEncoding = 4; lastKnownFileType = sourcecode.c.objc; path = VLTableViewController.m; sourceTree = "<group>"; };
		4AA74F5418EC3B3A004D13C7 /* UIView+VLPropertyBinding.h */ = {isa = PBXFileReference; fileEncoding = 4; lastKnownFileType = sourcecode.c.h; path = "UIView+VLPropertyBinding.h"; sourceTree = "<group>"; };
		4AA74F5518EC3B3A004D13C7 /* UIView+VLPropertyBinding.m */ = {isa = PBXFileReference; fileEncoding = 4; lastKnownFileType = sourcecode.c.objc; path = "UIView+VLPropertyBinding.m"; sourceTree = "<group>"; };
		4AA74F5718EC3B6C004D13C7 /* UITableViewCell+contentData.h */ = {isa = PBXFileReference; fileEncoding = 4; lastKnownFileType = sourcecode.c.h; path = "UITableViewCell+contentData.h"; sourceTree = "<group>"; };
		4AA74F5818EC3B6C004D13C7 /* UITableViewCell+contentData.m */ = {isa = PBXFileReference; fileEncoding = 4; lastKnownFileType = sourcecode.c.objc; path = "UITableViewCell+contentData.m"; sourceTree = "<group>"; };
		4AA74F5B18EC41F3004D13C7 /* Report.h */ = {isa = PBXFileReference; fileEncoding = 4; lastKnownFileType = sourcecode.c.h; path = Report.h; sourceTree = "<group>"; };
		4AA74F5C18EC41F3004D13C7 /* Report.m */ = {isa = PBXFileReference; fileEncoding = 4; lastKnownFileType = sourcecode.c.objc; path = Report.m; sourceTree = "<group>"; };
		4AA74F5E18EC4490004D13C7 /* Reporter.h */ = {isa = PBXFileReference; fileEncoding = 4; lastKnownFileType = sourcecode.c.h; path = Reporter.h; sourceTree = "<group>"; };
		4AA74F5F18EC4490004D13C7 /* Reporter.m */ = {isa = PBXFileReference; fileEncoding = 4; lastKnownFileType = sourcecode.c.objc; path = Reporter.m; sourceTree = "<group>"; };
		4AA74F6118EC45B7004D13C7 /* Chapter.h */ = {isa = PBXFileReference; fileEncoding = 4; lastKnownFileType = sourcecode.c.h; path = Chapter.h; sourceTree = "<group>"; };
		4AA74F6218EC45B7004D13C7 /* Chapter.m */ = {isa = PBXFileReference; fileEncoding = 4; lastKnownFileType = sourcecode.c.objc; path = Chapter.m; sourceTree = "<group>"; };
		4AA74F6418EC46F1004D13C7 /* UserGroup.h */ = {isa = PBXFileReference; fileEncoding = 4; lastKnownFileType = sourcecode.c.h; path = UserGroup.h; sourceTree = "<group>"; };
		4AA74F6518EC46F1004D13C7 /* UserGroup.m */ = {isa = PBXFileReference; fileEncoding = 4; lastKnownFileType = sourcecode.c.objc; path = UserGroup.m; sourceTree = "<group>"; };
		4AA74F6718EC4735004D13C7 /* User.h */ = {isa = PBXFileReference; fileEncoding = 4; lastKnownFileType = sourcecode.c.h; path = User.h; sourceTree = "<group>"; };
		4AA74F6818EC4735004D13C7 /* User.m */ = {isa = PBXFileReference; fileEncoding = 4; lastKnownFileType = sourcecode.c.objc; path = User.m; sourceTree = "<group>"; };
		4AA74F6A18EC4981004D13C7 /* Account.h */ = {isa = PBXFileReference; fileEncoding = 4; lastKnownFileType = sourcecode.c.h; path = Account.h; sourceTree = "<group>"; };
		4AA74F6B18EC4981004D13C7 /* Account.m */ = {isa = PBXFileReference; fileEncoding = 4; lastKnownFileType = sourcecode.c.objc; path = Account.m; sourceTree = "<group>"; };
		4AA74F6D18EC4C21004D13C7 /* Jastor.h */ = {isa = PBXFileReference; fileEncoding = 4; lastKnownFileType = sourcecode.c.h; path = Jastor.h; sourceTree = "<group>"; };
		4AA74F6E18EC4C21004D13C7 /* Jastor.m */ = {isa = PBXFileReference; fileEncoding = 4; lastKnownFileType = sourcecode.c.objc; path = Jastor.m; sourceTree = "<group>"; };
		4AA74F6F18EC4C21004D13C7 /* JastorRuntimeHelper.h */ = {isa = PBXFileReference; fileEncoding = 4; lastKnownFileType = sourcecode.c.h; path = JastorRuntimeHelper.h; sourceTree = "<group>"; };
		4AA74F7018EC4C21004D13C7 /* JastorRuntimeHelper.m */ = {isa = PBXFileReference; fileEncoding = 4; lastKnownFileType = sourcecode.c.objc; path = JastorRuntimeHelper.m; sourceTree = "<group>"; };
		4AA74F7418EC563D004D13C7 /* WebService.h */ = {isa = PBXFileReference; fileEncoding = 4; lastKnownFileType = sourcecode.c.h; path = WebService.h; sourceTree = "<group>"; };
		4AA74F7518EC563D004D13C7 /* WebService.m */ = {isa = PBXFileReference; fileEncoding = 4; lastKnownFileType = sourcecode.c.objc; path = WebService.m; sourceTree = "<group>"; };
		4AA74F7D18EC5891004D13C7 /* UIImageView+ByName.h */ = {isa = PBXFileReference; fileEncoding = 4; lastKnownFileType = sourcecode.c.h; path = "UIImageView+ByName.h"; sourceTree = "<group>"; };
		4AA74F7E18EC5891004D13C7 /* UIImageView+ByName.m */ = {isa = PBXFileReference; fileEncoding = 4; lastKnownFileType = sourcecode.c.objc; path = "UIImageView+ByName.m"; sourceTree = "<group>"; };
		4AA74FD618EC5CE0004D13C7 /* CFNetwork.framework */ = {isa = PBXFileReference; lastKnownFileType = wrapper.framework; name = CFNetwork.framework; path = System/Library/Frameworks/CFNetwork.framework; sourceTree = SDKROOT; };
		4AA74FDB18ED4F5D004D13C7 /* Web */ = {isa = PBXFileReference; lastKnownFileType = folder; path = Web; sourceTree = SOURCE_ROOT; };
		4AA74FDE18ED55D2004D13C7 /* AFHTTPClient.h */ = {isa = PBXFileReference; fileEncoding = 4; lastKnownFileType = sourcecode.c.h; path = AFHTTPClient.h; sourceTree = "<group>"; };
		4AA74FDF18ED55D2004D13C7 /* AFHTTPClient.m */ = {isa = PBXFileReference; fileEncoding = 4; lastKnownFileType = sourcecode.c.objc; path = AFHTTPClient.m; sourceTree = "<group>"; };
		4AA74FE018ED55D2004D13C7 /* AFHTTPRequestOperation.h */ = {isa = PBXFileReference; fileEncoding = 4; lastKnownFileType = sourcecode.c.h; path = AFHTTPRequestOperation.h; sourceTree = "<group>"; };
		4AA74FE118ED55D2004D13C7 /* AFHTTPRequestOperation.m */ = {isa = PBXFileReference; fileEncoding = 4; lastKnownFileType = sourcecode.c.objc; path = AFHTTPRequestOperation.m; sourceTree = "<group>"; };
		4AA74FE218ED55D2004D13C7 /* AFImageRequestOperation.h */ = {isa = PBXFileReference; fileEncoding = 4; lastKnownFileType = sourcecode.c.h; path = AFImageRequestOperation.h; sourceTree = "<group>"; };
		4AA74FE318ED55D2004D13C7 /* AFImageRequestOperation.m */ = {isa = PBXFileReference; fileEncoding = 4; lastKnownFileType = sourcecode.c.objc; path = AFImageRequestOperation.m; sourceTree = "<group>"; };
		4AA74FE418ED55D2004D13C7 /* AFJSONRequestOperation.h */ = {isa = PBXFileReference; fileEncoding = 4; lastKnownFileType = sourcecode.c.h; path = AFJSONRequestOperation.h; sourceTree = "<group>"; };
		4AA74FE518ED55D2004D13C7 /* AFJSONRequestOperation.m */ = {isa = PBXFileReference; fileEncoding = 4; lastKnownFileType = sourcecode.c.objc; path = AFJSONRequestOperation.m; sourceTree = "<group>"; };
		4AA74FE618ED55D2004D13C7 /* AFNetworkActivityIndicatorManager.h */ = {isa = PBXFileReference; fileEncoding = 4; lastKnownFileType = sourcecode.c.h; path = AFNetworkActivityIndicatorManager.h; sourceTree = "<group>"; };
		4AA74FE718ED55D2004D13C7 /* AFNetworkActivityIndicatorManager.m */ = {isa = PBXFileReference; fileEncoding = 4; lastKnownFileType = sourcecode.c.objc; path = AFNetworkActivityIndicatorManager.m; sourceTree = "<group>"; };
		4AA74FE818ED55D2004D13C7 /* AFNetworking.h */ = {isa = PBXFileReference; fileEncoding = 4; lastKnownFileType = sourcecode.c.h; path = AFNetworking.h; sourceTree = "<group>"; };
		4AA74FE918ED55D2004D13C7 /* AFPropertyListRequestOperation.h */ = {isa = PBXFileReference; fileEncoding = 4; lastKnownFileType = sourcecode.c.h; path = AFPropertyListRequestOperation.h; sourceTree = "<group>"; };
		4AA74FEA18ED55D2004D13C7 /* AFPropertyListRequestOperation.m */ = {isa = PBXFileReference; fileEncoding = 4; lastKnownFileType = sourcecode.c.objc; path = AFPropertyListRequestOperation.m; sourceTree = "<group>"; };
		4AA74FEB18ED55D2004D13C7 /* AFURLConnectionOperation.h */ = {isa = PBXFileReference; fileEncoding = 4; lastKnownFileType = sourcecode.c.h; path = AFURLConnectionOperation.h; sourceTree = "<group>"; };
		4AA74FEC18ED55D2004D13C7 /* AFURLConnectionOperation.m */ = {isa = PBXFileReference; fileEncoding = 4; lastKnownFileType = sourcecode.c.objc; path = AFURLConnectionOperation.m; sourceTree = "<group>"; };
		4AA74FED18ED55D2004D13C7 /* AFXMLRequestOperation.h */ = {isa = PBXFileReference; fileEncoding = 4; lastKnownFileType = sourcecode.c.h; path = AFXMLRequestOperation.h; sourceTree = "<group>"; };
		4AA74FEE18ED55D2004D13C7 /* AFXMLRequestOperation.m */ = {isa = PBXFileReference; fileEncoding = 4; lastKnownFileType = sourcecode.c.objc; path = AFXMLRequestOperation.m; sourceTree = "<group>"; };
		4AA74FEF18ED55D2004D13C7 /* UIImageView+AFNetworking.h */ = {isa = PBXFileReference; fileEncoding = 4; lastKnownFileType = sourcecode.c.h; path = "UIImageView+AFNetworking.h"; sourceTree = "<group>"; };
		4AA74FF018ED55D2004D13C7 /* UIImageView+AFNetworking.m */ = {isa = PBXFileReference; fileEncoding = 4; lastKnownFileType = sourcecode.c.objc; path = "UIImageView+AFNetworking.m"; sourceTree = "<group>"; };
		4AA74FFA18ED61E9004D13C7 /* SystemConfiguration.framework */ = {isa = PBXFileReference; lastKnownFileType = wrapper.framework; name = SystemConfiguration.framework; path = System/Library/Frameworks/SystemConfiguration.framework; sourceTree = SDKROOT; };
		4AA74FFC18ED61F3004D13C7 /* Security.framework */ = {isa = PBXFileReference; lastKnownFileType = wrapper.framework; name = Security.framework; path = System/Library/Frameworks/Security.framework; sourceTree = SDKROOT; };
		4AA74FFE18ED904C004D13C7 /* VLCreateUserViewController.h */ = {isa = PBXFileReference; fileEncoding = 4; lastKnownFileType = sourcecode.c.h; path = VLCreateUserViewController.h; sourceTree = "<group>"; };
		4AA74FFF18ED904C004D13C7 /* VLCreateUserViewController.m */ = {isa = PBXFileReference; fileEncoding = 4; lastKnownFileType = sourcecode.c.objc; path = VLCreateUserViewController.m; sourceTree = "<group>"; };
/* End PBXFileReference section */

/* Begin PBXFrameworksBuildPhase section */
		4AA74F0718EBF8C5004D13C7 /* Frameworks */ = {
			isa = PBXFrameworksBuildPhase;
			buildActionMask = 2147483647;
			files = (
				4AA74FFD18ED61F3004D13C7 /* Security.framework in Frameworks */,
				4AA74FFB18ED61E9004D13C7 /* SystemConfiguration.framework in Frameworks */,
				4AA74FD718EC5CE0004D13C7 /* CFNetwork.framework in Frameworks */,
				4AA74F1018EBF8C5004D13C7 /* CoreGraphics.framework in Frameworks */,
				4AA74F1218EBF8C5004D13C7 /* UIKit.framework in Frameworks */,
				4AA74F0E18EBF8C5004D13C7 /* Foundation.framework in Frameworks */,
			);
			runOnlyForDeploymentPostprocessing = 0;
		};
		4AA74F2B18EBF8C6004D13C7 /* Frameworks */ = {
			isa = PBXFrameworksBuildPhase;
			buildActionMask = 2147483647;
			files = (
				4AA74F3018EBF8C6004D13C7 /* XCTest.framework in Frameworks */,
				4AA74F3218EBF8C6004D13C7 /* UIKit.framework in Frameworks */,
				4AA74F3118EBF8C6004D13C7 /* Foundation.framework in Frameworks */,
			);
			runOnlyForDeploymentPostprocessing = 0;
		};
/* End PBXFrameworksBuildPhase section */

/* Begin PBXGroup section */
		4AA4283418F93AC8005296ED /* HttpServer */ = {
			isa = PBXGroup;
			children = (
				4AA427DF18F93AA0005296ED /* HTTPResponseProxy.h */,
				4AA427E018F93AA0005296ED /* HTTPResponseProxy.m */,
				4AA427E118F93AA0005296ED /* Route.h */,
				4AA427E218F93AA0005296ED /* Route.m */,
				4AA427E318F93AA0005296ED /* RouteRequest.h */,
				4AA427E418F93AA0005296ED /* RouteRequest.m */,
				4AA427E518F93AA0005296ED /* RouteResponse.h */,
				4AA427E618F93AA0005296ED /* RouteResponse.m */,
				4AA427E718F93AA0005296ED /* RoutingConnection.h */,
				4AA427E818F93AA0005296ED /* RoutingConnection.m */,
				4AA427E918F93AA0005296ED /* RoutingHTTPServer.h */,
				4AA427EA18F93AA0005296ED /* RoutingHTTPServer.m */,
				4AA427EB18F93AA0005296ED /* HTTPLogging.h */,
				4AA427EC18F93AA0005296ED /* HTTPAuthenticationRequest.h */,
				4AA427ED18F93AA0005296ED /* HTTPAuthenticationRequest.m */,
				4AA427EE18F93AA0005296ED /* HTTPServer.h */,
				4AA427EF18F93AA0005296ED /* HTTPServer.m */,
				4AA427F018F93AA0005296ED /* HTTPConnection.h */,
				4AA427F118F93AA0005296ED /* HTTPConnection.m */,
				4AA427F218F93AA0005296ED /* HTTPMessage.h */,
				4AA427F318F93AA0005296ED /* HTTPMessage.m */,
				4AA427F418F93AA0005296ED /* HTTPResponse.h */,
				4AA427F518F93AA0005296ED /* WebSocket.h */,
				4AA427F618F93AA0005296ED /* WebSocket.m */,
				4AA427F718F93AA0005296ED /* DDData.h */,
				4AA427F818F93AA0005296ED /* DDData.m */,
				4AA427F918F93AA0005296ED /* DDNumber.h */,
				4AA427FA18F93AA0005296ED /* DDNumber.m */,
				4AA427FB18F93AA0005296ED /* DDRange.h */,
				4AA427FC18F93AA0005296ED /* DDRange.m */,
				4AA427FD18F93AA0005296ED /* HTTPAsyncFileResponse.h */,
				4AA427FE18F93AA0005296ED /* HTTPAsyncFileResponse.m */,
				4AA427FF18F93AA0005296ED /* HTTPDataResponse.h */,
				4AA4280018F93AA0005296ED /* HTTPDataResponse.m */,
				4AA4280118F93AA0005296ED /* HTTPDynamicFileResponse.h */,
				4AA4280218F93AA0005296ED /* HTTPDynamicFileResponse.m */,
				4AA4280318F93AA0005296ED /* HTTPFileResponse.h */,
				4AA4280418F93AA0005296ED /* HTTPFileResponse.m */,
				4AA4280518F93AA0005296ED /* HTTPRedirectResponse.h */,
				4AA4280618F93AA0005296ED /* HTTPRedirectResponse.m */,
				4AA4280718F93AA0005296ED /* GCDAsyncSocket.h */,
				4AA4280818F93AA0005296ED /* GCDAsyncSocket.m */,
				4AA4280918F93AA0005296ED /* DDLog.h */,
				4AA4280A18F93AA0005296ED /* DDLog.m */,
				4AA4280B18F93AA0005296ED /* DDASLLogger.h */,
				4AA4280C18F93AA0005296ED /* DDASLLogger.m */,
				4AA4280D18F93AA0005296ED /* DDTTYLogger.h */,
				4AA4280E18F93AA0005296ED /* DDTTYLogger.m */,
				4AA4280F18F93AA0005296ED /* DDFileLogger.h */,
				4AA4281018F93AA0005296ED /* DDFileLogger.m */,
				4AA4281118F93AA0005296ED /* DDAbstractDatabaseLogger.h */,
				4AA4281218F93AA0005296ED /* DDAbstractDatabaseLogger.m */,
				4AA4281318F93AA0005296ED /* ContextFilterLogFormatter.h */,
				4AA4281418F93AA0005296ED /* ContextFilterLogFormatter.m */,
				4AA4281518F93AA0005296ED /* DispatchQueueLogFormatter.h */,
				4AA4281618F93AA0005296ED /* DispatchQueueLogFormatter.m */,
				4AA4281718F93AA0005296ED /* README.txt */,
			);
			name = HttpServer;
			sourceTree = "<group>";
		};
		4AA74F0118EBF8C5004D13C7 = {
			isa = PBXGroup;
			children = (
				4AA74F1318EBF8C5004D13C7 /* DataBinding */,
				4AA74F3518EBF8C6004D13C7 /* DataBindingTests */,
				4AA74F0C18EBF8C5004D13C7 /* Frameworks */,
				4AA74F0B18EBF8C5004D13C7 /* Products */,
			);
			sourceTree = "<group>";
		};
		4AA74F0B18EBF8C5004D13C7 /* Products */ = {
			isa = PBXGroup;
			children = (
				4AA74F0A18EBF8C5004D13C7 /* DataBinding.app */,
				4AA74F2E18EBF8C6004D13C7 /* DataBindingTests.xctest */,
			);
			name = Products;
			sourceTree = "<group>";
		};
		4AA74F0C18EBF8C5004D13C7 /* Frameworks */ = {
			isa = PBXGroup;
			children = (
				4AA74FFC18ED61F3004D13C7 /* Security.framework */,
				4AA74FFA18ED61E9004D13C7 /* SystemConfiguration.framework */,
				4AA74FD618EC5CE0004D13C7 /* CFNetwork.framework */,
				4AA74F0D18EBF8C5004D13C7 /* Foundation.framework */,
				4AA74F0F18EBF8C5004D13C7 /* CoreGraphics.framework */,
				4AA74F1118EBF8C5004D13C7 /* UIKit.framework */,
				4AA74F2F18EBF8C6004D13C7 /* XCTest.framework */,
			);
			name = Frameworks;
			sourceTree = "<group>";
		};
		4AA74F1318EBF8C5004D13C7 /* DataBinding */ = {
			isa = PBXGroup;
			children = (
				4AA4283418F93AC8005296ED /* HttpServer */,
				4AA74FDD18ED55BA004D13C7 /* AFNetworking */,
				4AA74FDB18ED4F5D004D13C7 /* Web */,
				4AA74F7318EC4C2A004D13C7 /* Jastor */,
				4AA74F5A18EC4179004D13C7 /* Models */,
				4AA74F5718EC3B6C004D13C7 /* UITableViewCell+contentData.h */,
				4AA74F5818EC3B6C004D13C7 /* UITableViewCell+contentData.m */,
				4AA74F5418EC3B3A004D13C7 /* UIView+VLPropertyBinding.h */,
				4AA74F5518EC3B3A004D13C7 /* UIView+VLPropertyBinding.m */,
				4AA74F7D18EC5891004D13C7 /* UIImageView+ByName.h */,
				4AA74F7E18EC5891004D13C7 /* UIImageView+ByName.m */,
				4AA74F4518EC1754004D13C7 /* DejalActivityView.h */,
				4AA74F4618EC1754004D13C7 /* DejalActivityView.m */,
				4AA74F1C18EBF8C5004D13C7 /* VLAppDelegate.h */,
				4AA74F1D18EBF8C5004D13C7 /* VLAppDelegate.m */,
				4AA74F1F18EBF8C5004D13C7 /* Main_iPhone.storyboard */,
				4AA74F2218EBF8C5004D13C7 /* Main_iPad.storyboard */,
				4AA74F2518EBF8C5004D13C7 /* VLViewController.h */,
				4AA74F2618EBF8C5004D13C7 /* VLViewController.m */,
				4AA74F5118EC3ABF004D13C7 /* VLTableViewController.h */,
				4AA74F5218EC3ABF004D13C7 /* VLTableViewController.m */,
				4AA74F2818EBF8C5004D13C7 /* Images.xcassets */,
				4AA74F1418EBF8C5004D13C7 /* Supporting Files */,
				4AA74F4818EC2068004D13C7 /* VLMultiButtonViewController.h */,
				4AA74F4918EC2068004D13C7 /* VLMultiButtonViewController.m */,
				4AA74F4B18EC2128004D13C7 /* WaitOperation.h */,
				4AA74F4C18EC2128004D13C7 /* WaitOperation.m */,
				4AA74F4E18EC3988004D13C7 /* VLFetchDataViewController.h */,
				4AA74F4F18EC3988004D13C7 /* VLFetchDataViewController.m */,
				4AA74F7418EC563D004D13C7 /* WebService.h */,
				4AA74F7518EC563D004D13C7 /* WebService.m */,
				4AA74FFE18ED904C004D13C7 /* VLCreateUserViewController.h */,
				4AA74FFF18ED904C004D13C7 /* VLCreateUserViewController.m */,
			);
			path = DataBinding;
			sourceTree = "<group>";
		};
		4AA74F1418EBF8C5004D13C7 /* Supporting Files */ = {
			isa = PBXGroup;
			children = (
				4AA74F1518EBF8C5004D13C7 /* DataBinding-Info.plist */,
				4AA74F1618EBF8C5004D13C7 /* InfoPlist.strings */,
				4AA74F1918EBF8C5004D13C7 /* main.m */,
				4AA74F1B18EBF8C5004D13C7 /* DataBinding-Prefix.pch */,
			);
			name = "Supporting Files";
			sourceTree = "<group>";
		};
		4AA74F3518EBF8C6004D13C7 /* DataBindingTests */ = {
			isa = PBXGroup;
			children = (
				4AA74F3B18EBF8C6004D13C7 /* DataBindingTests.m */,
				4AA74F3618EBF8C6004D13C7 /* Supporting Files */,
			);
			path = DataBindingTests;
			sourceTree = "<group>";
		};
		4AA74F3618EBF8C6004D13C7 /* Supporting Files */ = {
			isa = PBXGroup;
			children = (
				4AA74F3718EBF8C6004D13C7 /* DataBindingTests-Info.plist */,
				4AA74F3818EBF8C6004D13C7 /* InfoPlist.strings */,
			);
			name = "Supporting Files";
			sourceTree = "<group>";
		};
		4AA74F5A18EC4179004D13C7 /* Models */ = {
			isa = PBXGroup;
			children = (
				4AA74F5B18EC41F3004D13C7 /* Report.h */,
				4AA74F5C18EC41F3004D13C7 /* Report.m */,
				4AA74F5E18EC4490004D13C7 /* Reporter.h */,
				4AA74F5F18EC4490004D13C7 /* Reporter.m */,
				4AA74F6118EC45B7004D13C7 /* Chapter.h */,
				4AA74F6218EC45B7004D13C7 /* Chapter.m */,
				4AA74F6418EC46F1004D13C7 /* UserGroup.h */,
				4AA74F6518EC46F1004D13C7 /* UserGroup.m */,
				4AA74F6718EC4735004D13C7 /* User.h */,
				4AA74F6818EC4735004D13C7 /* User.m */,
				4AA74F6A18EC4981004D13C7 /* Account.h */,
				4AA74F6B18EC4981004D13C7 /* Account.m */,
			);
			name = Models;
			sourceTree = "<group>";
		};
		4AA74F7318EC4C2A004D13C7 /* Jastor */ = {
			isa = PBXGroup;
			children = (
				4AA74F6D18EC4C21004D13C7 /* Jastor.h */,
				4AA74F6E18EC4C21004D13C7 /* Jastor.m */,
				4AA74F6F18EC4C21004D13C7 /* JastorRuntimeHelper.h */,
				4AA74F7018EC4C21004D13C7 /* JastorRuntimeHelper.m */,
			);
			name = Jastor;
			sourceTree = "<group>";
		};
		4AA74FDD18ED55BA004D13C7 /* AFNetworking */ = {
			isa = PBXGroup;
			children = (
				4AA74FDE18ED55D2004D13C7 /* AFHTTPClient.h */,
				4AA74FDF18ED55D2004D13C7 /* AFHTTPClient.m */,
				4AA74FE018ED55D2004D13C7 /* AFHTTPRequestOperation.h */,
				4AA74FE118ED55D2004D13C7 /* AFHTTPRequestOperation.m */,
				4AA74FE218ED55D2004D13C7 /* AFImageRequestOperation.h */,
				4AA74FE318ED55D2004D13C7 /* AFImageRequestOperation.m */,
				4AA74FE418ED55D2004D13C7 /* AFJSONRequestOperation.h */,
				4AA74FE518ED55D2004D13C7 /* AFJSONRequestOperation.m */,
				4AA74FE618ED55D2004D13C7 /* AFNetworkActivityIndicatorManager.h */,
				4AA74FE718ED55D2004D13C7 /* AFNetworkActivityIndicatorManager.m */,
				4AA74FE818ED55D2004D13C7 /* AFNetworking.h */,
				4AA74FE918ED55D2004D13C7 /* AFPropertyListRequestOperation.h */,
				4AA74FEA18ED55D2004D13C7 /* AFPropertyListRequestOperation.m */,
				4AA74FEB18ED55D2004D13C7 /* AFURLConnectionOperation.h */,
				4AA74FEC18ED55D2004D13C7 /* AFURLConnectionOperation.m */,
				4AA74FED18ED55D2004D13C7 /* AFXMLRequestOperation.h */,
				4AA74FEE18ED55D2004D13C7 /* AFXMLRequestOperation.m */,
				4AA74FEF18ED55D2004D13C7 /* UIImageView+AFNetworking.h */,
				4AA74FF018ED55D2004D13C7 /* UIImageView+AFNetworking.m */,
			);
			name = AFNetworking;
			sourceTree = "<group>";
		};
/* End PBXGroup section */

/* Begin PBXNativeTarget section */
		4AA74F0918EBF8C5004D13C7 /* DataBinding */ = {
			isa = PBXNativeTarget;
			buildConfigurationList = 4AA74F3F18EBF8C6004D13C7 /* Build configuration list for PBXNativeTarget "DataBinding" */;
			buildPhases = (
				4AA74F0618EBF8C5004D13C7 /* Sources */,
				4AA74F0718EBF8C5004D13C7 /* Frameworks */,
				4AA74F0818EBF8C5004D13C7 /* Resources */,
			);
			buildRules = (
			);
			dependencies = (
			);
			name = DataBinding;
			productName = DataBinding;
			productReference = 4AA74F0A18EBF8C5004D13C7 /* DataBinding.app */;
			productType = "com.apple.product-type.application";
		};
		4AA74F2D18EBF8C6004D13C7 /* DataBindingTests */ = {
			isa = PBXNativeTarget;
			buildConfigurationList = 4AA74F4218EBF8C6004D13C7 /* Build configuration list for PBXNativeTarget "DataBindingTests" */;
			buildPhases = (
				4AA74F2A18EBF8C6004D13C7 /* Sources */,
				4AA74F2B18EBF8C6004D13C7 /* Frameworks */,
				4AA74F2C18EBF8C6004D13C7 /* Resources */,
			);
			buildRules = (
			);
			dependencies = (
				4AA74F3418EBF8C6004D13C7 /* PBXTargetDependency */,
			);
			name = DataBindingTests;
			productName = DataBindingTests;
			productReference = 4AA74F2E18EBF8C6004D13C7 /* DataBindingTests.xctest */;
			productType = "com.apple.product-type.bundle.unit-test";
		};
/* End PBXNativeTarget section */

/* Begin PBXProject section */
		4AA74F0218EBF8C5004D13C7 /* Project object */ = {
			isa = PBXProject;
			attributes = {
				CLASSPREFIX = VL;
				LastUpgradeCheck = 0510;
				ORGANIZATIONNAME = Valensas;
				TargetAttributes = {
					4AA74F2D18EBF8C6004D13C7 = {
						TestTargetID = 4AA74F0918EBF8C5004D13C7;
					};
				};
			};
			buildConfigurationList = 4AA74F0518EBF8C5004D13C7 /* Build configuration list for PBXProject "DataBinding" */;
			compatibilityVersion = "Xcode 3.2";
			developmentRegion = English;
			hasScannedForEncodings = 0;
			knownRegions = (
				en,
				Base,
			);
			mainGroup = 4AA74F0118EBF8C5004D13C7;
			productRefGroup = 4AA74F0B18EBF8C5004D13C7 /* Products */;
			projectDirPath = "";
			projectRoot = "";
			targets = (
				4AA74F0918EBF8C5004D13C7 /* DataBinding */,
				4AA74F2D18EBF8C6004D13C7 /* DataBindingTests */,
			);
		};
/* End PBXProject section */

/* Begin PBXResourcesBuildPhase section */
		4AA74F0818EBF8C5004D13C7 /* Resources */ = {
			isa = PBXResourcesBuildPhase;
			buildActionMask = 2147483647;
			files = (
				4AA74F2418EBF8C5004D13C7 /* Main_iPad.storyboard in Resources */,
				4AA74F2918EBF8C5004D13C7 /* Images.xcassets in Resources */,
				4AA74F2118EBF8C5004D13C7 /* Main_iPhone.storyboard in Resources */,
				4AA74FDC18ED4F5D004D13C7 /* Web in Resources */,
				4AA4283318F93AA0005296ED /* README.txt in Resources */,
				4AA74F1818EBF8C5004D13C7 /* InfoPlist.strings in Resources */,
			);
			runOnlyForDeploymentPostprocessing = 0;
		};
		4AA74F2C18EBF8C6004D13C7 /* Resources */ = {
			isa = PBXResourcesBuildPhase;
			buildActionMask = 2147483647;
			files = (
				4AA74F3A18EBF8C6004D13C7 /* InfoPlist.strings in Resources */,
			);
			runOnlyForDeploymentPostprocessing = 0;
		};
/* End PBXResourcesBuildPhase section */

/* Begin PBXSourcesBuildPhase section */
		4AA74F0618EBF8C5004D13C7 /* Sources */ = {
			isa = PBXSourcesBuildPhase;
			buildActionMask = 2147483647;
			files = (
				4AA4282718F93AA0005296ED /* HTTPDataResponse.m in Sources */,
				4AA74FF718ED55D2004D13C7 /* AFURLConnectionOperation.m in Sources */,
				4AA4281C18F93AA0005296ED /* RoutingConnection.m in Sources */,
				4AA74F7F18EC5891004D13C7 /* UIImageView+ByName.m in Sources */,
				4AA74FF118ED55D2004D13C7 /* AFHTTPClient.m in Sources */,
				4AA4282A18F93AA0005296ED /* HTTPRedirectResponse.m in Sources */,
				4AA4282C18F93AA0005296ED /* DDLog.m in Sources */,
				4AA4282F18F93AA0005296ED /* DDFileLogger.m in Sources */,
				4AA4282B18F93AA0005296ED /* GCDAsyncSocket.m in Sources */,
				4AA74F6018EC4490004D13C7 /* Reporter.m in Sources */,
				4AA4283218F93AA0005296ED /* DispatchQueueLogFormatter.m in Sources */,
				4AA74F6C18EC4981004D13C7 /* Account.m in Sources */,
				4AA74FF618ED55D2004D13C7 /* AFPropertyListRequestOperation.m in Sources */,
				4AA74FF818ED55D2004D13C7 /* AFXMLRequestOperation.m in Sources */,
				4AA4282E18F93AA0005296ED /* DDTTYLogger.m in Sources */,
				4AA4283018F93AA0005296ED /* DDAbstractDatabaseLogger.m in Sources */,
				4AA4283118F93AA0005296ED /* ContextFilterLogFormatter.m in Sources */,
				4AA4281F18F93AA0005296ED /* HTTPServer.m in Sources */,
				4AA4282318F93AA0005296ED /* DDData.m in Sources */,
				4AA74FF518ED55D2004D13C7 /* AFNetworkActivityIndicatorManager.m in Sources */,
				4AA74F5018EC3988004D13C7 /* VLFetchDataViewController.m in Sources */,
				4AA74F7218EC4C21004D13C7 /* JastorRuntimeHelper.m in Sources */,
				4AA74F7618EC563D004D13C7 /* WebService.m in Sources */,
				4AA74FF418ED55D2004D13C7 /* AFJSONRequestOperation.m in Sources */,
				4AA74FF218ED55D2004D13C7 /* AFHTTPRequestOperation.m in Sources */,
				4AA74F5918EC3B6C004D13C7 /* UITableViewCell+contentData.m in Sources */,
				4AA4281B18F93AA0005296ED /* RouteResponse.m in Sources */,
				4AA74F1E18EBF8C5004D13C7 /* VLAppDelegate.m in Sources */,
				4AA4281D18F93AA0005296ED /* RoutingHTTPServer.m in Sources */,
				4AA4281818F93AA0005296ED /* HTTPResponseProxy.m in Sources */,
				4AA4281A18F93AA0005296ED /* RouteRequest.m in Sources */,
				4AA7500018ED904C004D13C7 /* VLCreateUserViewController.m in Sources */,
				4AA4282018F93AA0005296ED /* HTTPConnection.m in Sources */,
				4AA4281918F93AA0005296ED /* Route.m in Sources */,
				4AA4282518F93AA0005296ED /* DDRange.m in Sources */,
				4AA74F2718EBF8C5004D13C7 /* VLViewController.m in Sources */,
				4AA4282918F93AA0005296ED /* HTTPFileResponse.m in Sources */,
				4AA74FF918ED55D2004D13C7 /* UIImageView+AFNetworking.m in Sources */,
				4AA4281E18F93AA0005296ED /* HTTPAuthenticationRequest.m in Sources */,
				4AA74F6918EC4735004D13C7 /* User.m in Sources */,
				4AA74F5318EC3ABF004D13C7 /* VLTableViewController.m in Sources */,
				4AA4282D18F93AA0005296ED /* DDASLLogger.m in Sources */,
				4AA74F7118EC4C21004D13C7 /* Jastor.m in Sources */,
				4AA74F4718EC1754004D13C7 /* DejalActivityView.m in Sources */,
				4AA74F4A18EC2068004D13C7 /* VLMultiButtonViewController.m in Sources */,
				4AA74F6618EC46F1004D13C7 /* UserGroup.m in Sources */,
				4AA4282618F93AA0005296ED /* HTTPAsyncFileResponse.m in Sources */,
				4AA74F5618EC3B3A004D13C7 /* UIView+VLPropertyBinding.m in Sources */,
				4AA4282818F93AA0005296ED /* HTTPDynamicFileResponse.m in Sources */,
				4AA74F5D18EC41F3004D13C7 /* Report.m in Sources */,
				4AA74F4D18EC2128004D13C7 /* WaitOperation.m in Sources */,
				4AA74FF318ED55D2004D13C7 /* AFImageRequestOperation.m in Sources */,
				4AA4282218F93AA0005296ED /* WebSocket.m in Sources */,
				4AA4282118F93AA0005296ED /* HTTPMessage.m in Sources */,
				4AA4282418F93AA0005296ED /* DDNumber.m in Sources */,
				4AA74F6318EC45B7004D13C7 /* Chapter.m in Sources */,
				4AA74F1A18EBF8C5004D13C7 /* main.m in Sources */,
			);
			runOnlyForDeploymentPostprocessing = 0;
		};
		4AA74F2A18EBF8C6004D13C7 /* Sources */ = {
			isa = PBXSourcesBuildPhase;
			buildActionMask = 2147483647;
			files = (
				4AA74F3C18EBF8C6004D13C7 /* DataBindingTests.m in Sources */,
			);
			runOnlyForDeploymentPostprocessing = 0;
		};
/* End PBXSourcesBuildPhase section */

/* Begin PBXTargetDependency section */
		4AA74F3418EBF8C6004D13C7 /* PBXTargetDependency */ = {
			isa = PBXTargetDependency;
			target = 4AA74F0918EBF8C5004D13C7 /* DataBinding */;
			targetProxy = 4AA74F3318EBF8C6004D13C7 /* PBXContainerItemProxy */;
		};
/* End PBXTargetDependency section */

/* Begin PBXVariantGroup section */
		4AA74F1618EBF8C5004D13C7 /* InfoPlist.strings */ = {
			isa = PBXVariantGroup;
			children = (
				4AA74F1718EBF8C5004D13C7 /* en */,
			);
			name = InfoPlist.strings;
			sourceTree = "<group>";
		};
		4AA74F1F18EBF8C5004D13C7 /* Main_iPhone.storyboard */ = {
			isa = PBXVariantGroup;
			children = (
				4AA74F2018EBF8C5004D13C7 /* Base */,
			);
			name = Main_iPhone.storyboard;
			sourceTree = "<group>";
		};
		4AA74F2218EBF8C5004D13C7 /* Main_iPad.storyboard */ = {
			isa = PBXVariantGroup;
			children = (
				4AA74F2318EBF8C5004D13C7 /* Base */,
			);
			name = Main_iPad.storyboard;
			sourceTree = "<group>";
		};
		4AA74F3818EBF8C6004D13C7 /* InfoPlist.strings */ = {
			isa = PBXVariantGroup;
			children = (
				4AA74F3918EBF8C6004D13C7 /* en */,
			);
			name = InfoPlist.strings;
			sourceTree = "<group>";
		};
/* End PBXVariantGroup section */

/* Begin XCBuildConfiguration section */
		4AA74F3D18EBF8C6004D13C7 /* Debug */ = {
			isa = XCBuildConfiguration;
			buildSettings = {
				ALWAYS_SEARCH_USER_PATHS = NO;
				CLANG_CXX_LANGUAGE_STANDARD = "gnu++0x";
				CLANG_CXX_LIBRARY = "libc++";
				CLANG_ENABLE_MODULES = YES;
				CLANG_ENABLE_OBJC_ARC = YES;
				CLANG_WARN_BOOL_CONVERSION = YES;
				CLANG_WARN_CONSTANT_CONVERSION = YES;
				CLANG_WARN_DIRECT_OBJC_ISA_USAGE = YES_ERROR;
				CLANG_WARN_EMPTY_BODY = YES;
				CLANG_WARN_ENUM_CONVERSION = YES;
				CLANG_WARN_INT_CONVERSION = YES;
				CLANG_WARN_OBJC_ROOT_CLASS = YES_ERROR;
				CLANG_WARN__DUPLICATE_METHOD_MATCH = YES;
				"CODE_SIGN_IDENTITY[sdk=iphoneos*]" = "iPhone Developer";
				COPY_PHASE_STRIP = NO;
				GCC_C_LANGUAGE_STANDARD = gnu99;
				GCC_DYNAMIC_NO_PIC = NO;
				GCC_OPTIMIZATION_LEVEL = 0;
				GCC_PREPROCESSOR_DEFINITIONS = (
					"DEBUG=1",
					"$(inherited)",
				);
				GCC_SYMBOLS_PRIVATE_EXTERN = NO;
				GCC_WARN_64_TO_32_BIT_CONVERSION = YES;
				GCC_WARN_ABOUT_RETURN_TYPE = YES_ERROR;
				GCC_WARN_UNDECLARED_SELECTOR = YES;
				GCC_WARN_UNINITIALIZED_AUTOS = YES_AGGRESSIVE;
				GCC_WARN_UNUSED_FUNCTION = YES;
				GCC_WARN_UNUSED_VARIABLE = YES;
				IPHONEOS_DEPLOYMENT_TARGET = 7.1;
				ONLY_ACTIVE_ARCH = YES;
				SDKROOT = iphoneos;
				TARGETED_DEVICE_FAMILY = "1,2";
			};
			name = Debug;
		};
		4AA74F3E18EBF8C6004D13C7 /* Release */ = {
			isa = XCBuildConfiguration;
			buildSettings = {
				ALWAYS_SEARCH_USER_PATHS = NO;
				CLANG_CXX_LANGUAGE_STANDARD = "gnu++0x";
				CLANG_CXX_LIBRARY = "libc++";
				CLANG_ENABLE_MODULES = YES;
				CLANG_ENABLE_OBJC_ARC = YES;
				CLANG_WARN_BOOL_CONVERSION = YES;
				CLANG_WARN_CONSTANT_CONVERSION = YES;
				CLANG_WARN_DIRECT_OBJC_ISA_USAGE = YES_ERROR;
				CLANG_WARN_EMPTY_BODY = YES;
				CLANG_WARN_ENUM_CONVERSION = YES;
				CLANG_WARN_INT_CONVERSION = YES;
				CLANG_WARN_OBJC_ROOT_CLASS = YES_ERROR;
				CLANG_WARN__DUPLICATE_METHOD_MATCH = YES;
				"CODE_SIGN_IDENTITY[sdk=iphoneos*]" = "iPhone Developer";
				COPY_PHASE_STRIP = YES;
				ENABLE_NS_ASSERTIONS = NO;
				GCC_C_LANGUAGE_STANDARD = gnu99;
				GCC_WARN_64_TO_32_BIT_CONVERSION = YES;
				GCC_WARN_ABOUT_RETURN_TYPE = YES_ERROR;
				GCC_WARN_UNDECLARED_SELECTOR = YES;
				GCC_WARN_UNINITIALIZED_AUTOS = YES_AGGRESSIVE;
				GCC_WARN_UNUSED_FUNCTION = YES;
				GCC_WARN_UNUSED_VARIABLE = YES;
				IPHONEOS_DEPLOYMENT_TARGET = 7.1;
				SDKROOT = iphoneos;
				TARGETED_DEVICE_FAMILY = "1,2";
				VALIDATE_PRODUCT = YES;
			};
			name = Release;
		};
		4AA74F4018EBF8C6004D13C7 /* Debug */ = {
			isa = XCBuildConfiguration;
			buildSettings = {
				ASSETCATALOG_COMPILER_APPICON_NAME = AppIcon;
				ASSETCATALOG_COMPILER_LAUNCHIMAGE_NAME = LaunchImage;
				GCC_PRECOMPILE_PREFIX_HEADER = YES;
				GCC_PREFIX_HEADER = "DataBinding/DataBinding-Prefix.pch";
				INFOPLIST_FILE = "DataBinding/DataBinding-Info.plist";
				PRODUCT_NAME = "$(TARGET_NAME)";
				WRAPPER_EXTENSION = app;
			};
			name = Debug;
		};
		4AA74F4118EBF8C6004D13C7 /* Release */ = {
			isa = XCBuildConfiguration;
			buildSettings = {
				ASSETCATALOG_COMPILER_APPICON_NAME = AppIcon;
				ASSETCATALOG_COMPILER_LAUNCHIMAGE_NAME = LaunchImage;
				GCC_PRECOMPILE_PREFIX_HEADER = YES;
				GCC_PREFIX_HEADER = "DataBinding/DataBinding-Prefix.pch";
				INFOPLIST_FILE = "DataBinding/DataBinding-Info.plist";
				PRODUCT_NAME = "$(TARGET_NAME)";
				WRAPPER_EXTENSION = app;
			};
			name = Release;
		};
		4AA74F4318EBF8C6004D13C7 /* Debug */ = {
			isa = XCBuildConfiguration;
			buildSettings = {
				BUNDLE_LOADER = "$(BUILT_PRODUCTS_DIR)/DataBinding.app/DataBinding";
				FRAMEWORK_SEARCH_PATHS = (
					"$(SDKROOT)/Developer/Library/Frameworks",
					"$(inherited)",
					"$(DEVELOPER_FRAMEWORKS_DIR)",
				);
				GCC_PRECOMPILE_PREFIX_HEADER = YES;
				GCC_PREFIX_HEADER = "DataBinding/DataBinding-Prefix.pch";
				GCC_PREPROCESSOR_DEFINITIONS = (
					"DEBUG=1",
					"$(inherited)",
				);
				INFOPLIST_FILE = "DataBindingTests/DataBindingTests-Info.plist";
				PRODUCT_NAME = "$(TARGET_NAME)";
				TEST_HOST = "$(BUNDLE_LOADER)";
				WRAPPER_EXTENSION = xctest;
			};
			name = Debug;
		};
		4AA74F4418EBF8C6004D13C7 /* Release */ = {
			isa = XCBuildConfiguration;
			buildSettings = {
				BUNDLE_LOADER = "$(BUILT_PRODUCTS_DIR)/DataBinding.app/DataBinding";
				FRAMEWORK_SEARCH_PATHS = (
					"$(SDKROOT)/Developer/Library/Frameworks",
					"$(inherited)",
					"$(DEVELOPER_FRAMEWORKS_DIR)",
				);
				GCC_PRECOMPILE_PREFIX_HEADER = YES;
				GCC_PREFIX_HEADER = "DataBinding/DataBinding-Prefix.pch";
				INFOPLIST_FILE = "DataBindingTests/DataBindingTests-Info.plist";
				PRODUCT_NAME = "$(TARGET_NAME)";
				TEST_HOST = "$(BUNDLE_LOADER)";
				WRAPPER_EXTENSION = xctest;
			};
			name = Release;
		};
/* End XCBuildConfiguration section */

/* Begin XCConfigurationList section */
		4AA74F0518EBF8C5004D13C7 /* Build configuration list for PBXProject "DataBinding" */ = {
			isa = XCConfigurationList;
			buildConfigurations = (
				4AA74F3D18EBF8C6004D13C7 /* Debug */,
				4AA74F3E18EBF8C6004D13C7 /* Release */,
			);
			defaultConfigurationIsVisible = 0;
			defaultConfigurationName = Release;
		};
		4AA74F3F18EBF8C6004D13C7 /* Build configuration list for PBXNativeTarget "DataBinding" */ = {
			isa = XCConfigurationList;
			buildConfigurations = (
				4AA74F4018EBF8C6004D13C7 /* Debug */,
				4AA74F4118EBF8C6004D13C7 /* Release */,
			);
			defaultConfigurationIsVisible = 0;
			defaultConfigurationName = Release;
		};
		4AA74F4218EBF8C6004D13C7 /* Build configuration list for PBXNativeTarget "DataBindingTests" */ = {
			isa = XCConfigurationList;
			buildConfigurations = (
				4AA74F4318EBF8C6004D13C7 /* Debug */,
				4AA74F4418EBF8C6004D13C7 /* Release */,
			);
			defaultConfigurationIsVisible = 0;
			defaultConfigurationName = Release;
		};
/* End XCConfigurationList section */
	};
	rootObject = 4AA74F0218EBF8C5004D13C7 /* Project object */;
}
