// !$*UTF8*$!
{
	archiveVersion = 1;
	classes = {
	};
	objectVersion = 46;
	objects = {

/* Begin PBXBuildFile section */
		4AA74F0E18EBF8C5004D13C7 /* Foundation.framework in Frameworks */ = {isa = PBXBuildFile; fileRef = 4AA74F0D18EBF8C5004D13C7 /* Foundation.framework */; };
		4AA74F1018EBF8C5004D13C7 /* CoreGraphics.framework in Frameworks */ = {isa = PBXBuildFile; fileRef = 4AA74F0F18EBF8C5004D13C7 /* CoreGraphics.framework */; };
		4AA74F1218EBF8C5004D13C7 /* UIKit.framework in Frameworks */ = {isa = PBXBuildFile; fileRef = 4AA74F1118EBF8C5004D13C7 /* UIKit.framework */; };
		4AA74F1818EBF8C5004D13C7 /* InfoPlist.strings in Resources */ = {isa = PBXBuildFile; fileRef = 4AA74F1618EBF8C5004D13C7 /* InfoPlist.strings */; };
		4AA74F1A18EBF8C5004D13C7 /* main.m in Sources */ = {isa = PBXBuildFile; fileRef = 4AA74F1918EBF8C5004D13C7 /* main.m */; };
		4AA74F1E18EBF8C5004D13C7 /* VLAppDelegate.m in Sources */ = {isa = PBXBuildFile; fileRef = 4AA74F1D18EBF8C5004D13C7 /* VLAppDelegate.m */; };
		4AA74F2118EBF8C5004D13C7 /* Main_iPhone.storyboard in Resources */ = {isa = PBXBuildFile; fileRef = 4AA74F1F18EBF8C5004D13C7 /* Main_iPhone.storyboard */; };
		4AA74F2418EBF8C5004D13C7 /* Main_iPad.storyboard in Resources */ = {isa = PBXBuildFile; fileRef = 4AA74F2218EBF8C5004D13C7 /* Main_iPad.storyboard */; };
		4AA74F2718EBF8C5004D13C7 /* VLViewController.m in Sources */ = {isa = PBXBuildFile; fileRef = 4AA74F2618EBF8C5004D13C7 /* VLViewController.m */; };
		4AA74F2918EBF8C5004D13C7 /* Images.xcassets in Resources */ = {isa = PBXBuildFile; fileRef = 4AA74F2818EBF8C5004D13C7 /* Images.xcassets */; };
		4AA74F3018EBF8C6004D13C7 /* XCTest.framework in Frameworks */ = {isa = PBXBuildFile; fileRef = 4AA74F2F18EBF8C6004D13C7 /* XCTest.framework */; };
		4AA74F3118EBF8C6004D13C7 /* Foundation.framework in Frameworks */ = {isa = PBXBuildFile; fileRef = 4AA74F0D18EBF8C5004D13C7 /* Foundation.framework */; };
		4AA74F3218EBF8C6004D13C7 /* UIKit.framework in Frameworks */ = {isa = PBXBuildFile; fileRef = 4AA74F1118EBF8C5004D13C7 /* UIKit.framework */; };
		4AA74F3A18EBF8C6004D13C7 /* InfoPlist.strings in Resources */ = {isa = PBXBuildFile; fileRef = 4AA74F3818EBF8C6004D13C7 /* InfoPlist.strings */; };
		4AA74F3C18EBF8C6004D13C7 /* DataBindingTests.m in Sources */ = {isa = PBXBuildFile; fileRef = 4AA74F3B18EBF8C6004D13C7 /* DataBindingTests.m */; };
/* End PBXBuildFile section */

/* Begin PBXContainerItemProxy section */
		4AA74F3318EBF8C6004D13C7 /* PBXContainerItemProxy */ = {
			isa = PBXContainerItemProxy;
			containerPortal = 4AA74F0218EBF8C5004D13C7 /* Project object */;
			proxyType = 1;
			remoteGlobalIDString = 4AA74F0918EBF8C5004D13C7;
			remoteInfo = DataBinding;
		};
/* End PBXContainerItemProxy section */

/* Begin PBXFileReference section */
		4AA74F0A18EBF8C5004D13C7 /* DataBinding.app */ = {isa = PBXFileReference; explicitFileType = wrapper.application; includeInIndex = 0; path = DataBinding.app; sourceTree = BUILT_PRODUCTS_DIR; };
		4AA74F0D18EBF8C5004D13C7 /* Foundation.framework */ = {isa = PBXFileReference; lastKnownFileType = wrapper.framework; name = Foundation.framework; path = System/Library/Frameworks/Foundation.framework; sourceTree = SDKROOT; };
		4AA74F0F18EBF8C5004D13C7 /* CoreGraphics.framework */ = {isa = PBXFileReference; lastKnownFileType = wrapper.framework; name = CoreGraphics.framework; path = System/Library/Frameworks/CoreGraphics.framework; sourceTree = SDKROOT; };
		4AA74F1118EBF8C5004D13C7 /* UIKit.framework */ = {isa = PBXFileReference; lastKnownFileType = wrapper.framework; name = UIKit.framework; path = System/Library/Frameworks/UIKit.framework; sourceTree = SDKROOT; };
		4AA74F1518EBF8C5004D13C7 /* DataBinding-Info.plist */ = {isa = PBXFileReference; lastKnownFileType = text.plist.xml; path = "DataBinding-Info.plist"; sourceTree = "<group>"; };
		4AA74F1718EBF8C5004D13C7 /* en */ = {isa = PBXFileReference; lastKnownFileType = text.plist.strings; name = en; path = en.lproj/InfoPlist.strings; sourceTree = "<group>"; };
		4AA74F1918EBF8C5004D13C7 /* main.m */ = {isa = PBXFileReference; lastKnownFileType = sourcecode.c.objc; path = main.m; sourceTree = "<group>"; };
		4AA74F1B18EBF8C5004D13C7 /* DataBinding-Prefix.pch */ = {isa = PBXFileReference; lastKnownFileType = sourcecode.c.h; path = "DataBinding-Prefix.pch"; sourceTree = "<group>"; };
		4AA74F1C18EBF8C5004D13C7 /* VLAppDelegate.h */ = {isa = PBXFileReference; lastKnownFileType = sourcecode.c.h; path = VLAppDelegate.h; sourceTree = "<group>"; };
		4AA74F1D18EBF8C5004D13C7 /* VLAppDelegate.m */ = {isa = PBXFileReference; lastKnownFileType = sourcecode.c.objc; path = VLAppDelegate.m; sourceTree = "<group>"; };
		4AA74F2018EBF8C5004D13C7 /* Base */ = {isa = PBXFileReference; lastKnownFileType = file.storyboard; name = Base; path = Base.lproj/Main_iPhone.storyboard; sourceTree = "<group>"; };
		4AA74F2318EBF8C5004D13C7 /* Base */ = {isa = PBXFileReference; lastKnownFileType = file.storyboard; name = Base; path = Base.lproj/Main_iPad.storyboard; sourceTree = "<group>"; };
		4AA74F2518EBF8C5004D13C7 /* VLViewController.h */ = {isa = PBXFileReference; lastKnownFileType = sourcecode.c.h; path = VLViewController.h; sourceTree = "<group>"; };
		4AA74F2618EBF8C5004D13C7 /* VLViewController.m */ = {isa = PBXFileReference; lastKnownFileType = sourcecode.c.objc; path = VLViewController.m; sourceTree = "<group>"; };
		4AA74F2818EBF8C5004D13C7 /* Images.xcassets */ = {isa = PBXFileReference; lastKnownFileType = folder.assetcatalog; path = Images.xcassets; sourceTree = "<group>"; };
		4AA74F2E18EBF8C6004D13C7 /* DataBindingTests.xctest */ = {isa = PBXFileReference; explicitFileType = wrapper.cfbundle; includeInIndex = 0; path = DataBindingTests.xctest; sourceTree = BUILT_PRODUCTS_DIR; };
		4AA74F2F18EBF8C6004D13C7 /* XCTest.framework */ = {isa = PBXFileReference; lastKnownFileType = wrapper.framework; name = XCTest.framework; path = Library/Frameworks/XCTest.framework; sourceTree = DEVELOPER_DIR; };
		4AA74F3718EBF8C6004D13C7 /* DataBindingTests-Info.plist */ = {isa = PBXFileReference; lastKnownFileType = text.plist.xml; path = "DataBindingTests-Info.plist"; sourceTree = "<group>"; };
		4AA74F3918EBF8C6004D13C7 /* en */ = {isa = PBXFileReference; lastKnownFileType = text.plist.strings; name = en; path = en.lproj/InfoPlist.strings; sourceTree = "<group>"; };
		4AA74F3B18EBF8C6004D13C7 /* DataBindingTests.m */ = {isa = PBXFileReference; lastKnownFileType = sourcecode.c.objc; path = DataBindingTests.m; sourceTree = "<group>"; };
/* End PBXFileReference section */

/* Begin PBXFrameworksBuildPhase section */
		4AA74F0718EBF8C5004D13C7 /* Frameworks */ = {
			isa = PBXFrameworksBuildPhase;
			buildActionMask = 2147483647;
			files = (
				4AA74F1018EBF8C5004D13C7 /* CoreGraphics.framework in Frameworks */,
				4AA74F1218EBF8C5004D13C7 /* UIKit.framework in Frameworks */,
				4AA74F0E18EBF8C5004D13C7 /* Foundation.framework in Frameworks */,
			);
			runOnlyForDeploymentPostprocessing = 0;
		};
		4AA74F2B18EBF8C6004D13C7 /* Frameworks */ = {
			isa = PBXFrameworksBuildPhase;
			buildActionMask = 2147483647;
			files = (
				4AA74F3018EBF8C6004D13C7 /* XCTest.framework in Frameworks */,
				4AA74F3218EBF8C6004D13C7 /* UIKit.framework in Frameworks */,
				4AA74F3118EBF8C6004D13C7 /* Foundation.framework in Frameworks */,
			);
			runOnlyForDeploymentPostprocessing = 0;
		};
/* End PBXFrameworksBuildPhase section */

/* Begin PBXGroup section */
		4AA74F0118EBF8C5004D13C7 = {
			isa = PBXGroup;
			children = (
				4AA74F1318EBF8C5004D13C7 /* DataBinding */,
				4AA74F3518EBF8C6004D13C7 /* DataBindingTests */,
				4AA74F0C18EBF8C5004D13C7 /* Frameworks */,
				4AA74F0B18EBF8C5004D13C7 /* Products */,
			);
			sourceTree = "<group>";
		};
		4AA74F0B18EBF8C5004D13C7 /* Products */ = {
			isa = PBXGroup;
			children = (
				4AA74F0A18EBF8C5004D13C7 /* DataBinding.app */,
				4AA74F2E18EBF8C6004D13C7 /* DataBindingTests.xctest */,
			);
			name = Products;
			sourceTree = "<group>";
		};
		4AA74F0C18EBF8C5004D13C7 /* Frameworks */ = {
			isa = PBXGroup;
			children = (
				4AA74F0D18EBF8C5004D13C7 /* Foundation.framework */,
				4AA74F0F18EBF8C5004D13C7 /* CoreGraphics.framework */,
				4AA74F1118EBF8C5004D13C7 /* UIKit.framework */,
				4AA74F2F18EBF8C6004D13C7 /* XCTest.framework */,
			);
			name = Frameworks;
			sourceTree = "<group>";
		};
		4AA74F1318EBF8C5004D13C7 /* DataBinding */ = {
			isa = PBXGroup;
			children = (
				4AA74F1C18EBF8C5004D13C7 /* VLAppDelegate.h */,
				4AA74F1D18EBF8C5004D13C7 /* VLAppDelegate.m */,
				4AA74F1F18EBF8C5004D13C7 /* Main_iPhone.storyboard */,
				4AA74F2218EBF8C5004D13C7 /* Main_iPad.storyboard */,
				4AA74F2518EBF8C5004D13C7 /* VLViewController.h */,
				4AA74F2618EBF8C5004D13C7 /* VLViewController.m */,
				4AA74F2818EBF8C5004D13C7 /* Images.xcassets */,
				4AA74F1418EBF8C5004D13C7 /* Supporting Files */,
			);
			path = DataBinding;
			sourceTree = "<group>";
		};
		4AA74F1418EBF8C5004D13C7 /* Supporting Files */ = {
			isa = PBXGroup;
			children = (
				4AA74F1518EBF8C5004D13C7 /* DataBinding-Info.plist */,
				4AA74F1618EBF8C5004D13C7 /* InfoPlist.strings */,
				4AA74F1918EBF8C5004D13C7 /* main.m */,
				4AA74F1B18EBF8C5004D13C7 /* DataBinding-Prefix.pch */,
			);
			name = "Supporting Files";
			sourceTree = "<group>";
		};
		4AA74F3518EBF8C6004D13C7 /* DataBindingTests */ = {
			isa = PBXGroup;
			children = (
				4AA74F3B18EBF8C6004D13C7 /* DataBindingTests.m */,
				4AA74F3618EBF8C6004D13C7 /* Supporting Files */,
			);
			path = DataBindingTests;
			sourceTree = "<group>";
		};
		4AA74F3618EBF8C6004D13C7 /* Supporting Files */ = {
			isa = PBXGroup;
			children = (
				4AA74F3718EBF8C6004D13C7 /* DataBindingTests-Info.plist */,
				4AA74F3818EBF8C6004D13C7 /* InfoPlist.strings */,
			);
			name = "Supporting Files";
			sourceTree = "<group>";
		};
/* End PBXGroup section */

/* Begin PBXNativeTarget section */
		4AA74F0918EBF8C5004D13C7 /* DataBinding */ = {
			isa = PBXNativeTarget;
			buildConfigurationList = 4AA74F3F18EBF8C6004D13C7 /* Build configuration list for PBXNativeTarget "DataBinding" */;
			buildPhases = (
				4AA74F0618EBF8C5004D13C7 /* Sources */,
				4AA74F0718EBF8C5004D13C7 /* Frameworks */,
				4AA74F0818EBF8C5004D13C7 /* Resources */,
			);
			buildRules = (
			);
			dependencies = (
			);
			name = DataBinding;
			productName = DataBinding;
			productReference = 4AA74F0A18EBF8C5004D13C7 /* DataBinding.app */;
			productType = "com.apple.product-type.application";
		};
		4AA74F2D18EBF8C6004D13C7 /* DataBindingTests */ = {
			isa = PBXNativeTarget;
			buildConfigurationList = 4AA74F4218EBF8C6004D13C7 /* Build configuration list for PBXNativeTarget "DataBindingTests" */;
			buildPhases = (
				4AA74F2A18EBF8C6004D13C7 /* Sources */,
				4AA74F2B18EBF8C6004D13C7 /* Frameworks */,
				4AA74F2C18EBF8C6004D13C7 /* Resources */,
			);
			buildRules = (
			);
			dependencies = (
				4AA74F3418EBF8C6004D13C7 /* PBXTargetDependency */,
			);
			name = DataBindingTests;
			productName = DataBindingTests;
			productReference = 4AA74F2E18EBF8C6004D13C7 /* DataBindingTests.xctest */;
			productType = "com.apple.product-type.bundle.unit-test";
		};
/* End PBXNativeTarget section */

/* Begin PBXProject section */
		4AA74F0218EBF8C5004D13C7 /* Project object */ = {
			isa = PBXProject;
			attributes = {
				CLASSPREFIX = VL;
				LastUpgradeCheck = 0510;
				ORGANIZATIONNAME = Valensas;
				TargetAttributes = {
					4AA74F2D18EBF8C6004D13C7 = {
						TestTargetID = 4AA74F0918EBF8C5004D13C7;
					};
				};
			};
			buildConfigurationList = 4AA74F0518EBF8C5004D13C7 /* Build configuration list for PBXProject "DataBinding" */;
			compatibilityVersion = "Xcode 3.2";
			developmentRegion = English;
			hasScannedForEncodings = 0;
			knownRegions = (
				en,
				Base,
			);
			mainGroup = 4AA74F0118EBF8C5004D13C7;
			productRefGroup = 4AA74F0B18EBF8C5004D13C7 /* Products */;
			projectDirPath = "";
			projectRoot = "";
			targets = (
				4AA74F0918EBF8C5004D13C7 /* DataBinding */,
				4AA74F2D18EBF8C6004D13C7 /* DataBindingTests */,
			);
		};
/* End PBXProject section */

/* Begin PBXResourcesBuildPhase section */
		4AA74F0818EBF8C5004D13C7 /* Resources */ = {
			isa = PBXResourcesBuildPhase;
			buildActionMask = 2147483647;
			files = (
				4AA74F2418EBF8C5004D13C7 /* Main_iPad.storyboard in Resources */,
				4AA74F2918EBF8C5004D13C7 /* Images.xcassets in Resources */,
				4AA74F2118EBF8C5004D13C7 /* Main_iPhone.storyboard in Resources */,
				4AA74F1818EBF8C5004D13C7 /* InfoPlist.strings in Resources */,
			);
			runOnlyForDeploymentPostprocessing = 0;
		};
		4AA74F2C18EBF8C6004D13C7 /* Resources */ = {
			isa = PBXResourcesBuildPhase;
			buildActionMask = 2147483647;
			files = (
				4AA74F3A18EBF8C6004D13C7 /* InfoPlist.strings in Resources */,
			);
			runOnlyForDeploymentPostprocessing = 0;
		};
/* End PBXResourcesBuildPhase section */

/* Begin PBXSourcesBuildPhase section */
		4AA74F0618EBF8C5004D13C7 /* Sources */ = {
			isa = PBXSourcesBuildPhase;
			buildActionMask = 2147483647;
			files = (
				4AA74F1E18EBF8C5004D13C7 /* VLAppDelegate.m in Sources */,
				4AA74F2718EBF8C5004D13C7 /* VLViewController.m in Sources */,
				4AA74F1A18EBF8C5004D13C7 /* main.m in Sources */,
			);
			runOnlyForDeploymentPostprocessing = 0;
		};
		4AA74F2A18EBF8C6004D13C7 /* Sources */ = {
			isa = PBXSourcesBuildPhase;
			buildActionMask = 2147483647;
			files = (
				4AA74F3C18EBF8C6004D13C7 /* DataBindingTests.m in Sources */,
			);
			runOnlyForDeploymentPostprocessing = 0;
		};
/* End PBXSourcesBuildPhase section */

/* Begin PBXTargetDependency section */
		4AA74F3418EBF8C6004D13C7 /* PBXTargetDependency */ = {
			isa = PBXTargetDependency;
			target = 4AA74F0918EBF8C5004D13C7 /* DataBinding */;
			targetProxy = 4AA74F3318EBF8C6004D13C7 /* PBXContainerItemProxy */;
		};
/* End PBXTargetDependency section */

/* Begin PBXVariantGroup section */
		4AA74F1618EBF8C5004D13C7 /* InfoPlist.strings */ = {
			isa = PBXVariantGroup;
			children = (
				4AA74F1718EBF8C5004D13C7 /* en */,
			);
			name = InfoPlist.strings;
			sourceTree = "<group>";
		};
		4AA74F1F18EBF8C5004D13C7 /* Main_iPhone.storyboard */ = {
			isa = PBXVariantGroup;
			children = (
				4AA74F2018EBF8C5004D13C7 /* Base */,
			);
			name = Main_iPhone.storyboard;
			sourceTree = "<group>";
		};
		4AA74F2218EBF8C5004D13C7 /* Main_iPad.storyboard */ = {
			isa = PBXVariantGroup;
			children = (
				4AA74F2318EBF8C5004D13C7 /* Base */,
			);
			name = Main_iPad.storyboard;
			sourceTree = "<group>";
		};
		4AA74F3818EBF8C6004D13C7 /* InfoPlist.strings */ = {
			isa = PBXVariantGroup;
			children = (
				4AA74F3918EBF8C6004D13C7 /* en */,
			);
			name = InfoPlist.strings;
			sourceTree = "<group>";
		};
/* End PBXVariantGroup section */

/* Begin XCBuildConfiguration section */
		4AA74F3D18EBF8C6004D13C7 /* Debug */ = {
			isa = XCBuildConfiguration;
			buildSettings = {
				ALWAYS_SEARCH_USER_PATHS = NO;
				CLANG_CXX_LANGUAGE_STANDARD = "gnu++0x";
				CLANG_CXX_LIBRARY = "libc++";
				CLANG_ENABLE_MODULES = YES;
				CLANG_ENABLE_OBJC_ARC = YES;
				CLANG_WARN_BOOL_CONVERSION = YES;
				CLANG_WARN_CONSTANT_CONVERSION = YES;
				CLANG_WARN_DIRECT_OBJC_ISA_USAGE = YES_ERROR;
				CLANG_WARN_EMPTY_BODY = YES;
				CLANG_WARN_ENUM_CONVERSION = YES;
				CLANG_WARN_INT_CONVERSION = YES;
				CLANG_WARN_OBJC_ROOT_CLASS = YES_ERROR;
				CLANG_WARN__DUPLICATE_METHOD_MATCH = YES;
				"CODE_SIGN_IDENTITY[sdk=iphoneos*]" = "iPhone Developer";
				COPY_PHASE_STRIP = NO;
				GCC_C_LANGUAGE_STANDARD = gnu99;
				GCC_DYNAMIC_NO_PIC = NO;
				GCC_OPTIMIZATION_LEVEL = 0;
				GCC_PREPROCESSOR_DEFINITIONS = (
					"DEBUG=1",
					"$(inherited)",
				);
				GCC_SYMBOLS_PRIVATE_EXTERN = NO;
				GCC_WARN_64_TO_32_BIT_CONVERSION = YES;
				GCC_WARN_ABOUT_RETURN_TYPE = YES_ERROR;
				GCC_WARN_UNDECLARED_SELECTOR = YES;
				GCC_WARN_UNINITIALIZED_AUTOS = YES_AGGRESSIVE;
				GCC_WARN_UNUSED_FUNCTION = YES;
				GCC_WARN_UNUSED_VARIABLE = YES;
				IPHONEOS_DEPLOYMENT_TARGET = 7.1;
				ONLY_ACTIVE_ARCH = YES;
				SDKROOT = iphoneos;
				TARGETED_DEVICE_FAMILY = "1,2";
			};
			name = Debug;
		};
		4AA74F3E18EBF8C6004D13C7 /* Release */ = {
			isa = XCBuildConfiguration;
			buildSettings = {
				ALWAYS_SEARCH_USER_PATHS = NO;
				CLANG_CXX_LANGUAGE_STANDARD = "gnu++0x";
				CLANG_CXX_LIBRARY = "libc++";
				CLANG_ENABLE_MODULES = YES;
				CLANG_ENABLE_OBJC_ARC = YES;
				CLANG_WARN_BOOL_CONVERSION = YES;
				CLANG_WARN_CONSTANT_CONVERSION = YES;
				CLANG_WARN_DIRECT_OBJC_ISA_USAGE = YES_ERROR;
				CLANG_WARN_EMPTY_BODY = YES;
				CLANG_WARN_ENUM_CONVERSION = YES;
				CLANG_WARN_INT_CONVERSION = YES;
				CLANG_WARN_OBJC_ROOT_CLASS = YES_ERROR;
				CLANG_WARN__DUPLICATE_METHOD_MATCH = YES;
				"CODE_SIGN_IDENTITY[sdk=iphoneos*]" = "iPhone Developer";
				COPY_PHASE_STRIP = YES;
				ENABLE_NS_ASSERTIONS = NO;
				GCC_C_LANGUAGE_STANDARD = gnu99;
				GCC_WARN_64_TO_32_BIT_CONVERSION = YES;
				GCC_WARN_ABOUT_RETURN_TYPE = YES_ERROR;
				GCC_WARN_UNDECLARED_SELECTOR = YES;
				GCC_WARN_UNINITIALIZED_AUTOS = YES_AGGRESSIVE;
				GCC_WARN_UNUSED_FUNCTION = YES;
				GCC_WARN_UNUSED_VARIABLE = YES;
				IPHONEOS_DEPLOYMENT_TARGET = 7.1;
				SDKROOT = iphoneos;
				TARGETED_DEVICE_FAMILY = "1,2";
				VALIDATE_PRODUCT = YES;
			};
			name = Release;
		};
		4AA74F4018EBF8C6004D13C7 /* Debug */ = {
			isa = XCBuildConfiguration;
			buildSettings = {
				ASSETCATALOG_COMPILER_APPICON_NAME = AppIcon;
				ASSETCATALOG_COMPILER_LAUNCHIMAGE_NAME = LaunchImage;
				GCC_PRECOMPILE_PREFIX_HEADER = YES;
				GCC_PREFIX_HEADER = "DataBinding/DataBinding-Prefix.pch";
				INFOPLIST_FILE = "DataBinding/DataBinding-Info.plist";
				PRODUCT_NAME = "$(TARGET_NAME)";
				WRAPPER_EXTENSION = app;
			};
			name = Debug;
		};
		4AA74F4118EBF8C6004D13C7 /* Release */ = {
			isa = XCBuildConfiguration;
			buildSettings = {
				ASSETCATALOG_COMPILER_APPICON_NAME = AppIcon;
				ASSETCATALOG_COMPILER_LAUNCHIMAGE_NAME = LaunchImage;
				GCC_PRECOMPILE_PREFIX_HEADER = YES;
				GCC_PREFIX_HEADER = "DataBinding/DataBinding-Prefix.pch";
				INFOPLIST_FILE = "DataBinding/DataBinding-Info.plist";
				PRODUCT_NAME = "$(TARGET_NAME)";
				WRAPPER_EXTENSION = app;
			};
			name = Release;
		};
		4AA74F4318EBF8C6004D13C7 /* Debug */ = {
			isa = XCBuildConfiguration;
			buildSettings = {
				BUNDLE_LOADER = "$(BUILT_PRODUCTS_DIR)/DataBinding.app/DataBinding";
				FRAMEWORK_SEARCH_PATHS = (
					"$(SDKROOT)/Developer/Library/Frameworks",
					"$(inherited)",
					"$(DEVELOPER_FRAMEWORKS_DIR)",
				);
				GCC_PRECOMPILE_PREFIX_HEADER = YES;
				GCC_PREFIX_HEADER = "DataBinding/DataBinding-Prefix.pch";
				GCC_PREPROCESSOR_DEFINITIONS = (
					"DEBUG=1",
					"$(inherited)",
				);
				INFOPLIST_FILE = "DataBindingTests/DataBindingTests-Info.plist";
				PRODUCT_NAME = "$(TARGET_NAME)";
				TEST_HOST = "$(BUNDLE_LOADER)";
				WRAPPER_EXTENSION = xctest;
			};
			name = Debug;
		};
		4AA74F4418EBF8C6004D13C7 /* Release */ = {
			isa = XCBuildConfiguration;
			buildSettings = {
				BUNDLE_LOADER = "$(BUILT_PRODUCTS_DIR)/DataBinding.app/DataBinding";
				FRAMEWORK_SEARCH_PATHS = (
					"$(SDKROOT)/Developer/Library/Frameworks",
					"$(inherited)",
					"$(DEVELOPER_FRAMEWORKS_DIR)",
				);
				GCC_PRECOMPILE_PREFIX_HEADER = YES;
				GCC_PREFIX_HEADER = "DataBinding/DataBinding-Prefix.pch";
				INFOPLIST_FILE = "DataBindingTests/DataBindingTests-Info.plist";
				PRODUCT_NAME = "$(TARGET_NAME)";
				TEST_HOST = "$(BUNDLE_LOADER)";
				WRAPPER_EXTENSION = xctest;
			};
			name = Release;
		};
/* End XCBuildConfiguration section */

/* Begin XCConfigurationList section */
		4AA74F0518EBF8C5004D13C7 /* Build configuration list for PBXProject "DataBinding" */ = {
			isa = XCConfigurationList;
			buildConfigurations = (
				4AA74F3D18EBF8C6004D13C7 /* Debug */,
				4AA74F3E18EBF8C6004D13C7 /* Release */,
			);
			defaultConfigurationIsVisible = 0;
			defaultConfigurationName = Release;
		};
		4AA74F3F18EBF8C6004D13C7 /* Build configuration list for PBXNativeTarget "DataBinding" */ = {
			isa = XCConfigurationList;
			buildConfigurations = (
				4AA74F4018EBF8C6004D13C7 /* Debug */,
				4AA74F4118EBF8C6004D13C7 /* Release */,
			);
			defaultConfigurationIsVisible = 0;
		};
		4AA74F4218EBF8C6004D13C7 /* Build configuration list for PBXNativeTarget "DataBindingTests" */ = {
			isa = XCConfigurationList;
			buildConfigurations = (
				4AA74F4318EBF8C6004D13C7 /* Debug */,
				4AA74F4418EBF8C6004D13C7 /* Release */,
			);
			defaultConfigurationIsVisible = 0;
		};
/* End XCConfigurationList section */
	};
	rootObject = 4AA74F0218EBF8C5004D13C7 /* Project object */;
}
