// !$*UTF8*$!
{
	archiveVersion = 1;
	classes = {
	};
	objectVersion = 46;
	objects = {

/* Begin PBXBuildFile section */
		4AA74F0E18EBF8C5004D13C7 /* Foundation.framework in Frameworks */ = {isa = PBXBuildFile; fileRef = 4AA74F0D18EBF8C5004D13C7 /* Foundation.framework */; };
		4AA74F1018EBF8C5004D13C7 /* CoreGraphics.framework in Frameworks */ = {isa = PBXBuildFile; fileRef = 4AA74F0F18EBF8C5004D13C7 /* CoreGraphics.framework */; };
		4AA74F1218EBF8C5004D13C7 /* UIKit.framework in Frameworks */ = {isa = PBXBuildFile; fileRef = 4AA74F1118EBF8C5004D13C7 /* UIKit.framework */; };
		4AA74F1818EBF8C5004D13C7 /* InfoPlist.strings in Resources */ = {isa = PBXBuildFile; fileRef = 4AA74F1618EBF8C5004D13C7 /* InfoPlist.strings */; };
		4AA74F1A18EBF8C5004D13C7 /* main.m in Sources */ = {isa = PBXBuildFile; fileRef = 4AA74F1918EBF8C5004D13C7 /* main.m */; };
		4AA74F1E18EBF8C5004D13C7 /* VLAppDelegate.m in Sources */ = {isa = PBXBuildFile; fileRef = 4AA74F1D18EBF8C5004D13C7 /* VLAppDelegate.m */; };
		4AA74F2118EBF8C5004D13C7 /* Main_iPhone.storyboard in Resources */ = {isa = PBXBuildFile; fileRef = 4AA74F1F18EBF8C5004D13C7 /* Main_iPhone.storyboard */; };
		4AA74F2418EBF8C5004D13C7 /* Main_iPad.storyboard in Resources */ = {isa = PBXBuildFile; fileRef = 4AA74F2218EBF8C5004D13C7 /* Main_iPad.storyboard */; };
		4AA74F2718EBF8C5004D13C7 /* VLViewController.m in Sources */ = {isa = PBXBuildFile; fileRef = 4AA74F2618EBF8C5004D13C7 /* VLViewController.m */; };
		4AA74F2918EBF8C5004D13C7 /* Images.xcassets in Resources */ = {isa = PBXBuildFile; fileRef = 4AA74F2818EBF8C5004D13C7 /* Images.xcassets */; };
		4AA74F3018EBF8C6004D13C7 /* XCTest.framework in Frameworks */ = {isa = PBXBuildFile; fileRef = 4AA74F2F18EBF8C6004D13C7 /* XCTest.framework */; };
		4AA74F3118EBF8C6004D13C7 /* Foundation.framework in Frameworks */ = {isa = PBXBuildFile; fileRef = 4AA74F0D18EBF8C5004D13C7 /* Foundation.framework */; };
		4AA74F3218EBF8C6004D13C7 /* UIKit.framework in Frameworks */ = {isa = PBXBuildFile; fileRef = 4AA74F1118EBF8C5004D13C7 /* UIKit.framework */; };
		4AA74F3A18EBF8C6004D13C7 /* InfoPlist.strings in Resources */ = {isa = PBXBuildFile; fileRef = 4AA74F3818EBF8C6004D13C7 /* InfoPlist.strings */; };
		4AA74F3C18EBF8C6004D13C7 /* DataBindingTests.m in Sources */ = {isa = PBXBuildFile; fileRef = 4AA74F3B18EBF8C6004D13C7 /* DataBindingTests.m */; };
		4AA74F4718EC1754004D13C7 /* DejalActivityView.m in Sources */ = {isa = PBXBuildFile; fileRef = 4AA74F4618EC1754004D13C7 /* DejalActivityView.m */; };
		4AA74F4A18EC2068004D13C7 /* VLMultiButtonViewController.m in Sources */ = {isa = PBXBuildFile; fileRef = 4AA74F4918EC2068004D13C7 /* VLMultiButtonViewController.m */; };
		4AA74F4D18EC2128004D13C7 /* WaitOperation.m in Sources */ = {isa = PBXBuildFile; fileRef = 4AA74F4C18EC2128004D13C7 /* WaitOperation.m */; };
		4AA74F5018EC3988004D13C7 /* VLFetchDataViewController.m in Sources */ = {isa = PBXBuildFile; fileRef = 4AA74F4F18EC3988004D13C7 /* VLFetchDataViewController.m */; };
		4AA74F5318EC3ABF004D13C7 /* VLTableViewController.m in Sources */ = {isa = PBXBuildFile; fileRef = 4AA74F5218EC3ABF004D13C7 /* VLTableViewController.m */; };
		4AA74F5618EC3B3A004D13C7 /* UIView+VLPropertyBinding.m in Sources */ = {isa = PBXBuildFile; fileRef = 4AA74F5518EC3B3A004D13C7 /* UIView+VLPropertyBinding.m */; };
		4AA74F5918EC3B6C004D13C7 /* UITableViewCell+contentData.m in Sources */ = {isa = PBXBuildFile; fileRef = 4AA74F5818EC3B6C004D13C7 /* UITableViewCell+contentData.m */; };
		4AA74F5D18EC41F3004D13C7 /* Report.m in Sources */ = {isa = PBXBuildFile; fileRef = 4AA74F5C18EC41F3004D13C7 /* Report.m */; };
		4AA74F6018EC4490004D13C7 /* Reporter.m in Sources */ = {isa = PBXBuildFile; fileRef = 4AA74F5F18EC4490004D13C7 /* Reporter.m */; };
		4AA74F6318EC45B7004D13C7 /* Chapter.m in Sources */ = {isa = PBXBuildFile; fileRef = 4AA74F6218EC45B7004D13C7 /* Chapter.m */; };
		4AA74F6618EC46F1004D13C7 /* UserGroup.m in Sources */ = {isa = PBXBuildFile; fileRef = 4AA74F6518EC46F1004D13C7 /* UserGroup.m */; };
		4AA74F6918EC4735004D13C7 /* User.m in Sources */ = {isa = PBXBuildFile; fileRef = 4AA74F6818EC4735004D13C7 /* User.m */; };
		4AA74F6C18EC4981004D13C7 /* Account.m in Sources */ = {isa = PBXBuildFile; fileRef = 4AA74F6B18EC4981004D13C7 /* Account.m */; };
		4AA74F7118EC4C21004D13C7 /* Jastor.m in Sources */ = {isa = PBXBuildFile; fileRef = 4AA74F6E18EC4C21004D13C7 /* Jastor.m */; };
		4AA74F7218EC4C21004D13C7 /* JastorRuntimeHelper.m in Sources */ = {isa = PBXBuildFile; fileRef = 4AA74F7018EC4C21004D13C7 /* JastorRuntimeHelper.m */; };
		4AA74F7618EC563D004D13C7 /* WebService.m in Sources */ = {isa = PBXBuildFile; fileRef = 4AA74F7518EC563D004D13C7 /* WebService.m */; };
		4AA74F7F18EC5891004D13C7 /* UIImageView+ByName.m in Sources */ = {isa = PBXBuildFile; fileRef = 4AA74F7E18EC5891004D13C7 /* UIImageView+ByName.m */; };
		4AA74FB918EC5CA3004D13C7 /* HTTPResponseProxy.m in Sources */ = {isa = PBXBuildFile; fileRef = 4AA74F8118EC5CA3004D13C7 /* HTTPResponseProxy.m */; };
		4AA74FBA18EC5CA3004D13C7 /* Route.m in Sources */ = {isa = PBXBuildFile; fileRef = 4AA74F8318EC5CA3004D13C7 /* Route.m */; };
		4AA74FBB18EC5CA3004D13C7 /* RouteRequest.m in Sources */ = {isa = PBXBuildFile; fileRef = 4AA74F8518EC5CA3004D13C7 /* RouteRequest.m */; };
		4AA74FBC18EC5CA3004D13C7 /* RouteResponse.m in Sources */ = {isa = PBXBuildFile; fileRef = 4AA74F8718EC5CA3004D13C7 /* RouteResponse.m */; };
		4AA74FBD18EC5CA3004D13C7 /* RoutingConnection.m in Sources */ = {isa = PBXBuildFile; fileRef = 4AA74F8918EC5CA3004D13C7 /* RoutingConnection.m */; };
		4AA74FBE18EC5CA3004D13C7 /* RoutingHTTPServer.m in Sources */ = {isa = PBXBuildFile; fileRef = 4AA74F8B18EC5CA3004D13C7 /* RoutingHTTPServer.m */; };
		4AA74FBF18EC5CA3004D13C7 /* HTTPAuthenticationRequest.m in Sources */ = {isa = PBXBuildFile; fileRef = 4AA74F8E18EC5CA3004D13C7 /* HTTPAuthenticationRequest.m */; };
		4AA74FC018EC5CA3004D13C7 /* HTTPServer.m in Sources */ = {isa = PBXBuildFile; fileRef = 4AA74F9018EC5CA3004D13C7 /* HTTPServer.m */; };
		4AA74FC118EC5CA3004D13C7 /* HTTPConnection.m in Sources */ = {isa = PBXBuildFile; fileRef = 4AA74F9218EC5CA3004D13C7 /* HTTPConnection.m */; };
		4AA74FC218EC5CA3004D13C7 /* HTTPMessage.m in Sources */ = {isa = PBXBuildFile; fileRef = 4AA74F9418EC5CA3004D13C7 /* HTTPMessage.m */; };
		4AA74FC318EC5CA3004D13C7 /* WebSocket.m in Sources */ = {isa = PBXBuildFile; fileRef = 4AA74F9718EC5CA3004D13C7 /* WebSocket.m */; };
		4AA74FC418EC5CA3004D13C7 /* DDData.m in Sources */ = {isa = PBXBuildFile; fileRef = 4AA74F9918EC5CA3004D13C7 /* DDData.m */; };
		4AA74FC518EC5CA3004D13C7 /* DDNumber.m in Sources */ = {isa = PBXBuildFile; fileRef = 4AA74F9B18EC5CA3004D13C7 /* DDNumber.m */; };
		4AA74FC618EC5CA3004D13C7 /* DDRange.m in Sources */ = {isa = PBXBuildFile; fileRef = 4AA74F9D18EC5CA3004D13C7 /* DDRange.m */; };
		4AA74FC718EC5CA3004D13C7 /* HTTPAsyncFileResponse.m in Sources */ = {isa = PBXBuildFile; fileRef = 4AA74F9F18EC5CA3004D13C7 /* HTTPAsyncFileResponse.m */; };
		4AA74FC818EC5CA3004D13C7 /* HTTPDataResponse.m in Sources */ = {isa = PBXBuildFile; fileRef = 4AA74FA118EC5CA3004D13C7 /* HTTPDataResponse.m */; };
		4AA74FC918EC5CA3004D13C7 /* HTTPDynamicFileResponse.m in Sources */ = {isa = PBXBuildFile; fileRef = 4AA74FA318EC5CA3004D13C7 /* HTTPDynamicFileResponse.m */; };
		4AA74FCA18EC5CA3004D13C7 /* HTTPFileResponse.m in Sources */ = {isa = PBXBuildFile; fileRef = 4AA74FA518EC5CA3004D13C7 /* HTTPFileResponse.m */; };
		4AA74FCB18EC5CA3004D13C7 /* HTTPRedirectResponse.m in Sources */ = {isa = PBXBuildFile; fileRef = 4AA74FA718EC5CA3004D13C7 /* HTTPRedirectResponse.m */; };
		4AA74FCC18EC5CA3004D13C7 /* GCDAsyncSocket.m in Sources */ = {isa = PBXBuildFile; fileRef = 4AA74FA918EC5CA3004D13C7 /* GCDAsyncSocket.m */; };
		4AA74FCD18EC5CA3004D13C7 /* DDLog.m in Sources */ = {isa = PBXBuildFile; fileRef = 4AA74FAB18EC5CA3004D13C7 /* DDLog.m */; };
		4AA74FCE18EC5CA3004D13C7 /* DDASLLogger.m in Sources */ = {isa = PBXBuildFile; fileRef = 4AA74FAD18EC5CA3004D13C7 /* DDASLLogger.m */; };
		4AA74FCF18EC5CA3004D13C7 /* DDTTYLogger.m in Sources */ = {isa = PBXBuildFile; fileRef = 4AA74FAF18EC5CA3004D13C7 /* DDTTYLogger.m */; };
		4AA74FD018EC5CA3004D13C7 /* DDFileLogger.m in Sources */ = {isa = PBXBuildFile; fileRef = 4AA74FB118EC5CA3004D13C7 /* DDFileLogger.m */; };
		4AA74FD118EC5CA3004D13C7 /* DDAbstractDatabaseLogger.m in Sources */ = {isa = PBXBuildFile; fileRef = 4AA74FB318EC5CA3004D13C7 /* DDAbstractDatabaseLogger.m */; };
		4AA74FD218EC5CA3004D13C7 /* ContextFilterLogFormatter.m in Sources */ = {isa = PBXBuildFile; fileRef = 4AA74FB518EC5CA3004D13C7 /* ContextFilterLogFormatter.m */; };
		4AA74FD318EC5CA3004D13C7 /* DispatchQueueLogFormatter.m in Sources */ = {isa = PBXBuildFile; fileRef = 4AA74FB718EC5CA3004D13C7 /* DispatchQueueLogFormatter.m */; };
		4AA74FD418EC5CA3004D13C7 /* README.txt in Resources */ = {isa = PBXBuildFile; fileRef = 4AA74FB818EC5CA3004D13C7 /* README.txt */; };
		4AA74FD718EC5CE0004D13C7 /* CFNetwork.framework in Frameworks */ = {isa = PBXBuildFile; fileRef = 4AA74FD618EC5CE0004D13C7 /* CFNetwork.framework */; };
		4AA74FDC18ED4F5D004D13C7 /* Web in Resources */ = {isa = PBXBuildFile; fileRef = 4AA74FDB18ED4F5D004D13C7 /* Web */; };
		4AA74FF118ED55D2004D13C7 /* AFHTTPClient.m in Sources */ = {isa = PBXBuildFile; fileRef = 4AA74FDF18ED55D2004D13C7 /* AFHTTPClient.m */; };
		4AA74FF218ED55D2004D13C7 /* AFHTTPRequestOperation.m in Sources */ = {isa = PBXBuildFile; fileRef = 4AA74FE118ED55D2004D13C7 /* AFHTTPRequestOperation.m */; };
		4AA74FF318ED55D2004D13C7 /* AFImageRequestOperation.m in Sources */ = {isa = PBXBuildFile; fileRef = 4AA74FE318ED55D2004D13C7 /* AFImageRequestOperation.m */; };
		4AA74FF418ED55D2004D13C7 /* AFJSONRequestOperation.m in Sources */ = {isa = PBXBuildFile; fileRef = 4AA74FE518ED55D2004D13C7 /* AFJSONRequestOperation.m */; };
		4AA74FF518ED55D2004D13C7 /* AFNetworkActivityIndicatorManager.m in Sources */ = {isa = PBXBuildFile; fileRef = 4AA74FE718ED55D2004D13C7 /* AFNetworkActivityIndicatorManager.m */; };
		4AA74FF618ED55D2004D13C7 /* AFPropertyListRequestOperation.m in Sources */ = {isa = PBXBuildFile; fileRef = 4AA74FEA18ED55D2004D13C7 /* AFPropertyListRequestOperation.m */; };
		4AA74FF718ED55D2004D13C7 /* AFURLConnectionOperation.m in Sources */ = {isa = PBXBuildFile; fileRef = 4AA74FEC18ED55D2004D13C7 /* AFURLConnectionOperation.m */; };
		4AA74FF818ED55D2004D13C7 /* AFXMLRequestOperation.m in Sources */ = {isa = PBXBuildFile; fileRef = 4AA74FEE18ED55D2004D13C7 /* AFXMLRequestOperation.m */; };
		4AA74FF918ED55D2004D13C7 /* UIImageView+AFNetworking.m in Sources */ = {isa = PBXBuildFile; fileRef = 4AA74FF018ED55D2004D13C7 /* UIImageView+AFNetworking.m */; };
		4AA74FFB18ED61E9004D13C7 /* SystemConfiguration.framework in Frameworks */ = {isa = PBXBuildFile; fileRef = 4AA74FFA18ED61E9004D13C7 /* SystemConfiguration.framework */; };
		4AA74FFD18ED61F3004D13C7 /* Security.framework in Frameworks */ = {isa = PBXBuildFile; fileRef = 4AA74FFC18ED61F3004D13C7 /* Security.framework */; };
		4AA7500018ED904C004D13C7 /* VLCreateUserViewController.m in Sources */ = {isa = PBXBuildFile; fileRef = 4AA74FFF18ED904C004D13C7 /* VLCreateUserViewController.m */; };
/* End PBXBuildFile section */

/* Begin PBXContainerItemProxy section */
		4AA74F3318EBF8C6004D13C7 /* PBXContainerItemProxy */ = {
			isa = PBXContainerItemProxy;
			containerPortal = 4AA74F0218EBF8C5004D13C7 /* Project object */;
			proxyType = 1;
			remoteGlobalIDString = 4AA74F0918EBF8C5004D13C7;
			remoteInfo = DataBinding;
		};
/* End PBXContainerItemProxy section */

/* Begin PBXFileReference section */
		4AA74F0A18EBF8C5004D13C7 /* DataBinding.app */ = {isa = PBXFileReference; explicitFileType = wrapper.application; includeInIndex = 0; path = DataBinding.app; sourceTree = BUILT_PRODUCTS_DIR; };
		4AA74F0D18EBF8C5004D13C7 /* Foundation.framework */ = {isa = PBXFileReference; lastKnownFileType = wrapper.framework; name = Foundation.framework; path = System/Library/Frameworks/Foundation.framework; sourceTree = SDKROOT; };
		4AA74F0F18EBF8C5004D13C7 /* CoreGraphics.framework */ = {isa = PBXFileReference; lastKnownFileType = wrapper.framework; name = CoreGraphics.framework; path = System/Library/Frameworks/CoreGraphics.framework; sourceTree = SDKROOT; };
		4AA74F1118EBF8C5004D13C7 /* UIKit.framework */ = {isa = PBXFileReference; lastKnownFileType = wrapper.framework; name = UIKit.framework; path = System/Library/Frameworks/UIKit.framework; sourceTree = SDKROOT; };
		4AA74F1518EBF8C5004D13C7 /* DataBinding-Info.plist */ = {isa = PBXFileReference; lastKnownFileType = text.plist.xml; path = "DataBinding-Info.plist"; sourceTree = "<group>"; };
		4AA74F1718EBF8C5004D13C7 /* en */ = {isa = PBXFileReference; lastKnownFileType = text.plist.strings; name = en; path = en.lproj/InfoPlist.strings; sourceTree = "<group>"; };
		4AA74F1918EBF8C5004D13C7 /* main.m */ = {isa = PBXFileReference; lastKnownFileType = sourcecode.c.objc; path = main.m; sourceTree = "<group>"; };
		4AA74F1B18EBF8C5004D13C7 /* DataBinding-Prefix.pch */ = {isa = PBXFileReference; lastKnownFileType = sourcecode.c.h; path = "DataBinding-Prefix.pch"; sourceTree = "<group>"; };
		4AA74F1C18EBF8C5004D13C7 /* VLAppDelegate.h */ = {isa = PBXFileReference; lastKnownFileType = sourcecode.c.h; path = VLAppDelegate.h; sourceTree = "<group>"; };
		4AA74F1D18EBF8C5004D13C7 /* VLAppDelegate.m */ = {isa = PBXFileReference; lastKnownFileType = sourcecode.c.objc; path = VLAppDelegate.m; sourceTree = "<group>"; };
		4AA74F2018EBF8C5004D13C7 /* Base */ = {isa = PBXFileReference; lastKnownFileType = file.storyboard; name = Base; path = Base.lproj/Main_iPhone.storyboard; sourceTree = "<group>"; };
		4AA74F2318EBF8C5004D13C7 /* Base */ = {isa = PBXFileReference; lastKnownFileType = file.storyboard; name = Base; path = Base.lproj/Main_iPad.storyboard; sourceTree = "<group>"; };
		4AA74F2518EBF8C5004D13C7 /* VLViewController.h */ = {isa = PBXFileReference; lastKnownFileType = sourcecode.c.h; path = VLViewController.h; sourceTree = "<group>"; };
		4AA74F2618EBF8C5004D13C7 /* VLViewController.m */ = {isa = PBXFileReference; lastKnownFileType = sourcecode.c.objc; path = VLViewController.m; sourceTree = "<group>"; };
		4AA74F2818EBF8C5004D13C7 /* Images.xcassets */ = {isa = PBXFileReference; lastKnownFileType = folder.assetcatalog; path = Images.xcassets; sourceTree = "<group>"; };
		4AA74F2E18EBF8C6004D13C7 /* DataBindingTests.xctest */ = {isa = PBXFileReference; explicitFileType = wrapper.cfbundle; includeInIndex = 0; path = DataBindingTests.xctest; sourceTree = BUILT_PRODUCTS_DIR; };
		4AA74F2F18EBF8C6004D13C7 /* XCTest.framework */ = {isa = PBXFileReference; lastKnownFileType = wrapper.framework; name = XCTest.framework; path = Library/Frameworks/XCTest.framework; sourceTree = DEVELOPER_DIR; };
		4AA74F3718EBF8C6004D13C7 /* DataBindingTests-Info.plist */ = {isa = PBXFileReference; lastKnownFileType = text.plist.xml; path = "DataBindingTests-Info.plist"; sourceTree = "<group>"; };
		4AA74F3918EBF8C6004D13C7 /* en */ = {isa = PBXFileReference; lastKnownFileType = text.plist.strings; name = en; path = en.lproj/InfoPlist.strings; sourceTree = "<group>"; };
		4AA74F3B18EBF8C6004D13C7 /* DataBindingTests.m */ = {isa = PBXFileReference; lastKnownFileType = sourcecode.c.objc; path = DataBindingTests.m; sourceTree = "<group>"; };
		4AA74F4518EC1754004D13C7 /* DejalActivityView.h */ = {isa = PBXFileReference; fileEncoding = 4; lastKnownFileType = sourcecode.c.h; path = DejalActivityView.h; sourceTree = "<group>"; };
		4AA74F4618EC1754004D13C7 /* DejalActivityView.m */ = {isa = PBXFileReference; fileEncoding = 4; lastKnownFileType = sourcecode.c.objc; path = DejalActivityView.m; sourceTree = "<group>"; };
		4AA74F4818EC2068004D13C7 /* VLMultiButtonViewController.h */ = {isa = PBXFileReference; fileEncoding = 4; lastKnownFileType = sourcecode.c.h; path = VLMultiButtonViewController.h; sourceTree = "<group>"; };
		4AA74F4918EC2068004D13C7 /* VLMultiButtonViewController.m */ = {isa = PBXFileReference; fileEncoding = 4; lastKnownFileType = sourcecode.c.objc; path = VLMultiButtonViewController.m; sourceTree = "<group>"; };
		4AA74F4B18EC2128004D13C7 /* WaitOperation.h */ = {isa = PBXFileReference; fileEncoding = 4; lastKnownFileType = sourcecode.c.h; path = WaitOperation.h; sourceTree = "<group>"; };
		4AA74F4C18EC2128004D13C7 /* WaitOperation.m */ = {isa = PBXFileReference; fileEncoding = 4; lastKnownFileType = sourcecode.c.objc; path = WaitOperation.m; sourceTree = "<group>"; };
		4AA74F4E18EC3988004D13C7 /* VLFetchDataViewController.h */ = {isa = PBXFileReference; fileEncoding = 4; lastKnownFileType = sourcecode.c.h; path = VLFetchDataViewController.h; sourceTree = "<group>"; };
		4AA74F4F18EC3988004D13C7 /* VLFetchDataViewController.m */ = {isa = PBXFileReference; fileEncoding = 4; lastKnownFileType = sourcecode.c.objc; path = VLFetchDataViewController.m; sourceTree = "<group>"; };
		4AA74F5118EC3ABF004D13C7 /* VLTableViewController.h */ = {isa = PBXFileReference; fileEncoding = 4; lastKnownFileType = sourcecode.c.h; path = VLTableViewController.h; sourceTree = "<group>"; };
		4AA74F5218EC3ABF004D13C7 /* VLTableViewController.m */ = {isa = PBXFileReference; fileEncoding = 4; lastKnownFileType = sourcecode.c.objc; path = VLTableViewController.m; sourceTree = "<group>"; };
		4AA74F5418EC3B3A004D13C7 /* UIView+VLPropertyBinding.h */ = {isa = PBXFileReference; fileEncoding = 4; lastKnownFileType = sourcecode.c.h; path = "UIView+VLPropertyBinding.h"; sourceTree = "<group>"; };
		4AA74F5518EC3B3A004D13C7 /* UIView+VLPropertyBinding.m */ = {isa = PBXFileReference; fileEncoding = 4; lastKnownFileType = sourcecode.c.objc; path = "UIView+VLPropertyBinding.m"; sourceTree = "<group>"; };
		4AA74F5718EC3B6C004D13C7 /* UITableViewCell+contentData.h */ = {isa = PBXFileReference; fileEncoding = 4; lastKnownFileType = sourcecode.c.h; path = "UITableViewCell+contentData.h"; sourceTree = "<group>"; };
		4AA74F5818EC3B6C004D13C7 /* UITableViewCell+contentData.m */ = {isa = PBXFileReference; fileEncoding = 4; lastKnownFileType = sourcecode.c.objc; path = "UITableViewCell+contentData.m"; sourceTree = "<group>"; };
		4AA74F5B18EC41F3004D13C7 /* Report.h */ = {isa = PBXFileReference; fileEncoding = 4; lastKnownFileType = sourcecode.c.h; path = Report.h; sourceTree = "<group>"; };
		4AA74F5C18EC41F3004D13C7 /* Report.m */ = {isa = PBXFileReference; fileEncoding = 4; lastKnownFileType = sourcecode.c.objc; path = Report.m; sourceTree = "<group>"; };
		4AA74F5E18EC4490004D13C7 /* Reporter.h */ = {isa = PBXFileReference; fileEncoding = 4; lastKnownFileType = sourcecode.c.h; path = Reporter.h; sourceTree = "<group>"; };
		4AA74F5F18EC4490004D13C7 /* Reporter.m */ = {isa = PBXFileReference; fileEncoding = 4; lastKnownFileType = sourcecode.c.objc; path = Reporter.m; sourceTree = "<group>"; };
		4AA74F6118EC45B7004D13C7 /* Chapter.h */ = {isa = PBXFileReference; fileEncoding = 4; lastKnownFileType = sourcecode.c.h; path = Chapter.h; sourceTree = "<group>"; };
		4AA74F6218EC45B7004D13C7 /* Chapter.m */ = {isa = PBXFileReference; fileEncoding = 4; lastKnownFileType = sourcecode.c.objc; path = Chapter.m; sourceTree = "<group>"; };
		4AA74F6418EC46F1004D13C7 /* UserGroup.h */ = {isa = PBXFileReference; fileEncoding = 4; lastKnownFileType = sourcecode.c.h; path = UserGroup.h; sourceTree = "<group>"; };
		4AA74F6518EC46F1004D13C7 /* UserGroup.m */ = {isa = PBXFileReference; fileEncoding = 4; lastKnownFileType = sourcecode.c.objc; path = UserGroup.m; sourceTree = "<group>"; };
		4AA74F6718EC4735004D13C7 /* User.h */ = {isa = PBXFileReference; fileEncoding = 4; lastKnownFileType = sourcecode.c.h; path = User.h; sourceTree = "<group>"; };
		4AA74F6818EC4735004D13C7 /* User.m */ = {isa = PBXFileReference; fileEncoding = 4; lastKnownFileType = sourcecode.c.objc; path = User.m; sourceTree = "<group>"; };
		4AA74F6A18EC4981004D13C7 /* Account.h */ = {isa = PBXFileReference; fileEncoding = 4; lastKnownFileType = sourcecode.c.h; path = Account.h; sourceTree = "<group>"; };
		4AA74F6B18EC4981004D13C7 /* Account.m */ = {isa = PBXFileReference; fileEncoding = 4; lastKnownFileType = sourcecode.c.objc; path = Account.m; sourceTree = "<group>"; };
		4AA74F6D18EC4C21004D13C7 /* Jastor.h */ = {isa = PBXFileReference; fileEncoding = 4; lastKnownFileType = sourcecode.c.h; path = Jastor.h; sourceTree = "<group>"; };
		4AA74F6E18EC4C21004D13C7 /* Jastor.m */ = {isa = PBXFileReference; fileEncoding = 4; lastKnownFileType = sourcecode.c.objc; path = Jastor.m; sourceTree = "<group>"; };
		4AA74F6F18EC4C21004D13C7 /* JastorRuntimeHelper.h */ = {isa = PBXFileReference; fileEncoding = 4; lastKnownFileType = sourcecode.c.h; path = JastorRuntimeHelper.h; sourceTree = "<group>"; };
		4AA74F7018EC4C21004D13C7 /* JastorRuntimeHelper.m */ = {isa = PBXFileReference; fileEncoding = 4; lastKnownFileType = sourcecode.c.objc; path = JastorRuntimeHelper.m; sourceTree = "<group>"; };
		4AA74F7418EC563D004D13C7 /* WebService.h */ = {isa = PBXFileReference; fileEncoding = 4; lastKnownFileType = sourcecode.c.h; path = WebService.h; sourceTree = "<group>"; };
		4AA74F7518EC563D004D13C7 /* WebService.m */ = {isa = PBXFileReference; fileEncoding = 4; lastKnownFileType = sourcecode.c.objc; path = WebService.m; sourceTree = "<group>"; };
		4AA74F7D18EC5891004D13C7 /* UIImageView+ByName.h */ = {isa = PBXFileReference; fileEncoding = 4; lastKnownFileType = sourcecode.c.h; path = "UIImageView+ByName.h"; sourceTree = "<group>"; };
		4AA74F7E18EC5891004D13C7 /* UIImageView+ByName.m */ = {isa = PBXFileReference; fileEncoding = 4; lastKnownFileType = sourcecode.c.objc; path = "UIImageView+ByName.m"; sourceTree = "<group>"; };
		4AA74F8018EC5CA3004D13C7 /* HTTPResponseProxy.h */ = {isa = PBXFileReference; fileEncoding = 4; lastKnownFileType = sourcecode.c.h; name = HTTPResponseProxy.h; path = "../../Videobul iOS/Videobul iOS/HTTPResponseProxy.h"; sourceTree = "<group>"; };
		4AA74F8118EC5CA3004D13C7 /* HTTPResponseProxy.m */ = {isa = PBXFileReference; fileEncoding = 4; lastKnownFileType = sourcecode.c.objc; name = HTTPResponseProxy.m; path = "../../Videobul iOS/Videobul iOS/HTTPResponseProxy.m"; sourceTree = "<group>"; };
		4AA74F8218EC5CA3004D13C7 /* Route.h */ = {isa = PBXFileReference; fileEncoding = 4; lastKnownFileType = sourcecode.c.h; name = Route.h; path = "../../Videobul iOS/Videobul iOS/Route.h"; sourceTree = "<group>"; };
		4AA74F8318EC5CA3004D13C7 /* Route.m */ = {isa = PBXFileReference; fileEncoding = 4; lastKnownFileType = sourcecode.c.objc; name = Route.m; path = "../../Videobul iOS/Videobul iOS/Route.m"; sourceTree = "<group>"; };
		4AA74F8418EC5CA3004D13C7 /* RouteRequest.h */ = {isa = PBXFileReference; fileEncoding = 4; lastKnownFileType = sourcecode.c.h; name = RouteRequest.h; path = "../../Videobul iOS/Videobul iOS/RouteRequest.h"; sourceTree = "<group>"; };
		4AA74F8518EC5CA3004D13C7 /* RouteRequest.m */ = {isa = PBXFileReference; fileEncoding = 4; lastKnownFileType = sourcecode.c.objc; name = RouteRequest.m; path = "../../Videobul iOS/Videobul iOS/RouteRequest.m"; sourceTree = "<group>"; };
		4AA74F8618EC5CA3004D13C7 /* RouteResponse.h */ = {isa = PBXFileReference; fileEncoding = 4; lastKnownFileType = sourcecode.c.h; name = RouteResponse.h; path = "../../Videobul iOS/Videobul iOS/RouteResponse.h"; sourceTree = "<group>"; };
		4AA74F8718EC5CA3004D13C7 /* RouteResponse.m */ = {isa = PBXFileReference; fileEncoding = 4; lastKnownFileType = sourcecode.c.objc; name = RouteResponse.m; path = "../../Videobul iOS/Videobul iOS/RouteResponse.m"; sourceTree = "<group>"; };
		4AA74F8818EC5CA3004D13C7 /* RoutingConnection.h */ = {isa = PBXFileReference; fileEncoding = 4; lastKnownFileType = sourcecode.c.h; name = RoutingConnection.h; path = "../../Videobul iOS/Videobul iOS/RoutingConnection.h"; sourceTree = "<group>"; };
		4AA74F8918EC5CA3004D13C7 /* RoutingConnection.m */ = {isa = PBXFileReference; fileEncoding = 4; lastKnownFileType = sourcecode.c.objc; name = RoutingConnection.m; path = "../../Videobul iOS/Videobul iOS/RoutingConnection.m"; sourceTree = "<group>"; };
		4AA74F8A18EC5CA3004D13C7 /* RoutingHTTPServer.h */ = {isa = PBXFileReference; fileEncoding = 4; lastKnownFileType = sourcecode.c.h; name = RoutingHTTPServer.h; path = "../../Videobul iOS/Videobul iOS/RoutingHTTPServer.h"; sourceTree = "<group>"; };
		4AA74F8B18EC5CA3004D13C7 /* RoutingHTTPServer.m */ = {isa = PBXFileReference; fileEncoding = 4; lastKnownFileType = sourcecode.c.objc; name = RoutingHTTPServer.m; path = "../../Videobul iOS/Videobul iOS/RoutingHTTPServer.m"; sourceTree = "<group>"; };
		4AA74F8C18EC5CA3004D13C7 /* HTTPLogging.h */ = {isa = PBXFileReference; fileEncoding = 4; lastKnownFileType = sourcecode.c.h; name = HTTPLogging.h; path = "../../Videobul iOS/Videobul iOS/HTTPLogging.h"; sourceTree = "<group>"; };
		4AA74F8D18EC5CA3004D13C7 /* HTTPAuthenticationRequest.h */ = {isa = PBXFileReference; fileEncoding = 4; lastKnownFileType = sourcecode.c.h; name = HTTPAuthenticationRequest.h; path = "../../Videobul iOS/Videobul iOS/HTTPAuthenticationRequest.h"; sourceTree = "<group>"; };
		4AA74F8E18EC5CA3004D13C7 /* HTTPAuthenticationRequest.m */ = {isa = PBXFileReference; fileEncoding = 4; lastKnownFileType = sourcecode.c.objc; name = HTTPAuthenticationRequest.m; path = "../../Videobul iOS/Videobul iOS/HTTPAuthenticationRequest.m"; sourceTree = "<group>"; };
		4AA74F8F18EC5CA3004D13C7 /* HTTPServer.h */ = {isa = PBXFileReference; fileEncoding = 4; lastKnownFileType = sourcecode.c.h; name = HTTPServer.h; path = "../../Videobul iOS/Videobul iOS/HTTPServer.h"; sourceTree = "<group>"; };
		4AA74F9018EC5CA3004D13C7 /* HTTPServer.m */ = {isa = PBXFileReference; fileEncoding = 4; lastKnownFileType = sourcecode.c.objc; name = HTTPServer.m; path = "../../Videobul iOS/Videobul iOS/HTTPServer.m"; sourceTree = "<group>"; };
		4AA74F9118EC5CA3004D13C7 /* HTTPConnection.h */ = {isa = PBXFileReference; fileEncoding = 4; lastKnownFileType = sourcecode.c.h; name = HTTPConnection.h; path = "../../Videobul iOS/Videobul iOS/HTTPConnection.h"; sourceTree = "<group>"; };
		4AA74F9218EC5CA3004D13C7 /* HTTPConnection.m */ = {isa = PBXFileReference; fileEncoding = 4; lastKnownFileType = sourcecode.c.objc; name = HTTPConnection.m; path = "../../Videobul iOS/Videobul iOS/HTTPConnection.m"; sourceTree = "<group>"; };
		4AA74F9318EC5CA3004D13C7 /* HTTPMessage.h */ = {isa = PBXFileReference; fileEncoding = 4; lastKnownFileType = sourcecode.c.h; name = HTTPMessage.h; path = "../../Videobul iOS/Videobul iOS/HTTPMessage.h"; sourceTree = "<group>"; };
		4AA74F9418EC5CA3004D13C7 /* HTTPMessage.m */ = {isa = PBXFileReference; fileEncoding = 4; lastKnownFileType = sourcecode.c.objc; name = HTTPMessage.m; path = "../../Videobul iOS/Videobul iOS/HTTPMessage.m"; sourceTree = "<group>"; };
		4AA74F9518EC5CA3004D13C7 /* HTTPResponse.h */ = {isa = PBXFileReference; fileEncoding = 4; lastKnownFileType = sourcecode.c.h; name = HTTPResponse.h; path = "../../Videobul iOS/Videobul iOS/HTTPResponse.h"; sourceTree = "<group>"; };
		4AA74F9618EC5CA3004D13C7 /* WebSocket.h */ = {isa = PBXFileReference; fileEncoding = 4; lastKnownFileType = sourcecode.c.h; name = WebSocket.h; path = "../../Videobul iOS/Videobul iOS/WebSocket.h"; sourceTree = "<group>"; };
		4AA74F9718EC5CA3004D13C7 /* WebSocket.m */ = {isa = PBXFileReference; fileEncoding = 4; lastKnownFileType = sourcecode.c.objc; name = WebSocket.m; path = "../../Videobul iOS/Videobul iOS/WebSocket.m"; sourceTree = "<group>"; };
		4AA74F9818EC5CA3004D13C7 /* DDData.h */ = {isa = PBXFileReference; fileEncoding = 4; lastKnownFileType = sourcecode.c.h; name = DDData.h; path = "../../Videobul iOS/Videobul iOS/DDData.h"; sourceTree = "<group>"; };
		4AA74F9918EC5CA3004D13C7 /* DDData.m */ = {isa = PBXFileReference; fileEncoding = 4; lastKnownFileType = sourcecode.c.objc; name = DDData.m; path = "../../Videobul iOS/Videobul iOS/DDData.m"; sourceTree = "<group>"; };
		4AA74F9A18EC5CA3004D13C7 /* DDNumber.h */ = {isa = PBXFileReference; fileEncoding = 4; lastKnownFileType = sourcecode.c.h; name = DDNumber.h; path = "../../Videobul iOS/Videobul iOS/DDNumber.h"; sourceTree = "<group>"; };
		4AA74F9B18EC5CA3004D13C7 /* DDNumber.m */ = {isa = PBXFileReference; fileEncoding = 4; lastKnownFileType = sourcecode.c.objc; name = DDNumber.m; path = "../../Videobul iOS/Videobul iOS/DDNumber.m"; sourceTree = "<group>"; };
		4AA74F9C18EC5CA3004D13C7 /* DDRange.h */ = {isa = PBXFileReference; fileEncoding = 4; lastKnownFileType = sourcecode.c.h; name = DDRange.h; path = "../../Videobul iOS/Videobul iOS/DDRange.h"; sourceTree = "<group>"; };
		4AA74F9D18EC5CA3004D13C7 /* DDRange.m */ = {isa = PBXFileReference; fileEncoding = 4; lastKnownFileType = sourcecode.c.objc; name = DDRange.m; path = "../../Videobul iOS/Videobul iOS/DDRange.m"; sourceTree = "<group>"; };
		4AA74F9E18EC5CA3004D13C7 /* HTTPAsyncFileResponse.h */ = {isa = PBXFileReference; fileEncoding = 4; lastKnownFileType = sourcecode.c.h; name = HTTPAsyncFileResponse.h; path = "../../Videobul iOS/Videobul iOS/HTTPAsyncFileResponse.h"; sourceTree = "<group>"; };
		4AA74F9F18EC5CA3004D13C7 /* HTTPAsyncFileResponse.m */ = {isa = PBXFileReference; fileEncoding = 4; lastKnownFileType = sourcecode.c.objc; name = HTTPAsyncFileResponse.m; path = "../../Videobul iOS/Videobul iOS/HTTPAsyncFileResponse.m"; sourceTree = "<group>"; };
		4AA74FA018EC5CA3004D13C7 /* HTTPDataResponse.h */ = {isa = PBXFileReference; fileEncoding = 4; lastKnownFileType = sourcecode.c.h; name = HTTPDataResponse.h; path = "../../Videobul iOS/Videobul iOS/HTTPDataResponse.h"; sourceTree = "<group>"; };
		4AA74FA118EC5CA3004D13C7 /* HTTPDataResponse.m */ = {isa = PBXFileReference; fileEncoding = 4; lastKnownFileType = sourcecode.c.objc; name = HTTPDataResponse.m; path = "../../Videobul iOS/Videobul iOS/HTTPDataResponse.m"; sourceTree = "<group>"; };
		4AA74FA218EC5CA3004D13C7 /* HTTPDynamicFileResponse.h */ = {isa = PBXFileReference; fileEncoding = 4; lastKnownFileType = sourcecode.c.h; name = HTTPDynamicFileResponse.h; path = "../../Videobul iOS/Videobul iOS/HTTPDynamicFileResponse.h"; sourceTree = "<group>"; };
		4AA74FA318EC5CA3004D13C7 /* HTTPDynamicFileResponse.m */ = {isa = PBXFileReference; fileEncoding = 4; lastKnownFileType = sourcecode.c.objc; name = HTTPDynamicFileResponse.m; path = "../../Videobul iOS/Videobul iOS/HTTPDynamicFileResponse.m"; sourceTree = "<group>"; };
		4AA74FA418EC5CA3004D13C7 /* HTTPFileResponse.h */ = {isa = PBXFileReference; fileEncoding = 4; lastKnownFileType = sourcecode.c.h; name = HTTPFileResponse.h; path = "../../Videobul iOS/Videobul iOS/HTTPFileResponse.h"; sourceTree = "<group>"; };
		4AA74FA518EC5CA3004D13C7 /* HTTPFileResponse.m */ = {isa = PBXFileReference; fileEncoding = 4; lastKnownFileType = sourcecode.c.objc; name = HTTPFileResponse.m; path = "../../Videobul iOS/Videobul iOS/HTTPFileResponse.m"; sourceTree = "<group>"; };
		4AA74FA618EC5CA3004D13C7 /* HTTPRedirectResponse.h */ = {isa = PBXFileReference; fileEncoding = 4; lastKnownFileType = sourcecode.c.h; name = HTTPRedirectResponse.h; path = "../../Videobul iOS/Videobul iOS/HTTPRedirectResponse.h"; sourceTree = "<group>"; };
		4AA74FA718EC5CA3004D13C7 /* HTTPRedirectResponse.m */ = {isa = PBXFileReference; fileEncoding = 4; lastKnownFileType = sourcecode.c.objc; name = HTTPRedirectResponse.m; path = "../../Videobul iOS/Videobul iOS/HTTPRedirectResponse.m"; sourceTree = "<group>"; };
		4AA74FA818EC5CA3004D13C7 /* GCDAsyncSocket.h */ = {isa = PBXFileReference; fileEncoding = 4; lastKnownFileType = sourcecode.c.h; name = GCDAsyncSocket.h; path = "../../Videobul iOS/Videobul iOS/GCDAsyncSocket.h"; sourceTree = "<group>"; };
		4AA74FA918EC5CA3004D13C7 /* GCDAsyncSocket.m */ = {isa = PBXFileReference; fileEncoding = 4; lastKnownFileType = sourcecode.c.objc; name = GCDAsyncSocket.m; path = "../../Videobul iOS/Videobul iOS/GCDAsyncSocket.m"; sourceTree = "<group>"; };
		4AA74FAA18EC5CA3004D13C7 /* DDLog.h */ = {isa = PBXFileReference; fileEncoding = 4; lastKnownFileType = sourcecode.c.h; name = DDLog.h; path = "../../Videobul iOS/Videobul iOS/DDLog.h"; sourceTree = "<group>"; };
		4AA74FAB18EC5CA3004D13C7 /* DDLog.m */ = {isa = PBXFileReference; fileEncoding = 4; lastKnownFileType = sourcecode.c.objc; name = DDLog.m; path = "../../Videobul iOS/Videobul iOS/DDLog.m"; sourceTree = "<group>"; };
		4AA74FAC18EC5CA3004D13C7 /* DDASLLogger.h */ = {isa = PBXFileReference; fileEncoding = 4; lastKnownFileType = sourcecode.c.h; name = DDASLLogger.h; path = "../../Videobul iOS/Videobul iOS/DDASLLogger.h"; sourceTree = "<group>"; };
		4AA74FAD18EC5CA3004D13C7 /* DDASLLogger.m */ = {isa = PBXFileReference; fileEncoding = 4; lastKnownFileType = sourcecode.c.objc; name = DDASLLogger.m; path = "../../Videobul iOS/Videobul iOS/DDASLLogger.m"; sourceTree = "<group>"; };
		4AA74FAE18EC5CA3004D13C7 /* DDTTYLogger.h */ = {isa = PBXFileReference; fileEncoding = 4; lastKnownFileType = sourcecode.c.h; name = DDTTYLogger.h; path = "../../Videobul iOS/Videobul iOS/DDTTYLogger.h"; sourceTree = "<group>"; };
		4AA74FAF18EC5CA3004D13C7 /* DDTTYLogger.m */ = {isa = PBXFileReference; fileEncoding = 4; lastKnownFileType = sourcecode.c.objc; name = DDTTYLogger.m; path = "../../Videobul iOS/Videobul iOS/DDTTYLogger.m"; sourceTree = "<group>"; };
		4AA74FB018EC5CA3004D13C7 /* DDFileLogger.h */ = {isa = PBXFileReference; fileEncoding = 4; lastKnownFileType = sourcecode.c.h; name = DDFileLogger.h; path = "../../Videobul iOS/Videobul iOS/DDFileLogger.h"; sourceTree = "<group>"; };
		4AA74FB118EC5CA3004D13C7 /* DDFileLogger.m */ = {isa = PBXFileReference; fileEncoding = 4; lastKnownFileType = sourcecode.c.objc; name = DDFileLogger.m; path = "../../Videobul iOS/Videobul iOS/DDFileLogger.m"; sourceTree = "<group>"; };
		4AA74FB218EC5CA3004D13C7 /* DDAbstractDatabaseLogger.h */ = {isa = PBXFileReference; fileEncoding = 4; lastKnownFileType = sourcecode.c.h; name = DDAbstractDatabaseLogger.h; path = "../../Videobul iOS/Videobul iOS/DDAbstractDatabaseLogger.h"; sourceTree = "<group>"; };
		4AA74FB318EC5CA3004D13C7 /* DDAbstractDatabaseLogger.m */ = {isa = PBXFileReference; fileEncoding = 4; lastKnownFileType = sourcecode.c.objc; name = DDAbstractDatabaseLogger.m; path = "../../Videobul iOS/Videobul iOS/DDAbstractDatabaseLogger.m"; sourceTree = "<group>"; };
		4AA74FB418EC5CA3004D13C7 /* ContextFilterLogFormatter.h */ = {isa = PBXFileReference; fileEncoding = 4; lastKnownFileType = sourcecode.c.h; name = ContextFilterLogFormatter.h; path = "../../Videobul iOS/Videobul iOS/ContextFilterLogFormatter.h"; sourceTree = "<group>"; };
		4AA74FB518EC5CA3004D13C7 /* ContextFilterLogFormatter.m */ = {isa = PBXFileReference; fileEncoding = 4; lastKnownFileType = sourcecode.c.objc; name = ContextFilterLogFormatter.m; path = "../../Videobul iOS/Videobul iOS/ContextFilterLogFormatter.m"; sourceTree = "<group>"; };
		4AA74FB618EC5CA3004D13C7 /* DispatchQueueLogFormatter.h */ = {isa = PBXFileReference; fileEncoding = 4; lastKnownFileType = sourcecode.c.h; name = DispatchQueueLogFormatter.h; path = "../../Videobul iOS/Videobul iOS/DispatchQueueLogFormatter.h"; sourceTree = "<group>"; };
		4AA74FB718EC5CA3004D13C7 /* DispatchQueueLogFormatter.m */ = {isa = PBXFileReference; fileEncoding = 4; lastKnownFileType = sourcecode.c.objc; name = DispatchQueueLogFormatter.m; path = "../../Videobul iOS/Videobul iOS/DispatchQueueLogFormatter.m"; sourceTree = "<group>"; };
		4AA74FB818EC5CA3004D13C7 /* README.txt */ = {isa = PBXFileReference; fileEncoding = 4; lastKnownFileType = text; name = README.txt; path = "../../Videobul iOS/Videobul iOS/README.txt"; sourceTree = "<group>"; };
		4AA74FD618EC5CE0004D13C7 /* CFNetwork.framework */ = {isa = PBXFileReference; lastKnownFileType = wrapper.framework; name = CFNetwork.framework; path = System/Library/Frameworks/CFNetwork.framework; sourceTree = SDKROOT; };
		4AA74FDB18ED4F5D004D13C7 /* Web */ = {isa = PBXFileReference; lastKnownFileType = folder; path = Web; sourceTree = SOURCE_ROOT; };
		4AA74FDE18ED55D2004D13C7 /* AFHTTPClient.h */ = {isa = PBXFileReference; fileEncoding = 4; lastKnownFileType = sourcecode.c.h; path = AFHTTPClient.h; sourceTree = "<group>"; };
		4AA74FDF18ED55D2004D13C7 /* AFHTTPClient.m */ = {isa = PBXFileReference; fileEncoding = 4; lastKnownFileType = sourcecode.c.objc; path = AFHTTPClient.m; sourceTree = "<group>"; };
		4AA74FE018ED55D2004D13C7 /* AFHTTPRequestOperation.h */ = {isa = PBXFileReference; fileEncoding = 4; lastKnownFileType = sourcecode.c.h; path = AFHTTPRequestOperation.h; sourceTree = "<group>"; };
		4AA74FE118ED55D2004D13C7 /* AFHTTPRequestOperation.m */ = {isa = PBXFileReference; fileEncoding = 4; lastKnownFileType = sourcecode.c.objc; path = AFHTTPRequestOperation.m; sourceTree = "<group>"; };
		4AA74FE218ED55D2004D13C7 /* AFImageRequestOperation.h */ = {isa = PBXFileReference; fileEncoding = 4; lastKnownFileType = sourcecode.c.h; path = AFImageRequestOperation.h; sourceTree = "<group>"; };
		4AA74FE318ED55D2004D13C7 /* AFImageRequestOperation.m */ = {isa = PBXFileReference; fileEncoding = 4; lastKnownFileType = sourcecode.c.objc; path = AFImageRequestOperation.m; sourceTree = "<group>"; };
		4AA74FE418ED55D2004D13C7 /* AFJSONRequestOperation.h */ = {isa = PBXFileReference; fileEncoding = 4; lastKnownFileType = sourcecode.c.h; path = AFJSONRequestOperation.h; sourceTree = "<group>"; };
		4AA74FE518ED55D2004D13C7 /* AFJSONRequestOperation.m */ = {isa = PBXFileReference; fileEncoding = 4; lastKnownFileType = sourcecode.c.objc; path = AFJSONRequestOperation.m; sourceTree = "<group>"; };
		4AA74FE618ED55D2004D13C7 /* AFNetworkActivityIndicatorManager.h */ = {isa = PBXFileReference; fileEncoding = 4; lastKnownFileType = sourcecode.c.h; path = AFNetworkActivityIndicatorManager.h; sourceTree = "<group>"; };
		4AA74FE718ED55D2004D13C7 /* AFNetworkActivityIndicatorManager.m */ = {isa = PBXFileReference; fileEncoding = 4; lastKnownFileType = sourcecode.c.objc; path = AFNetworkActivityIndicatorManager.m; sourceTree = "<group>"; };
		4AA74FE818ED55D2004D13C7 /* AFNetworking.h */ = {isa = PBXFileReference; fileEncoding = 4; lastKnownFileType = sourcecode.c.h; path = AFNetworking.h; sourceTree = "<group>"; };
		4AA74FE918ED55D2004D13C7 /* AFPropertyListRequestOperation.h */ = {isa = PBXFileReference; fileEncoding = 4; lastKnownFileType = sourcecode.c.h; path = AFPropertyListRequestOperation.h; sourceTree = "<group>"; };
		4AA74FEA18ED55D2004D13C7 /* AFPropertyListRequestOperation.m */ = {isa = PBXFileReference; fileEncoding = 4; lastKnownFileType = sourcecode.c.objc; path = AFPropertyListRequestOperation.m; sourceTree = "<group>"; };
		4AA74FEB18ED55D2004D13C7 /* AFURLConnectionOperation.h */ = {isa = PBXFileReference; fileEncoding = 4; lastKnownFileType = sourcecode.c.h; path = AFURLConnectionOperation.h; sourceTree = "<group>"; };
		4AA74FEC18ED55D2004D13C7 /* AFURLConnectionOperation.m */ = {isa = PBXFileReference; fileEncoding = 4; lastKnownFileType = sourcecode.c.objc; path = AFURLConnectionOperation.m; sourceTree = "<group>"; };
		4AA74FED18ED55D2004D13C7 /* AFXMLRequestOperation.h */ = {isa = PBXFileReference; fileEncoding = 4; lastKnownFileType = sourcecode.c.h; path = AFXMLRequestOperation.h; sourceTree = "<group>"; };
		4AA74FEE18ED55D2004D13C7 /* AFXMLRequestOperation.m */ = {isa = PBXFileReference; fileEncoding = 4; lastKnownFileType = sourcecode.c.objc; path = AFXMLRequestOperation.m; sourceTree = "<group>"; };
		4AA74FEF18ED55D2004D13C7 /* UIImageView+AFNetworking.h */ = {isa = PBXFileReference; fileEncoding = 4; lastKnownFileType = sourcecode.c.h; path = "UIImageView+AFNetworking.h"; sourceTree = "<group>"; };
		4AA74FF018ED55D2004D13C7 /* UIImageView+AFNetworking.m */ = {isa = PBXFileReference; fileEncoding = 4; lastKnownFileType = sourcecode.c.objc; path = "UIImageView+AFNetworking.m"; sourceTree = "<group>"; };
		4AA74FFA18ED61E9004D13C7 /* SystemConfiguration.framework */ = {isa = PBXFileReference; lastKnownFileType = wrapper.framework; name = SystemConfiguration.framework; path = System/Library/Frameworks/SystemConfiguration.framework; sourceTree = SDKROOT; };
		4AA74FFC18ED61F3004D13C7 /* Security.framework */ = {isa = PBXFileReference; lastKnownFileType = wrapper.framework; name = Security.framework; path = System/Library/Frameworks/Security.framework; sourceTree = SDKROOT; };
		4AA74FFE18ED904C004D13C7 /* VLCreateUserViewController.h */ = {isa = PBXFileReference; fileEncoding = 4; lastKnownFileType = sourcecode.c.h; path = VLCreateUserViewController.h; sourceTree = "<group>"; };
		4AA74FFF18ED904C004D13C7 /* VLCreateUserViewController.m */ = {isa = PBXFileReference; fileEncoding = 4; lastKnownFileType = sourcecode.c.objc; path = VLCreateUserViewController.m; sourceTree = "<group>"; };
/* End PBXFileReference section */

/* Begin PBXFrameworksBuildPhase section */
		4AA74F0718EBF8C5004D13C7 /* Frameworks */ = {
			isa = PBXFrameworksBuildPhase;
			buildActionMask = 2147483647;
			files = (
				4AA74FFD18ED61F3004D13C7 /* Security.framework in Frameworks */,
				4AA74FFB18ED61E9004D13C7 /* SystemConfiguration.framework in Frameworks */,
				4AA74FD718EC5CE0004D13C7 /* CFNetwork.framework in Frameworks */,
				4AA74F1018EBF8C5004D13C7 /* CoreGraphics.framework in Frameworks */,
				4AA74F1218EBF8C5004D13C7 /* UIKit.framework in Frameworks */,
				4AA74F0E18EBF8C5004D13C7 /* Foundation.framework in Frameworks */,
			);
			runOnlyForDeploymentPostprocessing = 0;
		};
		4AA74F2B18EBF8C6004D13C7 /* Frameworks */ = {
			isa = PBXFrameworksBuildPhase;
			buildActionMask = 2147483647;
			files = (
				4AA74F3018EBF8C6004D13C7 /* XCTest.framework in Frameworks */,
				4AA74F3218EBF8C6004D13C7 /* UIKit.framework in Frameworks */,
				4AA74F3118EBF8C6004D13C7 /* Foundation.framework in Frameworks */,
			);
			runOnlyForDeploymentPostprocessing = 0;
		};
/* End PBXFrameworksBuildPhase section */

/* Begin PBXGroup section */
		4AA74F0118EBF8C5004D13C7 = {
			isa = PBXGroup;
			children = (
				4AA74F1318EBF8C5004D13C7 /* DataBinding */,
				4AA74F3518EBF8C6004D13C7 /* DataBindingTests */,
				4AA74F0C18EBF8C5004D13C7 /* Frameworks */,
				4AA74F0B18EBF8C5004D13C7 /* Products */,
			);
			sourceTree = "<group>";
		};
		4AA74F0B18EBF8C5004D13C7 /* Products */ = {
			isa = PBXGroup;
			children = (
				4AA74F0A18EBF8C5004D13C7 /* DataBinding.app */,
				4AA74F2E18EBF8C6004D13C7 /* DataBindingTests.xctest */,
			);
			name = Products;
			sourceTree = "<group>";
		};
		4AA74F0C18EBF8C5004D13C7 /* Frameworks */ = {
			isa = PBXGroup;
			children = (
				4AA74FFC18ED61F3004D13C7 /* Security.framework */,
				4AA74FFA18ED61E9004D13C7 /* SystemConfiguration.framework */,
				4AA74FD618EC5CE0004D13C7 /* CFNetwork.framework */,
				4AA74F0D18EBF8C5004D13C7 /* Foundation.framework */,
				4AA74F0F18EBF8C5004D13C7 /* CoreGraphics.framework */,
				4AA74F1118EBF8C5004D13C7 /* UIKit.framework */,
				4AA74F2F18EBF8C6004D13C7 /* XCTest.framework */,
			);
			name = Frameworks;
			sourceTree = "<group>";
		};
		4AA74F1318EBF8C5004D13C7 /* DataBinding */ = {
			isa = PBXGroup;
			children = (
				4AA74FDD18ED55BA004D13C7 /* AFNetworking */,
				4AA74FDB18ED4F5D004D13C7 /* Web */,
				4AA74FD518EC5CBE004D13C7 /* HttpServer */,
				4AA74F7318EC4C2A004D13C7 /* Jastor */,
				4AA74F5A18EC4179004D13C7 /* Models */,
				4AA74F5718EC3B6C004D13C7 /* UITableViewCell+contentData.h */,
				4AA74F5818EC3B6C004D13C7 /* UITableViewCell+contentData.m */,
				4AA74F5418EC3B3A004D13C7 /* UIView+VLPropertyBinding.h */,
				4AA74F5518EC3B3A004D13C7 /* UIView+VLPropertyBinding.m */,
				4AA74F7D18EC5891004D13C7 /* UIImageView+ByName.h */,
				4AA74F7E18EC5891004D13C7 /* UIImageView+ByName.m */,
				4AA74F4518EC1754004D13C7 /* DejalActivityView.h */,
				4AA74F4618EC1754004D13C7 /* DejalActivityView.m */,
				4AA74F1C18EBF8C5004D13C7 /* VLAppDelegate.h */,
				4AA74F1D18EBF8C5004D13C7 /* VLAppDelegate.m */,
				4AA74F1F18EBF8C5004D13C7 /* Main_iPhone.storyboard */,
				4AA74F2218EBF8C5004D13C7 /* Main_iPad.storyboard */,
				4AA74F2518EBF8C5004D13C7 /* VLViewController.h */,
				4AA74F2618EBF8C5004D13C7 /* VLViewController.m */,
				4AA74F5118EC3ABF004D13C7 /* VLTableViewController.h */,
				4AA74F5218EC3ABF004D13C7 /* VLTableViewController.m */,
				4AA74F2818EBF8C5004D13C7 /* Images.xcassets */,
				4AA74F1418EBF8C5004D13C7 /* Supporting Files */,
				4AA74F4818EC2068004D13C7 /* VLMultiButtonViewController.h */,
				4AA74F4918EC2068004D13C7 /* VLMultiButtonViewController.m */,
				4AA74F4B18EC2128004D13C7 /* WaitOperation.h */,
				4AA74F4C18EC2128004D13C7 /* WaitOperation.m */,
				4AA74F4E18EC3988004D13C7 /* VLFetchDataViewController.h */,
				4AA74F4F18EC3988004D13C7 /* VLFetchDataViewController.m */,
				4AA74F7418EC563D004D13C7 /* WebService.h */,
				4AA74F7518EC563D004D13C7 /* WebService.m */,
				4AA74FFE18ED904C004D13C7 /* VLCreateUserViewController.h */,
				4AA74FFF18ED904C004D13C7 /* VLCreateUserViewController.m */,
			);
			path = DataBinding;
			sourceTree = "<group>";
		};
		4AA74F1418EBF8C5004D13C7 /* Supporting Files */ = {
			isa = PBXGroup;
			children = (
				4AA74F1518EBF8C5004D13C7 /* DataBinding-Info.plist */,
				4AA74F1618EBF8C5004D13C7 /* InfoPlist.strings */,
				4AA74F1918EBF8C5004D13C7 /* main.m */,
				4AA74F1B18EBF8C5004D13C7 /* DataBinding-Prefix.pch */,
			);
			name = "Supporting Files";
			sourceTree = "<group>";
		};
		4AA74F3518EBF8C6004D13C7 /* DataBindingTests */ = {
			isa = PBXGroup;
			children = (
				4AA74F3B18EBF8C6004D13C7 /* DataBindingTests.m */,
				4AA74F3618EBF8C6004D13C7 /* Supporting Files */,
			);
			path = DataBindingTests;
			sourceTree = "<group>";
		};
		4AA74F3618EBF8C6004D13C7 /* Supporting Files */ = {
			isa = PBXGroup;
			children = (
				4AA74F3718EBF8C6004D13C7 /* DataBindingTests-Info.plist */,
				4AA74F3818EBF8C6004D13C7 /* InfoPlist.strings */,
			);
			name = "Supporting Files";
			sourceTree = "<group>";
		};
		4AA74F5A18EC4179004D13C7 /* Models */ = {
			isa = PBXGroup;
			children = (
				4AA74F5B18EC41F3004D13C7 /* Report.h */,
				4AA74F5C18EC41F3004D13C7 /* Report.m */,
				4AA74F5E18EC4490004D13C7 /* Reporter.h */,
				4AA74F5F18EC4490004D13C7 /* Reporter.m */,
				4AA74F6118EC45B7004D13C7 /* Chapter.h */,
				4AA74F6218EC45B7004D13C7 /* Chapter.m */,
				4AA74F6418EC46F1004D13C7 /* UserGroup.h */,
				4AA74F6518EC46F1004D13C7 /* UserGroup.m */,
				4AA74F6718EC4735004D13C7 /* User.h */,
				4AA74F6818EC4735004D13C7 /* User.m */,
				4AA74F6A18EC4981004D13C7 /* Account.h */,
				4AA74F6B18EC4981004D13C7 /* Account.m */,
			);
			name = Models;
			sourceTree = "<group>";
		};
		4AA74F7318EC4C2A004D13C7 /* Jastor */ = {
			isa = PBXGroup;
			children = (
				4AA74F6D18EC4C21004D13C7 /* Jastor.h */,
				4AA74F6E18EC4C21004D13C7 /* Jastor.m */,
				4AA74F6F18EC4C21004D13C7 /* JastorRuntimeHelper.h */,
				4AA74F7018EC4C21004D13C7 /* JastorRuntimeHelper.m */,
			);
			name = Jastor;
			sourceTree = "<group>";
		};
		4AA74FD518EC5CBE004D13C7 /* HttpServer */ = {
			isa = PBXGroup;
			children = (
				4AA74F8018EC5CA3004D13C7 /* HTTPResponseProxy.h */,
				4AA74F8118EC5CA3004D13C7 /* HTTPResponseProxy.m */,
				4AA74F8218EC5CA3004D13C7 /* Route.h */,
				4AA74F8318EC5CA3004D13C7 /* Route.m */,
				4AA74F8418EC5CA3004D13C7 /* RouteRequest.h */,
				4AA74F8518EC5CA3004D13C7 /* RouteRequest.m */,
				4AA74F8618EC5CA3004D13C7 /* RouteResponse.h */,
				4AA74F8718EC5CA3004D13C7 /* RouteResponse.m */,
				4AA74F8818EC5CA3004D13C7 /* RoutingConnection.h */,
				4AA74F8918EC5CA3004D13C7 /* RoutingConnection.m */,
				4AA74F8A18EC5CA3004D13C7 /* RoutingHTTPServer.h */,
				4AA74F8B18EC5CA3004D13C7 /* RoutingHTTPServer.m */,
				4AA74F8C18EC5CA3004D13C7 /* HTTPLogging.h */,
				4AA74F8D18EC5CA3004D13C7 /* HTTPAuthenticationRequest.h */,
				4AA74F8E18EC5CA3004D13C7 /* HTTPAuthenticationRequest.m */,
				4AA74F8F18EC5CA3004D13C7 /* HTTPServer.h */,
				4AA74F9018EC5CA3004D13C7 /* HTTPServer.m */,
				4AA74F9118EC5CA3004D13C7 /* HTTPConnection.h */,
				4AA74F9218EC5CA3004D13C7 /* HTTPConnection.m */,
				4AA74F9318EC5CA3004D13C7 /* HTTPMessage.h */,
				4AA74F9418EC5CA3004D13C7 /* HTTPMessage.m */,
				4AA74F9518EC5CA3004D13C7 /* HTTPResponse.h */,
				4AA74F9618EC5CA3004D13C7 /* WebSocket.h */,
				4AA74F9718EC5CA3004D13C7 /* WebSocket.m */,
				4AA74F9818EC5CA3004D13C7 /* DDData.h */,
				4AA74F9918EC5CA3004D13C7 /* DDData.m */,
				4AA74F9A18EC5CA3004D13C7 /* DDNumber.h */,
				4AA74F9B18EC5CA3004D13C7 /* DDNumber.m */,
				4AA74F9C18EC5CA3004D13C7 /* DDRange.h */,
				4AA74F9D18EC5CA3004D13C7 /* DDRange.m */,
				4AA74F9E18EC5CA3004D13C7 /* HTTPAsyncFileResponse.h */,
				4AA74F9F18EC5CA3004D13C7 /* HTTPAsyncFileResponse.m */,
				4AA74FA018EC5CA3004D13C7 /* HTTPDataResponse.h */,
				4AA74FA118EC5CA3004D13C7 /* HTTPDataResponse.m */,
				4AA74FA218EC5CA3004D13C7 /* HTTPDynamicFileResponse.h */,
				4AA74FA318EC5CA3004D13C7 /* HTTPDynamicFileResponse.m */,
				4AA74FA418EC5CA3004D13C7 /* HTTPFileResponse.h */,
				4AA74FA518EC5CA3004D13C7 /* HTTPFileResponse.m */,
				4AA74FA618EC5CA3004D13C7 /* HTTPRedirectResponse.h */,
				4AA74FA718EC5CA3004D13C7 /* HTTPRedirectResponse.m */,
				4AA74FA818EC5CA3004D13C7 /* GCDAsyncSocket.h */,
				4AA74FA918EC5CA3004D13C7 /* GCDAsyncSocket.m */,
				4AA74FAA18EC5CA3004D13C7 /* DDLog.h */,
				4AA74FAB18EC5CA3004D13C7 /* DDLog.m */,
				4AA74FAC18EC5CA3004D13C7 /* DDASLLogger.h */,
				4AA74FAD18EC5CA3004D13C7 /* DDASLLogger.m */,
				4AA74FAE18EC5CA3004D13C7 /* DDTTYLogger.h */,
				4AA74FAF18EC5CA3004D13C7 /* DDTTYLogger.m */,
				4AA74FB018EC5CA3004D13C7 /* DDFileLogger.h */,
				4AA74FB118EC5CA3004D13C7 /* DDFileLogger.m */,
				4AA74FB218EC5CA3004D13C7 /* DDAbstractDatabaseLogger.h */,
				4AA74FB318EC5CA3004D13C7 /* DDAbstractDatabaseLogger.m */,
				4AA74FB418EC5CA3004D13C7 /* ContextFilterLogFormatter.h */,
				4AA74FB518EC5CA3004D13C7 /* ContextFilterLogFormatter.m */,
				4AA74FB618EC5CA3004D13C7 /* DispatchQueueLogFormatter.h */,
				4AA74FB718EC5CA3004D13C7 /* DispatchQueueLogFormatter.m */,
				4AA74FB818EC5CA3004D13C7 /* README.txt */,
			);
			name = HttpServer;
			sourceTree = "<group>";
		};
		4AA74FDD18ED55BA004D13C7 /* AFNetworking */ = {
			isa = PBXGroup;
			children = (
				4AA74FDE18ED55D2004D13C7 /* AFHTTPClient.h */,
				4AA74FDF18ED55D2004D13C7 /* AFHTTPClient.m */,
				4AA74FE018ED55D2004D13C7 /* AFHTTPRequestOperation.h */,
				4AA74FE118ED55D2004D13C7 /* AFHTTPRequestOperation.m */,
				4AA74FE218ED55D2004D13C7 /* AFImageRequestOperation.h */,
				4AA74FE318ED55D2004D13C7 /* AFImageRequestOperation.m */,
				4AA74FE418ED55D2004D13C7 /* AFJSONRequestOperation.h */,
				4AA74FE518ED55D2004D13C7 /* AFJSONRequestOperation.m */,
				4AA74FE618ED55D2004D13C7 /* AFNetworkActivityIndicatorManager.h */,
				4AA74FE718ED55D2004D13C7 /* AFNetworkActivityIndicatorManager.m */,
				4AA74FE818ED55D2004D13C7 /* AFNetworking.h */,
				4AA74FE918ED55D2004D13C7 /* AFPropertyListRequestOperation.h */,
				4AA74FEA18ED55D2004D13C7 /* AFPropertyListRequestOperation.m */,
				4AA74FEB18ED55D2004D13C7 /* AFURLConnectionOperation.h */,
				4AA74FEC18ED55D2004D13C7 /* AFURLConnectionOperation.m */,
				4AA74FED18ED55D2004D13C7 /* AFXMLRequestOperation.h */,
				4AA74FEE18ED55D2004D13C7 /* AFXMLRequestOperation.m */,
				4AA74FEF18ED55D2004D13C7 /* UIImageView+AFNetworking.h */,
				4AA74FF018ED55D2004D13C7 /* UIImageView+AFNetworking.m */,
			);
			name = AFNetworking;
			sourceTree = "<group>";
		};
/* End PBXGroup section */

/* Begin PBXNativeTarget section */
		4AA74F0918EBF8C5004D13C7 /* DataBinding */ = {
			isa = PBXNativeTarget;
			buildConfigurationList = 4AA74F3F18EBF8C6004D13C7 /* Build configuration list for PBXNativeTarget "DataBinding" */;
			buildPhases = (
				4AA74F0618EBF8C5004D13C7 /* Sources */,
				4AA74F0718EBF8C5004D13C7 /* Frameworks */,
				4AA74F0818EBF8C5004D13C7 /* Resources */,
			);
			buildRules = (
			);
			dependencies = (
			);
			name = DataBinding;
			productName = DataBinding;
			productReference = 4AA74F0A18EBF8C5004D13C7 /* DataBinding.app */;
			productType = "com.apple.product-type.application";
		};
		4AA74F2D18EBF8C6004D13C7 /* DataBindingTests */ = {
			isa = PBXNativeTarget;
			buildConfigurationList = 4AA74F4218EBF8C6004D13C7 /* Build configuration list for PBXNativeTarget "DataBindingTests" */;
			buildPhases = (
				4AA74F2A18EBF8C6004D13C7 /* Sources */,
				4AA74F2B18EBF8C6004D13C7 /* Frameworks */,
				4AA74F2C18EBF8C6004D13C7 /* Resources */,
			);
			buildRules = (
			);
			dependencies = (
				4AA74F3418EBF8C6004D13C7 /* PBXTargetDependency */,
			);
			name = DataBindingTests;
			productName = DataBindingTests;
			productReference = 4AA74F2E18EBF8C6004D13C7 /* DataBindingTests.xctest */;
			productType = "com.apple.product-type.bundle.unit-test";
		};
/* End PBXNativeTarget section */

/* Begin PBXProject section */
		4AA74F0218EBF8C5004D13C7 /* Project object */ = {
			isa = PBXProject;
			attributes = {
				CLASSPREFIX = VL;
				LastUpgradeCheck = 0510;
				ORGANIZATIONNAME = Valensas;
				TargetAttributes = {
					4AA74F2D18EBF8C6004D13C7 = {
						TestTargetID = 4AA74F0918EBF8C5004D13C7;
					};
				};
			};
			buildConfigurationList = 4AA74F0518EBF8C5004D13C7 /* Build configuration list for PBXProject "DataBinding" */;
			compatibilityVersion = "Xcode 3.2";
			developmentRegion = English;
			hasScannedForEncodings = 0;
			knownRegions = (
				en,
				Base,
			);
			mainGroup = 4AA74F0118EBF8C5004D13C7;
			productRefGroup = 4AA74F0B18EBF8C5004D13C7 /* Products */;
			projectDirPath = "";
			projectRoot = "";
			targets = (
				4AA74F0918EBF8C5004D13C7 /* DataBinding */,
				4AA74F2D18EBF8C6004D13C7 /* DataBindingTests */,
			);
		};
/* End PBXProject section */

/* Begin PBXResourcesBuildPhase section */
		4AA74F0818EBF8C5004D13C7 /* Resources */ = {
			isa = PBXResourcesBuildPhase;
			buildActionMask = 2147483647;
			files = (
				4AA74F2418EBF8C5004D13C7 /* Main_iPad.storyboard in Resources */,
				4AA74F2918EBF8C5004D13C7 /* Images.xcassets in Resources */,
				4AA74F2118EBF8C5004D13C7 /* Main_iPhone.storyboard in Resources */,
				4AA74FDC18ED4F5D004D13C7 /* Web in Resources */,
				4AA74F1818EBF8C5004D13C7 /* InfoPlist.strings in Resources */,
				4AA74FD418EC5CA3004D13C7 /* README.txt in Resources */,
			);
			runOnlyForDeploymentPostprocessing = 0;
		};
		4AA74F2C18EBF8C6004D13C7 /* Resources */ = {
			isa = PBXResourcesBuildPhase;
			buildActionMask = 2147483647;
			files = (
				4AA74F3A18EBF8C6004D13C7 /* InfoPlist.strings in Resources */,
			);
			runOnlyForDeploymentPostprocessing = 0;
		};
/* End PBXResourcesBuildPhase section */

/* Begin PBXSourcesBuildPhase section */
		4AA74F0618EBF8C5004D13C7 /* Sources */ = {
			isa = PBXSourcesBuildPhase;
			buildActionMask = 2147483647;
			files = (
				4AA74FF718ED55D2004D13C7 /* AFURLConnectionOperation.m in Sources */,
				4AA74FCD18EC5CA3004D13C7 /* DDLog.m in Sources */,
				4AA74FBB18EC5CA3004D13C7 /* RouteRequest.m in Sources */,
				4AA74F7F18EC5891004D13C7 /* UIImageView+ByName.m in Sources */,
				4AA74FBD18EC5CA3004D13C7 /* RoutingConnection.m in Sources */,
				4AA74FC518EC5CA3004D13C7 /* DDNumber.m in Sources */,
				4AA74FF118ED55D2004D13C7 /* AFHTTPClient.m in Sources */,
				4AA74F6018EC4490004D13C7 /* Reporter.m in Sources */,
				4AA74F6C18EC4981004D13C7 /* Account.m in Sources */,
				4AA74FF618ED55D2004D13C7 /* AFPropertyListRequestOperation.m in Sources */,
				4AA74FF818ED55D2004D13C7 /* AFXMLRequestOperation.m in Sources */,
				4AA74FF518ED55D2004D13C7 /* AFNetworkActivityIndicatorManager.m in Sources */,
				4AA74F5018EC3988004D13C7 /* VLFetchDataViewController.m in Sources */,
				4AA74F7218EC4C21004D13C7 /* JastorRuntimeHelper.m in Sources */,
				4AA74F7618EC563D004D13C7 /* WebService.m in Sources */,
				4AA74FBC18EC5CA3004D13C7 /* RouteResponse.m in Sources */,
				4AA74FF418ED55D2004D13C7 /* AFJSONRequestOperation.m in Sources */,
				4AA74FCC18EC5CA3004D13C7 /* GCDAsyncSocket.m in Sources */,
				4AA74FF218ED55D2004D13C7 /* AFHTTPRequestOperation.m in Sources */,
				4AA74FBF18EC5CA3004D13C7 /* HTTPAuthenticationRequest.m in Sources */,
				4AA74F5918EC3B6C004D13C7 /* UITableViewCell+contentData.m in Sources */,
				4AA74FC218EC5CA3004D13C7 /* HTTPMessage.m in Sources */,
				4AA74FBA18EC5CA3004D13C7 /* Route.m in Sources */,
				4AA74FD318EC5CA3004D13C7 /* DispatchQueueLogFormatter.m in Sources */,
				4AA74F1E18EBF8C5004D13C7 /* VLAppDelegate.m in Sources */,
				4AA74FD118EC5CA3004D13C7 /* DDAbstractDatabaseLogger.m in Sources */,
				4AA74FC918EC5CA3004D13C7 /* HTTPDynamicFileResponse.m in Sources */,
				4AA74FC118EC5CA3004D13C7 /* HTTPConnection.m in Sources */,
				4AA7500018ED904C004D13C7 /* VLCreateUserViewController.m in Sources */,
				4AA74FCF18EC5CA3004D13C7 /* DDTTYLogger.m in Sources */,
				4AA74FD218EC5CA3004D13C7 /* ContextFilterLogFormatter.m in Sources */,
				4AA74FC318EC5CA3004D13C7 /* WebSocket.m in Sources */,
				4AA74FC718EC5CA3004D13C7 /* HTTPAsyncFileResponse.m in Sources */,
				4AA74F2718EBF8C5004D13C7 /* VLViewController.m in Sources */,
				4AA74FF918ED55D2004D13C7 /* UIImageView+AFNetworking.m in Sources */,
				4AA74FD018EC5CA3004D13C7 /* DDFileLogger.m in Sources */,
				4AA74F6918EC4735004D13C7 /* User.m in Sources */,
				4AA74FC618EC5CA3004D13C7 /* DDRange.m in Sources */,
				4AA74F5318EC3ABF004D13C7 /* VLTableViewController.m in Sources */,
				4AA74FC818EC5CA3004D13C7 /* HTTPDataResponse.m in Sources */,
				4AA74F7118EC4C21004D13C7 /* Jastor.m in Sources */,
				4AA74F4718EC1754004D13C7 /* DejalActivityView.m in Sources */,
				4AA74FCA18EC5CA3004D13C7 /* HTTPFileResponse.m in Sources */,
				4AA74FC418EC5CA3004D13C7 /* DDData.m in Sources */,
				4AA74F4A18EC2068004D13C7 /* VLMultiButtonViewController.m in Sources */,
				4AA74FCB18EC5CA3004D13C7 /* HTTPRedirectResponse.m in Sources */,
				4AA74FB918EC5CA3004D13C7 /* HTTPResponseProxy.m in Sources */,
				4AA74F6618EC46F1004D13C7 /* UserGroup.m in Sources */,
				4AA74FCE18EC5CA3004D13C7 /* DDASLLogger.m in Sources */,
				4AA74F5618EC3B3A004D13C7 /* UIView+VLPropertyBinding.m in Sources */,
				4AA74FC018EC5CA3004D13C7 /* HTTPServer.m in Sources */,
				4AA74F5D18EC41F3004D13C7 /* Report.m in Sources */,
				4AA74F4D18EC2128004D13C7 /* WaitOperation.m in Sources */,
				4AA74FF318ED55D2004D13C7 /* AFImageRequestOperation.m in Sources */,
				4AA74FBE18EC5CA3004D13C7 /* RoutingHTTPServer.m in Sources */,
				4AA74F6318EC45B7004D13C7 /* Chapter.m in Sources */,
				4AA74F1A18EBF8C5004D13C7 /* main.m in Sources */,
			);
			runOnlyForDeploymentPostprocessing = 0;
		};
		4AA74F2A18EBF8C6004D13C7 /* Sources */ = {
			isa = PBXSourcesBuildPhase;
			buildActionMask = 2147483647;
			files = (
				4AA74F3C18EBF8C6004D13C7 /* DataBindingTests.m in Sources */,
			);
			runOnlyForDeploymentPostprocessing = 0;
		};
/* End PBXSourcesBuildPhase section */

/* Begin PBXTargetDependency section */
		4AA74F3418EBF8C6004D13C7 /* PBXTargetDependency */ = {
			isa = PBXTargetDependency;
			target = 4AA74F0918EBF8C5004D13C7 /* DataBinding */;
			targetProxy = 4AA74F3318EBF8C6004D13C7 /* PBXContainerItemProxy */;
		};
/* End PBXTargetDependency section */

/* Begin PBXVariantGroup section */
		4AA74F1618EBF8C5004D13C7 /* InfoPlist.strings */ = {
			isa = PBXVariantGroup;
			children = (
				4AA74F1718EBF8C5004D13C7 /* en */,
			);
			name = InfoPlist.strings;
			sourceTree = "<group>";
		};
		4AA74F1F18EBF8C5004D13C7 /* Main_iPhone.storyboard */ = {
			isa = PBXVariantGroup;
			children = (
				4AA74F2018EBF8C5004D13C7 /* Base */,
			);
			name = Main_iPhone.storyboard;
			sourceTree = "<group>";
		};
		4AA74F2218EBF8C5004D13C7 /* Main_iPad.storyboard */ = {
			isa = PBXVariantGroup;
			children = (
				4AA74F2318EBF8C5004D13C7 /* Base */,
			);
			name = Main_iPad.storyboard;
			sourceTree = "<group>";
		};
		4AA74F3818EBF8C6004D13C7 /* InfoPlist.strings */ = {
			isa = PBXVariantGroup;
			children = (
				4AA74F3918EBF8C6004D13C7 /* en */,
			);
			name = InfoPlist.strings;
			sourceTree = "<group>";
		};
/* End PBXVariantGroup section */

/* Begin XCBuildConfiguration section */
		4AA74F3D18EBF8C6004D13C7 /* Debug */ = {
			isa = XCBuildConfiguration;
			buildSettings = {
				ALWAYS_SEARCH_USER_PATHS = NO;
				CLANG_CXX_LANGUAGE_STANDARD = "gnu++0x";
				CLANG_CXX_LIBRARY = "libc++";
				CLANG_ENABLE_MODULES = YES;
				CLANG_ENABLE_OBJC_ARC = YES;
				CLANG_WARN_BOOL_CONVERSION = YES;
				CLANG_WARN_CONSTANT_CONVERSION = YES;
				CLANG_WARN_DIRECT_OBJC_ISA_USAGE = YES_ERROR;
				CLANG_WARN_EMPTY_BODY = YES;
				CLANG_WARN_ENUM_CONVERSION = YES;
				CLANG_WARN_INT_CONVERSION = YES;
				CLANG_WARN_OBJC_ROOT_CLASS = YES_ERROR;
				CLANG_WARN__DUPLICATE_METHOD_MATCH = YES;
				"CODE_SIGN_IDENTITY[sdk=iphoneos*]" = "iPhone Developer";
				COPY_PHASE_STRIP = NO;
				GCC_C_LANGUAGE_STANDARD = gnu99;
				GCC_DYNAMIC_NO_PIC = NO;
				GCC_OPTIMIZATION_LEVEL = 0;
				GCC_PREPROCESSOR_DEFINITIONS = (
					"DEBUG=1",
					"$(inherited)",
				);
				GCC_SYMBOLS_PRIVATE_EXTERN = NO;
				GCC_WARN_64_TO_32_BIT_CONVERSION = YES;
				GCC_WARN_ABOUT_RETURN_TYPE = YES_ERROR;
				GCC_WARN_UNDECLARED_SELECTOR = YES;
				GCC_WARN_UNINITIALIZED_AUTOS = YES_AGGRESSIVE;
				GCC_WARN_UNUSED_FUNCTION = YES;
				GCC_WARN_UNUSED_VARIABLE = YES;
				IPHONEOS_DEPLOYMENT_TARGET = 7.1;
				ONLY_ACTIVE_ARCH = YES;
				SDKROOT = iphoneos;
				TARGETED_DEVICE_FAMILY = "1,2";
			};
			name = Debug;
		};
		4AA74F3E18EBF8C6004D13C7 /* Release */ = {
			isa = XCBuildConfiguration;
			buildSettings = {
				ALWAYS_SEARCH_USER_PATHS = NO;
				CLANG_CXX_LANGUAGE_STANDARD = "gnu++0x";
				CLANG_CXX_LIBRARY = "libc++";
				CLANG_ENABLE_MODULES = YES;
				CLANG_ENABLE_OBJC_ARC = YES;
				CLANG_WARN_BOOL_CONVERSION = YES;
				CLANG_WARN_CONSTANT_CONVERSION = YES;
				CLANG_WARN_DIRECT_OBJC_ISA_USAGE = YES_ERROR;
				CLANG_WARN_EMPTY_BODY = YES;
				CLANG_WARN_ENUM_CONVERSION = YES;
				CLANG_WARN_INT_CONVERSION = YES;
				CLANG_WARN_OBJC_ROOT_CLASS = YES_ERROR;
				CLANG_WARN__DUPLICATE_METHOD_MATCH = YES;
				"CODE_SIGN_IDENTITY[sdk=iphoneos*]" = "iPhone Developer";
				COPY_PHASE_STRIP = YES;
				ENABLE_NS_ASSERTIONS = NO;
				GCC_C_LANGUAGE_STANDARD = gnu99;
				GCC_WARN_64_TO_32_BIT_CONVERSION = YES;
				GCC_WARN_ABOUT_RETURN_TYPE = YES_ERROR;
				GCC_WARN_UNDECLARED_SELECTOR = YES;
				GCC_WARN_UNINITIALIZED_AUTOS = YES_AGGRESSIVE;
				GCC_WARN_UNUSED_FUNCTION = YES;
				GCC_WARN_UNUSED_VARIABLE = YES;
				IPHONEOS_DEPLOYMENT_TARGET = 7.1;
				SDKROOT = iphoneos;
				TARGETED_DEVICE_FAMILY = "1,2";
				VALIDATE_PRODUCT = YES;
			};
			name = Release;
		};
		4AA74F4018EBF8C6004D13C7 /* Debug */ = {
			isa = XCBuildConfiguration;
			buildSettings = {
				ASSETCATALOG_COMPILER_APPICON_NAME = AppIcon;
				ASSETCATALOG_COMPILER_LAUNCHIMAGE_NAME = LaunchImage;
				GCC_PRECOMPILE_PREFIX_HEADER = YES;
				GCC_PREFIX_HEADER = "DataBinding/DataBinding-Prefix.pch";
				INFOPLIST_FILE = "DataBinding/DataBinding-Info.plist";
				PRODUCT_NAME = "$(TARGET_NAME)";
				WRAPPER_EXTENSION = app;
			};
			name = Debug;
		};
		4AA74F4118EBF8C6004D13C7 /* Release */ = {
			isa = XCBuildConfiguration;
			buildSettings = {
				ASSETCATALOG_COMPILER_APPICON_NAME = AppIcon;
				ASSETCATALOG_COMPILER_LAUNCHIMAGE_NAME = LaunchImage;
				GCC_PRECOMPILE_PREFIX_HEADER = YES;
				GCC_PREFIX_HEADER = "DataBinding/DataBinding-Prefix.pch";
				INFOPLIST_FILE = "DataBinding/DataBinding-Info.plist";
				PRODUCT_NAME = "$(TARGET_NAME)";
				WRAPPER_EXTENSION = app;
			};
			name = Release;
		};
		4AA74F4318EBF8C6004D13C7 /* Debug */ = {
			isa = XCBuildConfiguration;
			buildSettings = {
				BUNDLE_LOADER = "$(BUILT_PRODUCTS_DIR)/DataBinding.app/DataBinding";
				FRAMEWORK_SEARCH_PATHS = (
					"$(SDKROOT)/Developer/Library/Frameworks",
					"$(inherited)",
					"$(DEVELOPER_FRAMEWORKS_DIR)",
				);
				GCC_PRECOMPILE_PREFIX_HEADER = YES;
				GCC_PREFIX_HEADER = "DataBinding/DataBinding-Prefix.pch";
				GCC_PREPROCESSOR_DEFINITIONS = (
					"DEBUG=1",
					"$(inherited)",
				);
				INFOPLIST_FILE = "DataBindingTests/DataBindingTests-Info.plist";
				PRODUCT_NAME = "$(TARGET_NAME)";
				TEST_HOST = "$(BUNDLE_LOADER)";
				WRAPPER_EXTENSION = xctest;
			};
			name = Debug;
		};
		4AA74F4418EBF8C6004D13C7 /* Release */ = {
			isa = XCBuildConfiguration;
			buildSettings = {
				BUNDLE_LOADER = "$(BUILT_PRODUCTS_DIR)/DataBinding.app/DataBinding";
				FRAMEWORK_SEARCH_PATHS = (
					"$(SDKROOT)/Developer/Library/Frameworks",
					"$(inherited)",
					"$(DEVELOPER_FRAMEWORKS_DIR)",
				);
				GCC_PRECOMPILE_PREFIX_HEADER = YES;
				GCC_PREFIX_HEADER = "DataBinding/DataBinding-Prefix.pch";
				INFOPLIST_FILE = "DataBindingTests/DataBindingTests-Info.plist";
				PRODUCT_NAME = "$(TARGET_NAME)";
				TEST_HOST = "$(BUNDLE_LOADER)";
				WRAPPER_EXTENSION = xctest;
			};
			name = Release;
		};
/* End XCBuildConfiguration section */

/* Begin XCConfigurationList section */
		4AA74F0518EBF8C5004D13C7 /* Build configuration list for PBXProject "DataBinding" */ = {
			isa = XCConfigurationList;
			buildConfigurations = (
				4AA74F3D18EBF8C6004D13C7 /* Debug */,
				4AA74F3E18EBF8C6004D13C7 /* Release */,
			);
			defaultConfigurationIsVisible = 0;
			defaultConfigurationName = Release;
		};
		4AA74F3F18EBF8C6004D13C7 /* Build configuration list for PBXNativeTarget "DataBinding" */ = {
			isa = XCConfigurationList;
			buildConfigurations = (
				4AA74F4018EBF8C6004D13C7 /* Debug */,
				4AA74F4118EBF8C6004D13C7 /* Release */,
			);
			defaultConfigurationIsVisible = 0;
			defaultConfigurationName = Release;
		};
		4AA74F4218EBF8C6004D13C7 /* Build configuration list for PBXNativeTarget "DataBindingTests" */ = {
			isa = XCConfigurationList;
			buildConfigurations = (
				4AA74F4318EBF8C6004D13C7 /* Debug */,
				4AA74F4418EBF8C6004D13C7 /* Release */,
			);
			defaultConfigurationIsVisible = 0;
			defaultConfigurationName = Release;
		};
/* End XCConfigurationList section */
	};
	rootObject = 4AA74F0218EBF8C5004D13C7 /* Project object */;
}
